// !$*UTF8*$!
{
	archiveVersion = 1;
	classes = {
	};
	objectVersion = 46;
	objects = {

/* Begin PBXBuildFile section */
		271595B521465EBA00BECC9C /* StringExtensions.swift in Sources */ = {isa = PBXBuildFile; fileRef = 271595B421465EBA00BECC9C /* StringExtensions.swift */; };
		271595B72146AB1F00BECC9C /* InfoPlist.strings in Resources */ = {isa = PBXBuildFile; fileRef = 271595B92146AB1F00BECC9C /* InfoPlist.strings */; };
		27BBB27B21510B9600D72D72 /* LaunchScreen.storyboard in Resources */ = {isa = PBXBuildFile; fileRef = 27BBB27D21510B9600D72D72 /* LaunchScreen.storyboard */; };
		27EDBD18214659800060DB8A /* Main.storyboard in Resources */ = {isa = PBXBuildFile; fileRef = 27EDBD1A214659800060DB8A /* Main.storyboard */; };
		27EDBD2221465D190060DB8A /* Localizable.strings in Resources */ = {isa = PBXBuildFile; fileRef = 27EDBD2421465D190060DB8A /* Localizable.strings */; };
		28F280E3223A3D8C002B3E9A /* GoogleService-Info.plist in Resources */ = {isa = PBXBuildFile; fileRef = 28F280E2223A3D8C002B3E9A /* GoogleService-Info.plist */; };
		55A0F006987479F41A76966C /* Pods_MonitorizareVot.framework in Frameworks */ = {isa = PBXBuildFile; fileRef = 17220BEAAF40F0C9F0CE43ED /* Pods_MonitorizareVot.framework */; };
		64726B5FB8079F4FDA2D91E0 /* Pods_MonitorizareVotUITests.framework in Frameworks */ = {isa = PBXBuildFile; fileRef = DB2E1514E94213D72327CF3C /* Pods_MonitorizareVotUITests.framework */; };
		C79A3041BFF1FED83C00E5F3 /* Pods_MonitorizareVotTests.framework in Frameworks */ = {isa = PBXBuildFile; fileRef = 3827A6E40E14823BEBEB13D9 /* Pods_MonitorizareVotTests.framework */; };
		E739B9731DDD9F280002604C /* QuestionCollectionViewCell.swift in Sources */ = {isa = PBXBuildFile; fileRef = E739B9721DDD9F280002604C /* QuestionCollectionViewCell.swift */; };
		E739B9751DDDA2B80002604C /* QuestionCollectionViewCellConfigurator.swift in Sources */ = {isa = PBXBuildFile; fileRef = E739B9741DDDA2B70002604C /* QuestionCollectionViewCellConfigurator.swift */; };
		E739B9771DDDD8510002604C /* SectieViewController.swift in Sources */ = {isa = PBXBuildFile; fileRef = E739B9761DDDD8510002604C /* SectieViewController.swift */; };
		E73A5B3F1DDDDF7F00E41490 /* CALayerExtensions.swift in Sources */ = {isa = PBXBuildFile; fileRef = E73A5B3E1DDDDF7F00E41490 /* CALayerExtensions.swift */; };
		E73A5B411DDDE55A00E41490 /* PickerViewSelection.swift in Sources */ = {isa = PBXBuildFile; fileRef = E73A5B401DDDE55A00E41490 /* PickerViewSelection.swift */; };
		E74087201DDC8CAE00D9332F /* FormsFetcher.swift in Sources */ = {isa = PBXBuildFile; fileRef = E740871F1DDC8CAE00D9332F /* FormsFetcher.swift */; };
		E74087241DDC90E800D9332F /* AppDelegate.swift in Sources */ = {isa = PBXBuildFile; fileRef = E74087231DDC90E800D9332F /* AppDelegate.swift */; };
		E74087261DDC924F00D9332F /* FormsPersistor.swift in Sources */ = {isa = PBXBuildFile; fileRef = E74087251DDC924F00D9332F /* FormsPersistor.swift */; };
		E74087281DDC92CA00D9332F /* LocalFormsPersistor.swift in Sources */ = {isa = PBXBuildFile; fileRef = E74087271DDC92CA00D9332F /* LocalFormsPersistor.swift */; };
		E740872A1DDC987C00D9332F /* FormFetcher.swift in Sources */ = {isa = PBXBuildFile; fileRef = E74087291DDC987C00D9332F /* FormFetcher.swift */; };
		E740872D1DDCA6E800D9332F /* FormProvider.swift in Sources */ = {isa = PBXBuildFile; fileRef = E740872C1DDCA6E800D9332F /* FormProvider.swift */; };
		E740872F1DDCA70A00D9332F /* MVSection.swift in Sources */ = {isa = PBXBuildFile; fileRef = E740872E1DDCA70A00D9332F /* MVSection.swift */; };
		E74087311DDCA74D00D9332F /* MVQuestion.swift in Sources */ = {isa = PBXBuildFile; fileRef = E74087301DDCA74D00D9332F /* MVQuestion.swift */; };
		E74087331DDCA79000D9332F /* MVAnswer.swift in Sources */ = {isa = PBXBuildFile; fileRef = E74087321DDCA79000D9332F /* MVAnswer.swift */; };
		E74087351DDCA83600D9332F /* LocalFormProvider.swift in Sources */ = {isa = PBXBuildFile; fileRef = E74087341DDCA83600D9332F /* LocalFormProvider.swift */; };
		E74087371DDCA9FA00D9332F /* Form.swift in Sources */ = {isa = PBXBuildFile; fileRef = E74087361DDCA9FA00D9332F /* Form.swift */; };
		E749080F1DDCB8E300878F0A /* PickFormViewController.swift in Sources */ = {isa = PBXBuildFile; fileRef = E749080E1DDCB8E200878F0A /* PickFormViewController.swift */; };
		E74908111DDCBB5800878F0A /* FormViewController.swift in Sources */ = {isa = PBXBuildFile; fileRef = E74908101DDCBB5800878F0A /* FormViewController.swift */; };
		E753C4321DE5FA6800B6B7C9 /* UIButtonExtensions.swift in Sources */ = {isa = PBXBuildFile; fileRef = E753C4311DE5FA6800B6B7C9 /* UIButtonExtensions.swift */; };
		E7702ED01DF966F200B3E1F2 /* ButtonHandler.swift in Sources */ = {isa = PBXBuildFile; fileRef = E7702ECF1DF966F200B3E1F2 /* ButtonHandler.swift */; };
		E7CC39F31DDDFF760010688D /* UINavigationControllerExtensions.swift in Sources */ = {isa = PBXBuildFile; fileRef = E7CC39F21DDDFF760010688D /* UINavigationControllerExtensions.swift */; };
		E7CC39F81DDF25530010688D /* AddNoteViewController.swift in Sources */ = {isa = PBXBuildFile; fileRef = E7CC39F71DDF25530010688D /* AddNoteViewController.swift */; };
		E7CC39FA1DDF255B0010688D /* MVNote.swift in Sources */ = {isa = PBXBuildFile; fileRef = E7CC39F91DDF255B0010688D /* MVNote.swift */; };
		E7CC39FC1DDF2B2E0010688D /* NoteSaver.swift in Sources */ = {isa = PBXBuildFile; fileRef = E7CC39FB1DDF2B2E0010688D /* NoteSaver.swift */; };
		E7CC39FE1DDF2C100010688D /* UIViewControllerExtensions.swift in Sources */ = {isa = PBXBuildFile; fileRef = E7CC39FD1DDF2C100010688D /* UIViewControllerExtensions.swift */; };
		E7CC3A001DDF30AF0010688D /* MVUITextView.swift in Sources */ = {isa = PBXBuildFile; fileRef = E7CC39FF1DDF30AF0010688D /* MVUITextView.swift */; };
		E7D5CC101DE32B7600393FFF /* AnsweredQuestionSaver.swift in Sources */ = {isa = PBXBuildFile; fileRef = E7D5CC0F1DE32B7600393FFF /* AnsweredQuestionSaver.swift */; };
		E7DC77541DF772940020FA96 /* SectionSaver.swift in Sources */ = {isa = PBXBuildFile; fileRef = E7DC77531DF772940020FA96 /* SectionSaver.swift */; };
		E7DEDFFA1DE0BBF200CD8371 /* AnsweredQuestion.swift in Sources */ = {isa = PBXBuildFile; fileRef = E7DEDFF91DE0BBF200CD8371 /* AnsweredQuestion.swift */; };
		E7E1F2BC1DDB4FCE00CE52FC /* LoginViewController.swift in Sources */ = {isa = PBXBuildFile; fileRef = E7E1F2BB1DDB4FCE00CE52FC /* LoginViewController.swift */; };
		E7E1F2C11DDB580B00CE52FC /* LoginAPIRequest.swift in Sources */ = {isa = PBXBuildFile; fileRef = E7E1F2C01DDB580B00CE52FC /* LoginAPIRequest.swift */; };
		E7E1F2C41DDB586800CE52FC /* APIURLs.swift in Sources */ = {isa = PBXBuildFile; fileRef = E7E1F2C31DDB586800CE52FC /* APIURLs.swift */; };
		E7E407561DE076D30021B402 /* ConnectionState.swift in Sources */ = {isa = PBXBuildFile; fileRef = E7E407551DE076D30021B402 /* ConnectionState.swift */; };
		E7E5B80C1DE1D33F00A05E56 /* QuestionBodyTableViewCell.swift in Sources */ = {isa = PBXBuildFile; fileRef = E7E5B80A1DE1D33F00A05E56 /* QuestionBodyTableViewCell.swift */; };
		E7E5B80D1DE1D33F00A05E56 /* QuestionBodyTableViewCell.xib in Resources */ = {isa = PBXBuildFile; fileRef = E7E5B80B1DE1D33F00A05E56 /* QuestionBodyTableViewCell.xib */; };
		E7E8EB491DDB63E1009EBE01 /* SectionInformationsViewController.swift in Sources */ = {isa = PBXBuildFile; fileRef = E7E8EB481DDB63E1009EBE01 /* SectionInformationsViewController.swift */; };
		E7E8EB4B1DDB7344009EBE01 /* MVColors.swift in Sources */ = {isa = PBXBuildFile; fileRef = E7E8EB4A1DDB7344009EBE01 /* MVColors.swift */; };
		E7E8EB4D1DDB7C8F009EBE01 /* MVSectionInfo.swift in Sources */ = {isa = PBXBuildFile; fileRef = E7E8EB4C1DDB7C8F009EBE01 /* MVSectionInfo.swift */; };
		E7EB673F1DE5F03A00260CC1 /* RootViewController.swift in Sources */ = {isa = PBXBuildFile; fileRef = E7EB673E1DE5F03A00260CC1 /* RootViewController.swift */; };
		E7FEC2BE1DE09E6300F2F04D /* BasicAnswerTableViewCell.swift in Sources */ = {isa = PBXBuildFile; fileRef = E7FEC2BC1DE09E6300F2F04D /* BasicAnswerTableViewCell.swift */; };
		E7FEC2BF1DE09E6300F2F04D /* BasicAnswerTableViewCell.xib in Resources */ = {isa = PBXBuildFile; fileRef = E7FEC2BD1DE09E6300F2F04D /* BasicAnswerTableViewCell.xib */; };
		E7FEC2C11DE09E7000F2F04D /* BasicAnswerTableViewCellConfigurator.swift in Sources */ = {isa = PBXBuildFile; fileRef = E7FEC2C01DE09E7000F2F04D /* BasicAnswerTableViewCellConfigurator.swift */; };
		E7FEC2C41DE09E8700F2F04D /* AnswerWithTextTableViewCell.swift in Sources */ = {isa = PBXBuildFile; fileRef = E7FEC2C21DE09E8700F2F04D /* AnswerWithTextTableViewCell.swift */; };
		E7FEC2C51DE09E8700F2F04D /* AnswerWithTextTableViewCell.xib in Resources */ = {isa = PBXBuildFile; fileRef = E7FEC2C31DE09E8700F2F04D /* AnswerWithTextTableViewCell.xib */; };
		E7FEC2C71DE09EC500F2F04D /* AnswerWithTextTableViewCellConfigurator.swift in Sources */ = {isa = PBXBuildFile; fileRef = E7FEC2C61DE09EC500F2F04D /* AnswerWithTextTableViewCellConfigurator.swift */; };
		E7FEC2C91DE0A0E300F2F04D /* AnswerTableViewCell.swift in Sources */ = {isa = PBXBuildFile; fileRef = E7FEC2C81DE0A0E300F2F04D /* AnswerTableViewCell.swift */; };
		E7FEC2CB1DE0A11900F2F04D /* AnswerTableViewCellDelegate.swift in Sources */ = {isa = PBXBuildFile; fileRef = E7FEC2CA1DE0A11900F2F04D /* AnswerTableViewCellDelegate.swift */; };
		E7FEC2CE1DE0A3BF00F2F04D /* QuestionViewController.swift in Sources */ = {isa = PBXBuildFile; fileRef = E7FEC2CD1DE0A3BF00F2F04D /* QuestionViewController.swift */; };
		EF13D1571DCF24A800349B43 /* Assets.xcassets in Resources */ = {isa = PBXBuildFile; fileRef = EF13D1561DCF24A800349B43 /* Assets.xcassets */; };
		EF3DC3951DE9DB02006F9D73 /* CoreDataInitialiser.swift in Sources */ = {isa = PBXBuildFile; fileRef = EF3DC3941DE9DB02006F9D73 /* CoreDataInitialiser.swift */; };
		EF4BD3921D9D08DE0042BEC7 /* s.xcdatamodeld in Sources */ = {isa = PBXBuildFile; fileRef = EF4BD3901D9D08DE0042BEC7 /* s.xcdatamodeld */; };
		EF4BD3A21D9D08DE0042BEC7 /* MonitorizareVotTests.m in Sources */ = {isa = PBXBuildFile; fileRef = EF4BD3A11D9D08DE0042BEC7 /* MonitorizareVotTests.m */; };
		EF4BD3AD1D9D08DE0042BEC7 /* MonitorizareVotUITests.m in Sources */ = {isa = PBXBuildFile; fileRef = EF4BD3AC1D9D08DE0042BEC7 /* MonitorizareVotUITests.m */; };
		EF903E351DA25E3100D5BC9C /* Judete.plist in Resources */ = {isa = PBXBuildFile; fileRef = EF903E341DA25E3100D5BC9C /* Judete.plist */; };
		EFB9AD1A1DE9FDE0008C1035 /* DBSyncer.swift in Sources */ = {isa = PBXBuildFile; fileRef = EFB9AD191DE9FDE0008C1035 /* DBSyncer.swift */; };
		EFEC82041DCF25B800610D79 /* QuestionCollectionViewCell.xib in Resources */ = {isa = PBXBuildFile; fileRef = EFEC82021DCF25B800610D79 /* QuestionCollectionViewCell.xib */; };
		F553E3B01DF9C675000D0902 /* NoteContainer.swift in Sources */ = {isa = PBXBuildFile; fileRef = F553E3AF1DF9C675000D0902 /* NoteContainer.swift */; };
		F553E3B91DF9D67A000D0902 /* Note+CoreDataClass.swift in Sources */ = {isa = PBXBuildFile; fileRef = F553E3B11DF9D67A000D0902 /* Note+CoreDataClass.swift */; };
		F553E3BA1DF9D67A000D0902 /* Note+CoreDataProperties.swift in Sources */ = {isa = PBXBuildFile; fileRef = F553E3B21DF9D67A000D0902 /* Note+CoreDataProperties.swift */; };
		F553E3BB1DF9D67A000D0902 /* Question+CoreDataClass.swift in Sources */ = {isa = PBXBuildFile; fileRef = F553E3B31DF9D67A000D0902 /* Question+CoreDataClass.swift */; };
		F553E3BC1DF9D67A000D0902 /* Question+CoreDataProperties.swift in Sources */ = {isa = PBXBuildFile; fileRef = F553E3B41DF9D67A000D0902 /* Question+CoreDataProperties.swift */; };
		F553E3BD1DF9D67A000D0902 /* Answer+CoreDataClass.swift in Sources */ = {isa = PBXBuildFile; fileRef = F553E3B51DF9D67A000D0902 /* Answer+CoreDataClass.swift */; };
		F553E3BE1DF9D67A000D0902 /* Answer+CoreDataProperties.swift in Sources */ = {isa = PBXBuildFile; fileRef = F553E3B61DF9D67A000D0902 /* Answer+CoreDataProperties.swift */; };
		F553E3BF1DF9D67A000D0902 /* SectionInfo+CoreDataClass.swift in Sources */ = {isa = PBXBuildFile; fileRef = F553E3B71DF9D67A000D0902 /* SectionInfo+CoreDataClass.swift */; };
		F553E3C01DF9D67A000D0902 /* SectionInfo+CoreDataProperties.swift in Sources */ = {isa = PBXBuildFile; fileRef = F553E3B81DF9D67A000D0902 /* SectionInfo+CoreDataProperties.swift */; };
/* End PBXBuildFile section */

/* Begin PBXContainerItemProxy section */
		EF4BD39E1D9D08DE0042BEC7 /* PBXContainerItemProxy */ = {
			isa = PBXContainerItemProxy;
			containerPortal = EF4BD3791D9D08DE0042BEC7 /* Project object */;
			proxyType = 1;
			remoteGlobalIDString = EF4BD3801D9D08DE0042BEC7;
			remoteInfo = MonitorizareVot;
		};
		EF4BD3A91D9D08DE0042BEC7 /* PBXContainerItemProxy */ = {
			isa = PBXContainerItemProxy;
			containerPortal = EF4BD3791D9D08DE0042BEC7 /* Project object */;
			proxyType = 1;
			remoteGlobalIDString = EF4BD3801D9D08DE0042BEC7;
			remoteInfo = MonitorizareVot;
		};
/* End PBXContainerItemProxy section */

/* Begin PBXFileReference section */
		17220BEAAF40F0C9F0CE43ED /* Pods_MonitorizareVot.framework */ = {isa = PBXFileReference; explicitFileType = wrapper.framework; includeInIndex = 0; path = Pods_MonitorizareVot.framework; sourceTree = BUILT_PRODUCTS_DIR; };
		271595B421465EBA00BECC9C /* StringExtensions.swift */ = {isa = PBXFileReference; lastKnownFileType = sourcecode.swift; path = StringExtensions.swift; sourceTree = "<group>"; };
		271595B82146AB1F00BECC9C /* en */ = {isa = PBXFileReference; lastKnownFileType = text.plist.strings; name = en; path = en.lproj/InfoPlist.strings; sourceTree = "<group>"; };
		271595BA2146AB2800BECC9C /* ro */ = {isa = PBXFileReference; lastKnownFileType = text.plist.strings; name = ro; path = ro.lproj/InfoPlist.strings; sourceTree = "<group>"; };
		27BBB27C21510B9600D72D72 /* Base */ = {isa = PBXFileReference; lastKnownFileType = file.storyboard; name = Base; path = Base.lproj/LaunchScreen.storyboard; sourceTree = "<group>"; };
		27BBB28821510C6800D72D72 /* ro */ = {isa = PBXFileReference; lastKnownFileType = file.storyboard; name = ro; path = ro.lproj/LaunchScreen.storyboard; sourceTree = "<group>"; };
		27EDBD19214659800060DB8A /* Base */ = {isa = PBXFileReference; lastKnownFileType = file.storyboard; name = Base; path = Base.lproj/Main.storyboard; sourceTree = "<group>"; };
		27EDBD2621465D290060DB8A /* Base */ = {isa = PBXFileReference; lastKnownFileType = text.plist.strings; name = Base; path = Base.lproj/Localizable.strings; sourceTree = "<group>"; };
		27EDBD2821465D480060DB8A /* ro */ = {isa = PBXFileReference; lastKnownFileType = text.plist.strings; name = ro; path = ro.lproj/Localizable.strings; sourceTree = "<group>"; };
		28F280E2223A3D8C002B3E9A /* GoogleService-Info.plist */ = {isa = PBXFileReference; fileEncoding = 4; lastKnownFileType = text.plist.xml; path = "GoogleService-Info.plist"; sourceTree = "<group>"; };
		28F280E4223A3FA7002B3E9A /* README.md */ = {isa = PBXFileReference; lastKnownFileType = net.daringfireball.markdown; path = README.md; sourceTree = "<group>"; };
		2C95EF7A92703E67898E5413 /* Pods-MonitorizareVotTests.release.xcconfig */ = {isa = PBXFileReference; includeInIndex = 1; lastKnownFileType = text.xcconfig; name = "Pods-MonitorizareVotTests.release.xcconfig"; path = "Pods/Target Support Files/Pods-MonitorizareVotTests/Pods-MonitorizareVotTests.release.xcconfig"; sourceTree = "<group>"; };
		3827A6E40E14823BEBEB13D9 /* Pods_MonitorizareVotTests.framework */ = {isa = PBXFileReference; explicitFileType = wrapper.framework; includeInIndex = 0; path = Pods_MonitorizareVotTests.framework; sourceTree = BUILT_PRODUCTS_DIR; };
		6141F9F392CCD91B6DE2B780 /* Pods-MonitorizareVot.release.xcconfig */ = {isa = PBXFileReference; includeInIndex = 1; lastKnownFileType = text.xcconfig; name = "Pods-MonitorizareVot.release.xcconfig"; path = "Pods/Target Support Files/Pods-MonitorizareVot/Pods-MonitorizareVot.release.xcconfig"; sourceTree = "<group>"; };
		626B7494E0E905A8AEF30B00 /* Pods-MonitorizareVotTests.debug.xcconfig */ = {isa = PBXFileReference; includeInIndex = 1; lastKnownFileType = text.xcconfig; name = "Pods-MonitorizareVotTests.debug.xcconfig"; path = "Pods/Target Support Files/Pods-MonitorizareVotTests/Pods-MonitorizareVotTests.debug.xcconfig"; sourceTree = "<group>"; };
		7F4B4D98801626552C357D41 /* Pods-MonitorizareVotUITests.debug.xcconfig */ = {isa = PBXFileReference; includeInIndex = 1; lastKnownFileType = text.xcconfig; name = "Pods-MonitorizareVotUITests.debug.xcconfig"; path = "Pods/Target Support Files/Pods-MonitorizareVotUITests/Pods-MonitorizareVotUITests.debug.xcconfig"; sourceTree = "<group>"; };
		90CF95CA02DCD8E741C5686D /* Pods-MonitorizareVot.debug.xcconfig */ = {isa = PBXFileReference; includeInIndex = 1; lastKnownFileType = text.xcconfig; name = "Pods-MonitorizareVot.debug.xcconfig"; path = "Pods/Target Support Files/Pods-MonitorizareVot/Pods-MonitorizareVot.debug.xcconfig"; sourceTree = "<group>"; };
		DB2E1514E94213D72327CF3C /* Pods_MonitorizareVotUITests.framework */ = {isa = PBXFileReference; explicitFileType = wrapper.framework; includeInIndex = 0; path = Pods_MonitorizareVotUITests.framework; sourceTree = BUILT_PRODUCTS_DIR; };
		E739B9721DDD9F280002604C /* QuestionCollectionViewCell.swift */ = {isa = PBXFileReference; fileEncoding = 4; lastKnownFileType = sourcecode.swift; path = QuestionCollectionViewCell.swift; sourceTree = "<group>"; };
		E739B9741DDDA2B70002604C /* QuestionCollectionViewCellConfigurator.swift */ = {isa = PBXFileReference; fileEncoding = 4; lastKnownFileType = sourcecode.swift; path = QuestionCollectionViewCellConfigurator.swift; sourceTree = "<group>"; };
		E739B9761DDDD8510002604C /* SectieViewController.swift */ = {isa = PBXFileReference; fileEncoding = 4; lastKnownFileType = sourcecode.swift; path = SectieViewController.swift; sourceTree = "<group>"; };
		E73A5B3E1DDDDF7F00E41490 /* CALayerExtensions.swift */ = {isa = PBXFileReference; fileEncoding = 4; lastKnownFileType = sourcecode.swift; path = CALayerExtensions.swift; sourceTree = "<group>"; };
		E73A5B401DDDE55A00E41490 /* PickerViewSelection.swift */ = {isa = PBXFileReference; fileEncoding = 4; lastKnownFileType = sourcecode.swift; path = PickerViewSelection.swift; sourceTree = "<group>"; };
		E740871F1DDC8CAE00D9332F /* FormsFetcher.swift */ = {isa = PBXFileReference; fileEncoding = 4; lastKnownFileType = sourcecode.swift; path = FormsFetcher.swift; sourceTree = "<group>"; };
		E74087231DDC90E800D9332F /* AppDelegate.swift */ = {isa = PBXFileReference; fileEncoding = 4; lastKnownFileType = sourcecode.swift; path = AppDelegate.swift; sourceTree = "<group>"; };
		E74087251DDC924F00D9332F /* FormsPersistor.swift */ = {isa = PBXFileReference; fileEncoding = 4; lastKnownFileType = sourcecode.swift; path = FormsPersistor.swift; sourceTree = "<group>"; };
		E74087271DDC92CA00D9332F /* LocalFormsPersistor.swift */ = {isa = PBXFileReference; fileEncoding = 4; lastKnownFileType = sourcecode.swift; path = LocalFormsPersistor.swift; sourceTree = "<group>"; };
		E74087291DDC987C00D9332F /* FormFetcher.swift */ = {isa = PBXFileReference; fileEncoding = 4; lastKnownFileType = sourcecode.swift; path = FormFetcher.swift; sourceTree = "<group>"; };
		E740872C1DDCA6E800D9332F /* FormProvider.swift */ = {isa = PBXFileReference; fileEncoding = 4; lastKnownFileType = sourcecode.swift; path = FormProvider.swift; sourceTree = "<group>"; };
		E740872E1DDCA70A00D9332F /* MVSection.swift */ = {isa = PBXFileReference; fileEncoding = 4; lastKnownFileType = sourcecode.swift; path = MVSection.swift; sourceTree = "<group>"; };
		E74087301DDCA74D00D9332F /* MVQuestion.swift */ = {isa = PBXFileReference; fileEncoding = 4; lastKnownFileType = sourcecode.swift; path = MVQuestion.swift; sourceTree = "<group>"; };
		E74087321DDCA79000D9332F /* MVAnswer.swift */ = {isa = PBXFileReference; fileEncoding = 4; lastKnownFileType = sourcecode.swift; path = MVAnswer.swift; sourceTree = "<group>"; };
		E74087341DDCA83600D9332F /* LocalFormProvider.swift */ = {isa = PBXFileReference; fileEncoding = 4; lastKnownFileType = sourcecode.swift; path = LocalFormProvider.swift; sourceTree = "<group>"; };
		E74087361DDCA9FA00D9332F /* Form.swift */ = {isa = PBXFileReference; fileEncoding = 4; lastKnownFileType = sourcecode.swift; path = Form.swift; sourceTree = "<group>"; };
		E749080E1DDCB8E200878F0A /* PickFormViewController.swift */ = {isa = PBXFileReference; fileEncoding = 4; lastKnownFileType = sourcecode.swift; path = PickFormViewController.swift; sourceTree = "<group>"; };
		E74908101DDCBB5800878F0A /* FormViewController.swift */ = {isa = PBXFileReference; fileEncoding = 4; lastKnownFileType = sourcecode.swift; path = FormViewController.swift; sourceTree = "<group>"; };
		E753C4311DE5FA6800B6B7C9 /* UIButtonExtensions.swift */ = {isa = PBXFileReference; fileEncoding = 4; lastKnownFileType = sourcecode.swift; path = UIButtonExtensions.swift; sourceTree = "<group>"; };
		E7702ECF1DF966F200B3E1F2 /* ButtonHandler.swift */ = {isa = PBXFileReference; fileEncoding = 4; lastKnownFileType = sourcecode.swift; path = ButtonHandler.swift; sourceTree = "<group>"; };
		E7CC39F21DDDFF760010688D /* UINavigationControllerExtensions.swift */ = {isa = PBXFileReference; fileEncoding = 4; lastKnownFileType = sourcecode.swift; path = UINavigationControllerExtensions.swift; sourceTree = "<group>"; };
		E7CC39F71DDF25530010688D /* AddNoteViewController.swift */ = {isa = PBXFileReference; fileEncoding = 4; lastKnownFileType = sourcecode.swift; path = AddNoteViewController.swift; sourceTree = "<group>"; };
		E7CC39F91DDF255B0010688D /* MVNote.swift */ = {isa = PBXFileReference; fileEncoding = 4; lastKnownFileType = sourcecode.swift; path = MVNote.swift; sourceTree = "<group>"; };
		E7CC39FB1DDF2B2E0010688D /* NoteSaver.swift */ = {isa = PBXFileReference; fileEncoding = 4; lastKnownFileType = sourcecode.swift; path = NoteSaver.swift; sourceTree = "<group>"; };
		E7CC39FD1DDF2C100010688D /* UIViewControllerExtensions.swift */ = {isa = PBXFileReference; fileEncoding = 4; lastKnownFileType = sourcecode.swift; path = UIViewControllerExtensions.swift; sourceTree = "<group>"; };
		E7CC39FF1DDF30AF0010688D /* MVUITextView.swift */ = {isa = PBXFileReference; fileEncoding = 4; lastKnownFileType = sourcecode.swift; path = MVUITextView.swift; sourceTree = "<group>"; };
		E7D5CC0F1DE32B7600393FFF /* AnsweredQuestionSaver.swift */ = {isa = PBXFileReference; fileEncoding = 4; lastKnownFileType = sourcecode.swift; path = AnsweredQuestionSaver.swift; sourceTree = "<group>"; };
		E7DC77531DF772940020FA96 /* SectionSaver.swift */ = {isa = PBXFileReference; fileEncoding = 4; lastKnownFileType = sourcecode.swift; path = SectionSaver.swift; sourceTree = "<group>"; };
		E7DEDFF91DE0BBF200CD8371 /* AnsweredQuestion.swift */ = {isa = PBXFileReference; fileEncoding = 4; lastKnownFileType = sourcecode.swift; path = AnsweredQuestion.swift; sourceTree = "<group>"; };
		E7E1F2BB1DDB4FCE00CE52FC /* LoginViewController.swift */ = {isa = PBXFileReference; fileEncoding = 4; lastKnownFileType = sourcecode.swift; path = LoginViewController.swift; sourceTree = "<group>"; };
		E7E1F2C01DDB580B00CE52FC /* LoginAPIRequest.swift */ = {isa = PBXFileReference; fileEncoding = 4; lastKnownFileType = sourcecode.swift; path = LoginAPIRequest.swift; sourceTree = "<group>"; };
		E7E1F2C31DDB586800CE52FC /* APIURLs.swift */ = {isa = PBXFileReference; fileEncoding = 4; lastKnownFileType = sourcecode.swift; path = APIURLs.swift; sourceTree = "<group>"; };
		E7E407551DE076D30021B402 /* ConnectionState.swift */ = {isa = PBXFileReference; fileEncoding = 4; lastKnownFileType = sourcecode.swift; path = ConnectionState.swift; sourceTree = "<group>"; };
		E7E5B80A1DE1D33F00A05E56 /* QuestionBodyTableViewCell.swift */ = {isa = PBXFileReference; fileEncoding = 4; lastKnownFileType = sourcecode.swift; path = QuestionBodyTableViewCell.swift; sourceTree = "<group>"; };
		E7E5B80B1DE1D33F00A05E56 /* QuestionBodyTableViewCell.xib */ = {isa = PBXFileReference; fileEncoding = 4; lastKnownFileType = file.xib; path = QuestionBodyTableViewCell.xib; sourceTree = "<group>"; };
		E7E8EB481DDB63E1009EBE01 /* SectionInformationsViewController.swift */ = {isa = PBXFileReference; fileEncoding = 4; lastKnownFileType = sourcecode.swift; path = SectionInformationsViewController.swift; sourceTree = "<group>"; };
		E7E8EB4A1DDB7344009EBE01 /* MVColors.swift */ = {isa = PBXFileReference; fileEncoding = 4; lastKnownFileType = sourcecode.swift; path = MVColors.swift; sourceTree = "<group>"; };
		E7E8EB4C1DDB7C8F009EBE01 /* MVSectionInfo.swift */ = {isa = PBXFileReference; fileEncoding = 4; lastKnownFileType = sourcecode.swift; path = MVSectionInfo.swift; sourceTree = "<group>"; };
		E7EB673E1DE5F03A00260CC1 /* RootViewController.swift */ = {isa = PBXFileReference; fileEncoding = 4; lastKnownFileType = sourcecode.swift; path = RootViewController.swift; sourceTree = "<group>"; };
		E7FEC2BC1DE09E6300F2F04D /* BasicAnswerTableViewCell.swift */ = {isa = PBXFileReference; fileEncoding = 4; lastKnownFileType = sourcecode.swift; path = BasicAnswerTableViewCell.swift; sourceTree = "<group>"; };
		E7FEC2BD1DE09E6300F2F04D /* BasicAnswerTableViewCell.xib */ = {isa = PBXFileReference; fileEncoding = 4; lastKnownFileType = file.xib; path = BasicAnswerTableViewCell.xib; sourceTree = "<group>"; };
		E7FEC2C01DE09E7000F2F04D /* BasicAnswerTableViewCellConfigurator.swift */ = {isa = PBXFileReference; fileEncoding = 4; lastKnownFileType = sourcecode.swift; path = BasicAnswerTableViewCellConfigurator.swift; sourceTree = "<group>"; };
		E7FEC2C21DE09E8700F2F04D /* AnswerWithTextTableViewCell.swift */ = {isa = PBXFileReference; fileEncoding = 4; lastKnownFileType = sourcecode.swift; path = AnswerWithTextTableViewCell.swift; sourceTree = "<group>"; };
		E7FEC2C31DE09E8700F2F04D /* AnswerWithTextTableViewCell.xib */ = {isa = PBXFileReference; fileEncoding = 4; lastKnownFileType = file.xib; path = AnswerWithTextTableViewCell.xib; sourceTree = "<group>"; };
		E7FEC2C61DE09EC500F2F04D /* AnswerWithTextTableViewCellConfigurator.swift */ = {isa = PBXFileReference; fileEncoding = 4; lastKnownFileType = sourcecode.swift; path = AnswerWithTextTableViewCellConfigurator.swift; sourceTree = "<group>"; };
		E7FEC2C81DE0A0E300F2F04D /* AnswerTableViewCell.swift */ = {isa = PBXFileReference; fileEncoding = 4; lastKnownFileType = sourcecode.swift; path = AnswerTableViewCell.swift; sourceTree = "<group>"; };
		E7FEC2CA1DE0A11900F2F04D /* AnswerTableViewCellDelegate.swift */ = {isa = PBXFileReference; fileEncoding = 4; lastKnownFileType = sourcecode.swift; path = AnswerTableViewCellDelegate.swift; sourceTree = "<group>"; };
		E7FEC2CD1DE0A3BF00F2F04D /* QuestionViewController.swift */ = {isa = PBXFileReference; fileEncoding = 4; lastKnownFileType = sourcecode.swift; path = QuestionViewController.swift; sourceTree = "<group>"; };
		EF13D1561DCF24A800349B43 /* Assets.xcassets */ = {isa = PBXFileReference; lastKnownFileType = folder.assetcatalog; path = Assets.xcassets; sourceTree = "<group>"; };
		EF3DC3941DE9DB02006F9D73 /* CoreDataInitialiser.swift */ = {isa = PBXFileReference; fileEncoding = 4; lastKnownFileType = sourcecode.swift; path = CoreDataInitialiser.swift; sourceTree = "<group>"; };
		EF4BD3811D9D08DE0042BEC7 /* MonitorizareVot.app */ = {isa = PBXFileReference; explicitFileType = wrapper.application; includeInIndex = 0; path = MonitorizareVot.app; sourceTree = BUILT_PRODUCTS_DIR; };
		EF4BD3911D9D08DE0042BEC7 /* s.xcdatamodel */ = {isa = PBXFileReference; lastKnownFileType = wrapper.xcdatamodel; path = s.xcdatamodel; sourceTree = "<group>"; };
		EF4BD3981D9D08DE0042BEC7 /* Info.plist */ = {isa = PBXFileReference; lastKnownFileType = text.plist.xml; path = Info.plist; sourceTree = "<group>"; };
		EF4BD39D1D9D08DE0042BEC7 /* MonitorizareVotTests.xctest */ = {isa = PBXFileReference; explicitFileType = wrapper.cfbundle; includeInIndex = 0; path = MonitorizareVotTests.xctest; sourceTree = BUILT_PRODUCTS_DIR; };
		EF4BD3A11D9D08DE0042BEC7 /* MonitorizareVotTests.m */ = {isa = PBXFileReference; lastKnownFileType = sourcecode.c.objc; path = MonitorizareVotTests.m; sourceTree = "<group>"; };
		EF4BD3A31D9D08DE0042BEC7 /* Info.plist */ = {isa = PBXFileReference; lastKnownFileType = text.plist.xml; path = Info.plist; sourceTree = "<group>"; };
		EF4BD3A81D9D08DE0042BEC7 /* MonitorizareVotUITests.xctest */ = {isa = PBXFileReference; explicitFileType = wrapper.cfbundle; includeInIndex = 0; path = MonitorizareVotUITests.xctest; sourceTree = BUILT_PRODUCTS_DIR; };
		EF4BD3AC1D9D08DE0042BEC7 /* MonitorizareVotUITests.m */ = {isa = PBXFileReference; lastKnownFileType = sourcecode.c.objc; path = MonitorizareVotUITests.m; sourceTree = "<group>"; };
		EF4BD3AE1D9D08DE0042BEC7 /* Info.plist */ = {isa = PBXFileReference; lastKnownFileType = text.plist.xml; path = Info.plist; sourceTree = "<group>"; };
		EF903E341DA25E3100D5BC9C /* Judete.plist */ = {isa = PBXFileReference; fileEncoding = 4; lastKnownFileType = text.plist.xml; name = Judete.plist; path = Resources/Judete.plist; sourceTree = "<group>"; };
		EFB9AD191DE9FDE0008C1035 /* DBSyncer.swift */ = {isa = PBXFileReference; fileEncoding = 4; lastKnownFileType = sourcecode.swift; path = DBSyncer.swift; sourceTree = "<group>"; };
		EFEC82021DCF25B800610D79 /* QuestionCollectionViewCell.xib */ = {isa = PBXFileReference; fileEncoding = 4; lastKnownFileType = file.xib; path = QuestionCollectionViewCell.xib; sourceTree = "<group>"; };
		F0644FE9EC6A7ABF8A6EE0DC /* Pods-MonitorizareVotUITests.release.xcconfig */ = {isa = PBXFileReference; includeInIndex = 1; lastKnownFileType = text.xcconfig; name = "Pods-MonitorizareVotUITests.release.xcconfig"; path = "Pods/Target Support Files/Pods-MonitorizareVotUITests/Pods-MonitorizareVotUITests.release.xcconfig"; sourceTree = "<group>"; };
		F553E3AF1DF9C675000D0902 /* NoteContainer.swift */ = {isa = PBXFileReference; fileEncoding = 4; lastKnownFileType = sourcecode.swift; path = NoteContainer.swift; sourceTree = "<group>"; };
		F553E3B11DF9D67A000D0902 /* Note+CoreDataClass.swift */ = {isa = PBXFileReference; fileEncoding = 4; lastKnownFileType = sourcecode.swift; path = "Note+CoreDataClass.swift"; sourceTree = "<group>"; };
		F553E3B21DF9D67A000D0902 /* Note+CoreDataProperties.swift */ = {isa = PBXFileReference; fileEncoding = 4; lastKnownFileType = sourcecode.swift; path = "Note+CoreDataProperties.swift"; sourceTree = "<group>"; };
		F553E3B31DF9D67A000D0902 /* Question+CoreDataClass.swift */ = {isa = PBXFileReference; fileEncoding = 4; lastKnownFileType = sourcecode.swift; path = "Question+CoreDataClass.swift"; sourceTree = "<group>"; };
		F553E3B41DF9D67A000D0902 /* Question+CoreDataProperties.swift */ = {isa = PBXFileReference; fileEncoding = 4; lastKnownFileType = sourcecode.swift; path = "Question+CoreDataProperties.swift"; sourceTree = "<group>"; };
		F553E3B51DF9D67A000D0902 /* Answer+CoreDataClass.swift */ = {isa = PBXFileReference; fileEncoding = 4; lastKnownFileType = sourcecode.swift; path = "Answer+CoreDataClass.swift"; sourceTree = "<group>"; };
		F553E3B61DF9D67A000D0902 /* Answer+CoreDataProperties.swift */ = {isa = PBXFileReference; fileEncoding = 4; lastKnownFileType = sourcecode.swift; path = "Answer+CoreDataProperties.swift"; sourceTree = "<group>"; };
		F553E3B71DF9D67A000D0902 /* SectionInfo+CoreDataClass.swift */ = {isa = PBXFileReference; fileEncoding = 4; lastKnownFileType = sourcecode.swift; path = "SectionInfo+CoreDataClass.swift"; sourceTree = "<group>"; };
		F553E3B81DF9D67A000D0902 /* SectionInfo+CoreDataProperties.swift */ = {isa = PBXFileReference; fileEncoding = 4; lastKnownFileType = sourcecode.swift; path = "SectionInfo+CoreDataProperties.swift"; sourceTree = "<group>"; };
/* End PBXFileReference section */

/* Begin PBXFrameworksBuildPhase section */
		EF4BD37E1D9D08DE0042BEC7 /* Frameworks */ = {
			isa = PBXFrameworksBuildPhase;
			buildActionMask = 2147483647;
			files = (
				55A0F006987479F41A76966C /* Pods_MonitorizareVot.framework in Frameworks */,
			);
			runOnlyForDeploymentPostprocessing = 0;
		};
		EF4BD39A1D9D08DE0042BEC7 /* Frameworks */ = {
			isa = PBXFrameworksBuildPhase;
			buildActionMask = 2147483647;
			files = (
				C79A3041BFF1FED83C00E5F3 /* Pods_MonitorizareVotTests.framework in Frameworks */,
			);
			runOnlyForDeploymentPostprocessing = 0;
		};
		EF4BD3A51D9D08DE0042BEC7 /* Frameworks */ = {
			isa = PBXFrameworksBuildPhase;
			buildActionMask = 2147483647;
			files = (
				64726B5FB8079F4FDA2D91E0 /* Pods_MonitorizareVotUITests.framework in Frameworks */,
			);
			runOnlyForDeploymentPostprocessing = 0;
		};
/* End PBXFrameworksBuildPhase section */

/* Begin PBXGroup section */
		0EFC16FC3E4279B722E76656 /* Pods */ = {
			isa = PBXGroup;
			children = (
				90CF95CA02DCD8E741C5686D /* Pods-MonitorizareVot.debug.xcconfig */,
				6141F9F392CCD91B6DE2B780 /* Pods-MonitorizareVot.release.xcconfig */,
				626B7494E0E905A8AEF30B00 /* Pods-MonitorizareVotTests.debug.xcconfig */,
				2C95EF7A92703E67898E5413 /* Pods-MonitorizareVotTests.release.xcconfig */,
				7F4B4D98801626552C357D41 /* Pods-MonitorizareVotUITests.debug.xcconfig */,
				F0644FE9EC6A7ABF8A6EE0DC /* Pods-MonitorizareVotUITests.release.xcconfig */,
			);
			name = Pods;
			sourceTree = "<group>";
		};
		27AEF04421465E2F00B5B3EE /* Extensions */ = {
			isa = PBXGroup;
			children = (
				E753C4311DE5FA6800B6B7C9 /* UIButtonExtensions.swift */,
				E7CC39F21DDDFF760010688D /* UINavigationControllerExtensions.swift */,
				E7CC39FD1DDF2C100010688D /* UIViewControllerExtensions.swift */,
				271595B421465EBA00BECC9C /* StringExtensions.swift */,
			);
			name = Extensions;
			sourceTree = "<group>";
		};
		27EDBD15214658CD0060DB8A /* Localizations */ = {
			isa = PBXGroup;
			children = (
				27EDBD2421465D190060DB8A /* Localizable.strings */,
			);
			name = Localizations;
			sourceTree = "<group>";
		};
		28F280E1223A3D8C002B3E9A /* Config */ = {
			isa = PBXGroup;
			children = (
				28F280E2223A3D8C002B3E9A /* GoogleService-Info.plist */,
				28F280E4223A3FA7002B3E9A /* README.md */,
			);
			path = Config;
			sourceTree = SOURCE_ROOT;
		};
		73D320017882699B296EB213 /* Frameworks */ = {
			isa = PBXGroup;
			children = (
				17220BEAAF40F0C9F0CE43ED /* Pods_MonitorizareVot.framework */,
				3827A6E40E14823BEBEB13D9 /* Pods_MonitorizareVotTests.framework */,
				DB2E1514E94213D72327CF3C /* Pods_MonitorizareVotUITests.framework */,
			);
			name = Frameworks;
			sourceTree = "<group>";
		};
		E74087211DDC8D6000D9332F /* Network */ = {
			isa = PBXGroup;
			children = (
				E7CC39FB1DDF2B2E0010688D /* NoteSaver.swift */,
				E740871F1DDC8CAE00D9332F /* FormsFetcher.swift */,
				E74087291DDC987C00D9332F /* FormFetcher.swift */,
				E7E407551DE076D30021B402 /* ConnectionState.swift */,
				E7D5CC0F1DE32B7600393FFF /* AnsweredQuestionSaver.swift */,
				E7DC77531DF772940020FA96 /* SectionSaver.swift */,
			);
			name = Network;
			sourceTree = "<group>";
		};
		E74087221DDC8D7B00D9332F /* Persistors */ = {
			isa = PBXGroup;
			children = (
				E74087271DDC92CA00D9332F /* LocalFormsPersistor.swift */,
			);
			name = Persistors;
			sourceTree = "<group>";
		};
		E740872B1DDCA63300D9332F /* Form */ = {
			isa = PBXGroup;
			children = (
				E740872C1DDCA6E800D9332F /* FormProvider.swift */,
				E74087361DDCA9FA00D9332F /* Form.swift */,
				E7CC39F91DDF255B0010688D /* MVNote.swift */,
				E740872E1DDCA70A00D9332F /* MVSection.swift */,
				E74087301DDCA74D00D9332F /* MVQuestion.swift */,
				E74087321DDCA79000D9332F /* MVAnswer.swift */,
				E74087341DDCA83600D9332F /* LocalFormProvider.swift */,
				E7DEDFF91DE0BBF200CD8371 /* AnsweredQuestion.swift */,
				E7E8EB4C1DDB7C8F009EBE01 /* MVSectionInfo.swift */,
			);
			name = Form;
			sourceTree = "<group>";
		};
		E7CC39F61DDF253E0010688D /* NoteViewController */ = {
			isa = PBXGroup;
			children = (
				E7CC39FF1DDF30AF0010688D /* MVUITextView.swift */,
				E7CC39F71DDF25530010688D /* AddNoteViewController.swift */,
			);
			name = NoteViewController;
			sourceTree = "<group>";
		};
		E7E1F2BD1DDB57BB00CE52FC /* Protocols */ = {
			isa = PBXGroup;
			children = (
				E74087251DDC924F00D9332F /* FormsPersistor.swift */,
				E7702ECF1DF966F200B3E1F2 /* ButtonHandler.swift */,
			);
			name = Protocols;
			sourceTree = "<group>";
		};
		E7E1F2C21DDB586100CE52FC /* Utils */ = {
			isa = PBXGroup;
			children = (
				E7E1F2C51DDB59C800CE52FC /* API */,
				EFB9AD1B1DEA1039008C1035 /* DBHandlers */,
				E740872B1DDCA63300D9332F /* Form */,
				E74087211DDC8D6000D9332F /* Network */,
				E74087221DDC8D7B00D9332F /* Persistors */,
				E7E8EB4A1DDB7344009EBE01 /* MVColors.swift */,
				E73A5B3E1DDDDF7F00E41490 /* CALayerExtensions.swift */,
				E73A5B401DDDE55A00E41490 /* PickerViewSelection.swift */,
				271595B92146AB1F00BECC9C /* InfoPlist.strings */,
			);
			name = Utils;
			sourceTree = "<group>";
		};
		E7E1F2C51DDB59C800CE52FC /* API */ = {
			isa = PBXGroup;
			children = (
				E7E1F2C31DDB586800CE52FC /* APIURLs.swift */,
			);
			name = API;
			sourceTree = "<group>";
		};
		E7E5B8091DE1D32A00A05E56 /* QuestionBodyCell */ = {
			isa = PBXGroup;
			children = (
				E7E5B80A1DE1D33F00A05E56 /* QuestionBodyTableViewCell.swift */,
				E7E5B80B1DE1D33F00A05E56 /* QuestionBodyTableViewCell.xib */,
			);
			name = QuestionBodyCell;
			sourceTree = "<group>";
		};
		E7EB673D1DE5F02200260CC1 /* RootViewController */ = {
			isa = PBXGroup;
			children = (
				E7EB673E1DE5F03A00260CC1 /* RootViewController.swift */,
			);
			name = RootViewController;
			sourceTree = "<group>";
		};
		E7FEC2B91DE09E2300F2F04D /* AnswerCells */ = {
			isa = PBXGroup;
			children = (
				E7FEC2BB1DE09E3A00F2F04D /* WithText */,
				E7FEC2BA1DE09E3600F2F04D /* Basic */,
				E7FEC2C81DE0A0E300F2F04D /* AnswerTableViewCell.swift */,
				E7FEC2CA1DE0A11900F2F04D /* AnswerTableViewCellDelegate.swift */,
			);
			name = AnswerCells;
			sourceTree = "<group>";
		};
		E7FEC2BA1DE09E3600F2F04D /* Basic */ = {
			isa = PBXGroup;
			children = (
				E7FEC2BC1DE09E6300F2F04D /* BasicAnswerTableViewCell.swift */,
				E7FEC2BD1DE09E6300F2F04D /* BasicAnswerTableViewCell.xib */,
				E7FEC2C01DE09E7000F2F04D /* BasicAnswerTableViewCellConfigurator.swift */,
			);
			name = Basic;
			sourceTree = "<group>";
		};
		E7FEC2BB1DE09E3A00F2F04D /* WithText */ = {
			isa = PBXGroup;
			children = (
				E7FEC2C21DE09E8700F2F04D /* AnswerWithTextTableViewCell.swift */,
				E7FEC2C31DE09E8700F2F04D /* AnswerWithTextTableViewCell.xib */,
				E7FEC2C61DE09EC500F2F04D /* AnswerWithTextTableViewCellConfigurator.swift */,
			);
			name = WithText;
			sourceTree = "<group>";
		};
		E7FEC2CC1DE0A3AF00F2F04D /* QuestionViewController */ = {
			isa = PBXGroup;
			children = (
				E7FEC2CD1DE0A3BF00F2F04D /* QuestionViewController.swift */,
			);
			name = QuestionViewController;
			sourceTree = "<group>";
		};
		EF13D14F1DCF243300349B43 /* SectionInformationsViewController */ = {
			isa = PBXGroup;
			children = (
				E7E8EB481DDB63E1009EBE01 /* SectionInformationsViewController.swift */,
			);
			name = SectionInformationsViewController;
			sourceTree = "<group>";
		};
		EF1D982E1DA1915F00A73FA7 /* QuestionCell */ = {
			isa = PBXGroup;
			children = (
				EFEC82021DCF25B800610D79 /* QuestionCollectionViewCell.xib */,
				E739B9721DDD9F280002604C /* QuestionCollectionViewCell.swift */,
				E739B9741DDDA2B70002604C /* QuestionCollectionViewCellConfigurator.swift */,
			);
			name = QuestionCell;
			sourceTree = "<group>";
		};
		EF4BD3781D9D08DE0042BEC7 = {
			isa = PBXGroup;
			children = (
				EF4BD3831D9D08DE0042BEC7 /* MonitorizareVot */,
				EF4BD3A01D9D08DE0042BEC7 /* MonitorizareVotTests */,
				EF4BD3AB1D9D08DE0042BEC7 /* MonitorizareVotUITests */,
				EF4BD3821D9D08DE0042BEC7 /* Products */,
				0EFC16FC3E4279B722E76656 /* Pods */,
				73D320017882699B296EB213 /* Frameworks */,
			);
			sourceTree = "<group>";
		};
		EF4BD3821D9D08DE0042BEC7 /* Products */ = {
			isa = PBXGroup;
			children = (
				EF4BD3811D9D08DE0042BEC7 /* MonitorizareVot.app */,
				EF4BD39D1D9D08DE0042BEC7 /* MonitorizareVotTests.xctest */,
				EF4BD3A81D9D08DE0042BEC7 /* MonitorizareVotUITests.xctest */,
			);
			name = Products;
			sourceTree = "<group>";
		};
		EF4BD3831D9D08DE0042BEC7 /* MonitorizareVot */ = {
			isa = PBXGroup;
			children = (
				28F280E1223A3D8C002B3E9A /* Config */,
				27AEF04421465E2F00B5B3EE /* Extensions */,
				27EDBD15214658CD0060DB8A /* Localizations */,
				EF4BD3DD1D9E644F0042BEC7 /* AppDelegate */,
				E7E1F2BD1DDB57BB00CE52FC /* Protocols */,
				E7E1F2C21DDB586100CE52FC /* Utils */,
				EF4BD3E21D9E64F30042BEC7 /* CustomViews */,
				EF4BD3DE1D9E64720042BEC7 /* ViewControllers */,
				EF4BD3841D9D08DE0042BEC7 /* Supporting Files */,
				EF903E361DA25E3800D5BC9C /* Resources */,
				27BBB27D21510B9600D72D72 /* LaunchScreen.storyboard */,
				27EDBD1A214659800060DB8A /* Main.storyboard */,
				EF4BD3981D9D08DE0042BEC7 /* Info.plist */,
				EF4BD3901D9D08DE0042BEC7 /* s.xcdatamodeld */,
			);
			path = MonitorizareVot;
			sourceTree = "<group>";
		};
		EF4BD3841D9D08DE0042BEC7 /* Supporting Files */ = {
			isa = PBXGroup;
			children = (
			);
			name = "Supporting Files";
			sourceTree = "<group>";
		};
		EF4BD3A01D9D08DE0042BEC7 /* MonitorizareVotTests */ = {
			isa = PBXGroup;
			children = (
				EF4BD3A11D9D08DE0042BEC7 /* MonitorizareVotTests.m */,
				EF4BD3A31D9D08DE0042BEC7 /* Info.plist */,
			);
			path = MonitorizareVotTests;
			sourceTree = "<group>";
		};
		EF4BD3AB1D9D08DE0042BEC7 /* MonitorizareVotUITests */ = {
			isa = PBXGroup;
			children = (
				EF4BD3AC1D9D08DE0042BEC7 /* MonitorizareVotUITests.m */,
				EF4BD3AE1D9D08DE0042BEC7 /* Info.plist */,
			);
			path = MonitorizareVotUITests;
			sourceTree = "<group>";
		};
		EF4BD3DD1D9E644F0042BEC7 /* AppDelegate */ = {
			isa = PBXGroup;
			children = (
				E74087231DDC90E800D9332F /* AppDelegate.swift */,
			);
			name = AppDelegate;
			sourceTree = "<group>";
		};
		EF4BD3DE1D9E64720042BEC7 /* ViewControllers */ = {
			isa = PBXGroup;
			children = (
				EF4BD3E81D9E7BB10042BEC7 /* LoginViewController */,
				EF4BD3E91D9E7BBC0042BEC7 /* SectieViewController */,
				EF13D14F1DCF243300349B43 /* SectionInformationsViewController */,
				EF4BD3ED1D9E7C6D0042BEC7 /* PickFormViewController */,
				EF4BD3F11D9E82230042BEC7 /* FormViewController */,
				E7EB673D1DE5F02200260CC1 /* RootViewController */,
				E7FEC2CC1DE0A3AF00F2F04D /* QuestionViewController */,
				E7CC39F61DDF253E0010688D /* NoteViewController */,
			);
			name = ViewControllers;
			sourceTree = "<group>";
		};
		EF4BD3E21D9E64F30042BEC7 /* CustomViews */ = {
			isa = PBXGroup;
			children = (
				E7E5B8091DE1D32A00A05E56 /* QuestionBodyCell */,
				E7FEC2B91DE09E2300F2F04D /* AnswerCells */,
				EF1D982E1DA1915F00A73FA7 /* QuestionCell */,
			);
			name = CustomViews;
			sourceTree = "<group>";
		};
		EF4BD3E81D9E7BB10042BEC7 /* LoginViewController */ = {
			isa = PBXGroup;
			children = (
				E7E1F2BB1DDB4FCE00CE52FC /* LoginViewController.swift */,
				E7E1F2C01DDB580B00CE52FC /* LoginAPIRequest.swift */,
			);
			name = LoginViewController;
			sourceTree = "<group>";
		};
		EF4BD3E91D9E7BBC0042BEC7 /* SectieViewController */ = {
			isa = PBXGroup;
			children = (
				E739B9761DDDD8510002604C /* SectieViewController.swift */,
			);
			name = SectieViewController;
			sourceTree = "<group>";
		};
		EF4BD3ED1D9E7C6D0042BEC7 /* PickFormViewController */ = {
			isa = PBXGroup;
			children = (
				E749080E1DDCB8E200878F0A /* PickFormViewController.swift */,
			);
			name = PickFormViewController;
			sourceTree = "<group>";
		};
		EF4BD3F11D9E82230042BEC7 /* FormViewController */ = {
			isa = PBXGroup;
			children = (
				E74908101DDCBB5800878F0A /* FormViewController.swift */,
			);
			name = FormViewController;
			sourceTree = "<group>";
		};
		EF903E361DA25E3800D5BC9C /* Resources */ = {
			isa = PBXGroup;
			children = (
				EF13D1561DCF24A800349B43 /* Assets.xcassets */,
				EF903E341DA25E3100D5BC9C /* Judete.plist */,
			);
			name = Resources;
			sourceTree = "<group>";
		};
		EFB9AD1B1DEA1039008C1035 /* DBHandlers */ = {
			isa = PBXGroup;
			children = (
				F553E3751DF9A54D000D0902 /* Entities */,
				EF3DC3941DE9DB02006F9D73 /* CoreDataInitialiser.swift */,
				EFB9AD191DE9FDE0008C1035 /* DBSyncer.swift */,
			);
			name = DBHandlers;
			sourceTree = "<group>";
		};
		F553E3751DF9A54D000D0902 /* Entities */ = {
			isa = PBXGroup;
			children = (
				F553E3B11DF9D67A000D0902 /* Note+CoreDataClass.swift */,
				F553E3B21DF9D67A000D0902 /* Note+CoreDataProperties.swift */,
				F553E3B31DF9D67A000D0902 /* Question+CoreDataClass.swift */,
				F553E3B41DF9D67A000D0902 /* Question+CoreDataProperties.swift */,
				F553E3B51DF9D67A000D0902 /* Answer+CoreDataClass.swift */,
				F553E3B61DF9D67A000D0902 /* Answer+CoreDataProperties.swift */,
				F553E3B71DF9D67A000D0902 /* SectionInfo+CoreDataClass.swift */,
				F553E3B81DF9D67A000D0902 /* SectionInfo+CoreDataProperties.swift */,
				F553E3AF1DF9C675000D0902 /* NoteContainer.swift */,
			);
			name = Entities;
			sourceTree = "<group>";
		};
/* End PBXGroup section */

/* Begin PBXNativeTarget section */
		EF4BD3801D9D08DE0042BEC7 /* MonitorizareVot */ = {
			isa = PBXNativeTarget;
			buildConfigurationList = EF4BD3B11D9D08DE0042BEC7 /* Build configuration list for PBXNativeTarget "MonitorizareVot" */;
			buildPhases = (
				EDB2BAFC529132A9DFC6BA45 /* [CP] Check Pods Manifest.lock */,
				EF4BD37D1D9D08DE0042BEC7 /* Sources */,
				EF4BD37E1D9D08DE0042BEC7 /* Frameworks */,
				EF4BD37F1D9D08DE0042BEC7 /* Resources */,
				4A1AB3AFB208747115F13B4C /* [CP] Embed Pods Frameworks */,
			);
			buildRules = (
			);
			dependencies = (
			);
			name = MonitorizareVot;
			productName = MonitorizareVot;
			productReference = EF4BD3811D9D08DE0042BEC7 /* MonitorizareVot.app */;
			productType = "com.apple.product-type.application";
		};
		EF4BD39C1D9D08DE0042BEC7 /* MonitorizareVotTests */ = {
			isa = PBXNativeTarget;
			buildConfigurationList = EF4BD3B41D9D08DE0042BEC7 /* Build configuration list for PBXNativeTarget "MonitorizareVotTests" */;
			buildPhases = (
				F4AFE020C500785E48EB747C /* [CP] Check Pods Manifest.lock */,
				EF4BD3991D9D08DE0042BEC7 /* Sources */,
				EF4BD39A1D9D08DE0042BEC7 /* Frameworks */,
				EF4BD39B1D9D08DE0042BEC7 /* Resources */,
				DB3ECF7275E17AEDF1D2EFE7 /* [CP] Embed Pods Frameworks */,
			);
			buildRules = (
			);
			dependencies = (
				EF4BD39F1D9D08DE0042BEC7 /* PBXTargetDependency */,
			);
			name = MonitorizareVotTests;
			productName = MonitorizareVotTests;
			productReference = EF4BD39D1D9D08DE0042BEC7 /* MonitorizareVotTests.xctest */;
			productType = "com.apple.product-type.bundle.unit-test";
		};
		EF4BD3A71D9D08DE0042BEC7 /* MonitorizareVotUITests */ = {
			isa = PBXNativeTarget;
			buildConfigurationList = EF4BD3B71D9D08DE0042BEC7 /* Build configuration list for PBXNativeTarget "MonitorizareVotUITests" */;
			buildPhases = (
				E0BFE4299848365AAD3B668F /* [CP] Check Pods Manifest.lock */,
				EF4BD3A41D9D08DE0042BEC7 /* Sources */,
				EF4BD3A51D9D08DE0042BEC7 /* Frameworks */,
				EF4BD3A61D9D08DE0042BEC7 /* Resources */,
			);
			buildRules = (
			);
			dependencies = (
				EF4BD3AA1D9D08DE0042BEC7 /* PBXTargetDependency */,
			);
			name = MonitorizareVotUITests;
			productName = MonitorizareVotUITests;
			productReference = EF4BD3A81D9D08DE0042BEC7 /* MonitorizareVotUITests.xctest */;
			productType = "com.apple.product-type.bundle.ui-testing";
		};
/* End PBXNativeTarget section */

/* Begin PBXProject section */
		EF4BD3791D9D08DE0042BEC7 /* Project object */ = {
			isa = PBXProject;
			attributes = {
				LastUpgradeCheck = 0810;
				ORGANIZATIONNAME = Code4Ro;
				TargetAttributes = {
					EF4BD3801D9D08DE0042BEC7 = {
						CreatedOnToolsVersion = 8.0;
						DevelopmentTeam = 2B5T9E8MN4;
						LastSwiftMigration = 0810;
						ProvisioningStyle = Automatic;
					};
					EF4BD39C1D9D08DE0042BEC7 = {
						CreatedOnToolsVersion = 8.0;
						LastSwiftMigration = 0810;
						ProvisioningStyle = Automatic;
						TestTargetID = EF4BD3801D9D08DE0042BEC7;
					};
					EF4BD3A71D9D08DE0042BEC7 = {
						CreatedOnToolsVersion = 8.0;
						DevelopmentTeam = P2EQL76LN6;
						LastSwiftMigration = 0810;
						ProvisioningStyle = Automatic;
						TestTargetID = EF4BD3801D9D08DE0042BEC7;
					};
				};
			};
			buildConfigurationList = EF4BD37C1D9D08DE0042BEC7 /* Build configuration list for PBXProject "MonitorizareVot" */;
			compatibilityVersion = "Xcode 3.2";
			developmentRegion = English;
			hasScannedForEncodings = 0;
			knownRegions = (
				Base,
				pl,
				ro,
				en,
			);
			mainGroup = EF4BD3781D9D08DE0042BEC7;
			productRefGroup = EF4BD3821D9D08DE0042BEC7 /* Products */;
			projectDirPath = "";
			projectRoot = "";
			targets = (
				EF4BD3801D9D08DE0042BEC7 /* MonitorizareVot */,
				EF4BD39C1D9D08DE0042BEC7 /* MonitorizareVotTests */,
				EF4BD3A71D9D08DE0042BEC7 /* MonitorizareVotUITests */,
			);
		};
/* End PBXProject section */

/* Begin PBXResourcesBuildPhase section */
		EF4BD37F1D9D08DE0042BEC7 /* Resources */ = {
			isa = PBXResourcesBuildPhase;
			buildActionMask = 2147483647;
			files = (
				27EDBD18214659800060DB8A /* Main.storyboard in Resources */,
				EF13D1571DCF24A800349B43 /* Assets.xcassets in Resources */,
				E7FEC2BF1DE09E6300F2F04D /* BasicAnswerTableViewCell.xib in Resources */,
				27BBB27B21510B9600D72D72 /* LaunchScreen.storyboard in Resources */,
				EFEC82041DCF25B800610D79 /* QuestionCollectionViewCell.xib in Resources */,
				27EDBD2221465D190060DB8A /* Localizable.strings in Resources */,
				E7FEC2C51DE09E8700F2F04D /* AnswerWithTextTableViewCell.xib in Resources */,
				EF903E351DA25E3100D5BC9C /* Judete.plist in Resources */,
				28F280E3223A3D8C002B3E9A /* GoogleService-Info.plist in Resources */,
				271595B72146AB1F00BECC9C /* InfoPlist.strings in Resources */,
				E7E5B80D1DE1D33F00A05E56 /* QuestionBodyTableViewCell.xib in Resources */,
			);
			runOnlyForDeploymentPostprocessing = 0;
		};
		EF4BD39B1D9D08DE0042BEC7 /* Resources */ = {
			isa = PBXResourcesBuildPhase;
			buildActionMask = 2147483647;
			files = (
			);
			runOnlyForDeploymentPostprocessing = 0;
		};
		EF4BD3A61D9D08DE0042BEC7 /* Resources */ = {
			isa = PBXResourcesBuildPhase;
			buildActionMask = 2147483647;
			files = (
			);
			runOnlyForDeploymentPostprocessing = 0;
		};
/* End PBXResourcesBuildPhase section */

/* Begin PBXShellScriptBuildPhase section */
		4A1AB3AFB208747115F13B4C /* [CP] Embed Pods Frameworks */ = {
			isa = PBXShellScriptBuildPhase;
			buildActionMask = 2147483647;
			files = (
			);
			inputPaths = (
				"${PODS_ROOT}/Target Support Files/Pods-MonitorizareVot/Pods-MonitorizareVot-frameworks.sh",
				"${BUILT_PRODUCTS_DIR}/Alamofire/Alamofire.framework",
				"${BUILT_PRODUCTS_DIR}/GoogleUtilities/GoogleUtilities.framework",
				"${BUILT_PRODUCTS_DIR}/SwiftKeychainWrapper/SwiftKeychainWrapper.framework",
				"${BUILT_PRODUCTS_DIR}/nanopb/nanopb.framework",
			);
			name = "[CP] Embed Pods Frameworks";
			outputPaths = (
				"${TARGET_BUILD_DIR}/${FRAMEWORKS_FOLDER_PATH}/Alamofire.framework",
				"${TARGET_BUILD_DIR}/${FRAMEWORKS_FOLDER_PATH}/GoogleUtilities.framework",
				"${TARGET_BUILD_DIR}/${FRAMEWORKS_FOLDER_PATH}/SwiftKeychainWrapper.framework",
				"${TARGET_BUILD_DIR}/${FRAMEWORKS_FOLDER_PATH}/nanopb.framework",
			);
			runOnlyForDeploymentPostprocessing = 0;
			shellPath = /bin/sh;
			shellScript = "\"${PODS_ROOT}/Target Support Files/Pods-MonitorizareVot/Pods-MonitorizareVot-frameworks.sh\"\n";
			showEnvVarsInLog = 0;
		};
		DB3ECF7275E17AEDF1D2EFE7 /* [CP] Embed Pods Frameworks */ = {
			isa = PBXShellScriptBuildPhase;
			buildActionMask = 2147483647;
			files = (
			);
			inputPaths = (
				"${PODS_ROOT}/Target Support Files/Pods-MonitorizareVotTests/Pods-MonitorizareVotTests-frameworks.sh",
				"${BUILT_PRODUCTS_DIR}/Alamofire/Alamofire.framework",
				"${BUILT_PRODUCTS_DIR}/SwiftKeychainWrapper/SwiftKeychainWrapper.framework",
			);
			name = "[CP] Embed Pods Frameworks";
			outputPaths = (
				"${TARGET_BUILD_DIR}/${FRAMEWORKS_FOLDER_PATH}/Alamofire.framework",
				"${TARGET_BUILD_DIR}/${FRAMEWORKS_FOLDER_PATH}/SwiftKeychainWrapper.framework",
			);
			runOnlyForDeploymentPostprocessing = 0;
			shellPath = /bin/sh;
			shellScript = "\"${PODS_ROOT}/Target Support Files/Pods-MonitorizareVotTests/Pods-MonitorizareVotTests-frameworks.sh\"\n";
			showEnvVarsInLog = 0;
		};
		E0BFE4299848365AAD3B668F /* [CP] Check Pods Manifest.lock */ = {
			isa = PBXShellScriptBuildPhase;
			buildActionMask = 2147483647;
			files = (
			);
			inputPaths = (
				"${PODS_PODFILE_DIR_PATH}/Podfile.lock",
				"${PODS_ROOT}/Manifest.lock",
			);
			name = "[CP] Check Pods Manifest.lock";
			outputPaths = (
				"$(DERIVED_FILE_DIR)/Pods-MonitorizareVotUITests-checkManifestLockResult.txt",
			);
			runOnlyForDeploymentPostprocessing = 0;
			shellPath = /bin/sh;
			shellScript = "diff \"${PODS_PODFILE_DIR_PATH}/Podfile.lock\" \"${PODS_ROOT}/Manifest.lock\" > /dev/null\nif [ $? != 0 ] ; then\n    # print error to STDERR\n    echo \"error: The sandbox is not in sync with the Podfile.lock. Run 'pod install' or update your CocoaPods installation.\" >&2\n    exit 1\nfi\n# This output is used by Xcode 'outputs' to avoid re-running this script phase.\necho \"SUCCESS\" > \"${SCRIPT_OUTPUT_FILE_0}\"\n";
			showEnvVarsInLog = 0;
		};
		EDB2BAFC529132A9DFC6BA45 /* [CP] Check Pods Manifest.lock */ = {
			isa = PBXShellScriptBuildPhase;
			buildActionMask = 2147483647;
			files = (
			);
			inputPaths = (
				"${PODS_PODFILE_DIR_PATH}/Podfile.lock",
				"${PODS_ROOT}/Manifest.lock",
			);
			name = "[CP] Check Pods Manifest.lock";
			outputPaths = (
				"$(DERIVED_FILE_DIR)/Pods-MonitorizareVot-checkManifestLockResult.txt",
			);
			runOnlyForDeploymentPostprocessing = 0;
			shellPath = /bin/sh;
			shellScript = "diff \"${PODS_PODFILE_DIR_PATH}/Podfile.lock\" \"${PODS_ROOT}/Manifest.lock\" > /dev/null\nif [ $? != 0 ] ; then\n    # print error to STDERR\n    echo \"error: The sandbox is not in sync with the Podfile.lock. Run 'pod install' or update your CocoaPods installation.\" >&2\n    exit 1\nfi\n# This output is used by Xcode 'outputs' to avoid re-running this script phase.\necho \"SUCCESS\" > \"${SCRIPT_OUTPUT_FILE_0}\"\n";
			showEnvVarsInLog = 0;
		};
		F4AFE020C500785E48EB747C /* [CP] Check Pods Manifest.lock */ = {
			isa = PBXShellScriptBuildPhase;
			buildActionMask = 2147483647;
			files = (
			);
			inputPaths = (
				"${PODS_PODFILE_DIR_PATH}/Podfile.lock",
				"${PODS_ROOT}/Manifest.lock",
			);
			name = "[CP] Check Pods Manifest.lock";
			outputPaths = (
				"$(DERIVED_FILE_DIR)/Pods-MonitorizareVotTests-checkManifestLockResult.txt",
			);
			runOnlyForDeploymentPostprocessing = 0;
			shellPath = /bin/sh;
			shellScript = "diff \"${PODS_PODFILE_DIR_PATH}/Podfile.lock\" \"${PODS_ROOT}/Manifest.lock\" > /dev/null\nif [ $? != 0 ] ; then\n    # print error to STDERR\n    echo \"error: The sandbox is not in sync with the Podfile.lock. Run 'pod install' or update your CocoaPods installation.\" >&2\n    exit 1\nfi\n# This output is used by Xcode 'outputs' to avoid re-running this script phase.\necho \"SUCCESS\" > \"${SCRIPT_OUTPUT_FILE_0}\"\n";
			showEnvVarsInLog = 0;
		};
/* End PBXShellScriptBuildPhase section */

/* Begin PBXSourcesBuildPhase section */
		EF4BD37D1D9D08DE0042BEC7 /* Sources */ = {
			isa = PBXSourcesBuildPhase;
			buildActionMask = 2147483647;
			files = (
				E7CC39F81DDF25530010688D /* AddNoteViewController.swift in Sources */,
				EF4BD3921D9D08DE0042BEC7 /* s.xcdatamodeld in Sources */,
				E73A5B3F1DDDDF7F00E41490 /* CALayerExtensions.swift in Sources */,
				E74087201DDC8CAE00D9332F /* FormsFetcher.swift in Sources */,
				E74087351DDCA83600D9332F /* LocalFormProvider.swift in Sources */,
				E7E5B80C1DE1D33F00A05E56 /* QuestionBodyTableViewCell.swift in Sources */,
				E7CC39F31DDDFF760010688D /* UINavigationControllerExtensions.swift in Sources */,
				E73A5B411DDDE55A00E41490 /* PickerViewSelection.swift in Sources */,
				E739B9731DDD9F280002604C /* QuestionCollectionViewCell.swift in Sources */,
				E740872F1DDCA70A00D9332F /* MVSection.swift in Sources */,
				E7FEC2C71DE09EC500F2F04D /* AnswerWithTextTableViewCellConfigurator.swift in Sources */,
				E74087371DDCA9FA00D9332F /* Form.swift in Sources */,
				E7E8EB4D1DDB7C8F009EBE01 /* MVSectionInfo.swift in Sources */,
				F553E3BC1DF9D67A000D0902 /* Question+CoreDataProperties.swift in Sources */,
				E7FEC2CE1DE0A3BF00F2F04D /* QuestionViewController.swift in Sources */,
				E7EB673F1DE5F03A00260CC1 /* RootViewController.swift in Sources */,
				E7CC3A001DDF30AF0010688D /* MVUITextView.swift in Sources */,
				E74087261DDC924F00D9332F /* FormsPersistor.swift in Sources */,
				E7E1F2C41DDB586800CE52FC /* APIURLs.swift in Sources */,
				EF3DC3951DE9DB02006F9D73 /* CoreDataInitialiser.swift in Sources */,
				F553E3BB1DF9D67A000D0902 /* Question+CoreDataClass.swift in Sources */,
				E74087331DDCA79000D9332F /* MVAnswer.swift in Sources */,
				E74087311DDCA74D00D9332F /* MVQuestion.swift in Sources */,
				E7FEC2C41DE09E8700F2F04D /* AnswerWithTextTableViewCell.swift in Sources */,
				E7D5CC101DE32B7600393FFF /* AnsweredQuestionSaver.swift in Sources */,
				E74908111DDCBB5800878F0A /* FormViewController.swift in Sources */,
				E7FEC2C91DE0A0E300F2F04D /* AnswerTableViewCell.swift in Sources */,
				E7E8EB4B1DDB7344009EBE01 /* MVColors.swift in Sources */,
				E753C4321DE5FA6800B6B7C9 /* UIButtonExtensions.swift in Sources */,
				E739B9771DDDD8510002604C /* SectieViewController.swift in Sources */,
				E7FEC2C11DE09E7000F2F04D /* BasicAnswerTableViewCellConfigurator.swift in Sources */,
				F553E3BA1DF9D67A000D0902 /* Note+CoreDataProperties.swift in Sources */,
				F553E3B01DF9C675000D0902 /* NoteContainer.swift in Sources */,
				F553E3B91DF9D67A000D0902 /* Note+CoreDataClass.swift in Sources */,
				F553E3BF1DF9D67A000D0902 /* SectionInfo+CoreDataClass.swift in Sources */,
				E7CC39FA1DDF255B0010688D /* MVNote.swift in Sources */,
				E749080F1DDCB8E300878F0A /* PickFormViewController.swift in Sources */,
				E740872D1DDCA6E800D9332F /* FormProvider.swift in Sources */,
				E7FEC2BE1DE09E6300F2F04D /* BasicAnswerTableViewCell.swift in Sources */,
				E7CC39FE1DDF2C100010688D /* UIViewControllerExtensions.swift in Sources */,
				E74087281DDC92CA00D9332F /* LocalFormsPersistor.swift in Sources */,
				E7DC77541DF772940020FA96 /* SectionSaver.swift in Sources */,
				E7DEDFFA1DE0BBF200CD8371 /* AnsweredQuestion.swift in Sources */,
				E7E1F2BC1DDB4FCE00CE52FC /* LoginViewController.swift in Sources */,
				F553E3BD1DF9D67A000D0902 /* Answer+CoreDataClass.swift in Sources */,
				E7702ED01DF966F200B3E1F2 /* ButtonHandler.swift in Sources */,
				E7E407561DE076D30021B402 /* ConnectionState.swift in Sources */,
				F553E3C01DF9D67A000D0902 /* SectionInfo+CoreDataProperties.swift in Sources */,
				EFB9AD1A1DE9FDE0008C1035 /* DBSyncer.swift in Sources */,
				271595B521465EBA00BECC9C /* StringExtensions.swift in Sources */,
				E739B9751DDDA2B80002604C /* QuestionCollectionViewCellConfigurator.swift in Sources */,
				E7E8EB491DDB63E1009EBE01 /* SectionInformationsViewController.swift in Sources */,
				E74087241DDC90E800D9332F /* AppDelegate.swift in Sources */,
				E7E1F2C11DDB580B00CE52FC /* LoginAPIRequest.swift in Sources */,
				E740872A1DDC987C00D9332F /* FormFetcher.swift in Sources */,
				F553E3BE1DF9D67A000D0902 /* Answer+CoreDataProperties.swift in Sources */,
				E7FEC2CB1DE0A11900F2F04D /* AnswerTableViewCellDelegate.swift in Sources */,
				E7CC39FC1DDF2B2E0010688D /* NoteSaver.swift in Sources */,
			);
			runOnlyForDeploymentPostprocessing = 0;
		};
		EF4BD3991D9D08DE0042BEC7 /* Sources */ = {
			isa = PBXSourcesBuildPhase;
			buildActionMask = 2147483647;
			files = (
				EF4BD3A21D9D08DE0042BEC7 /* MonitorizareVotTests.m in Sources */,
			);
			runOnlyForDeploymentPostprocessing = 0;
		};
		EF4BD3A41D9D08DE0042BEC7 /* Sources */ = {
			isa = PBXSourcesBuildPhase;
			buildActionMask = 2147483647;
			files = (
				EF4BD3AD1D9D08DE0042BEC7 /* MonitorizareVotUITests.m in Sources */,
			);
			runOnlyForDeploymentPostprocessing = 0;
		};
/* End PBXSourcesBuildPhase section */

/* Begin PBXTargetDependency section */
		EF4BD39F1D9D08DE0042BEC7 /* PBXTargetDependency */ = {
			isa = PBXTargetDependency;
			target = EF4BD3801D9D08DE0042BEC7 /* MonitorizareVot */;
			targetProxy = EF4BD39E1D9D08DE0042BEC7 /* PBXContainerItemProxy */;
		};
		EF4BD3AA1D9D08DE0042BEC7 /* PBXTargetDependency */ = {
			isa = PBXTargetDependency;
			target = EF4BD3801D9D08DE0042BEC7 /* MonitorizareVot */;
			targetProxy = EF4BD3A91D9D08DE0042BEC7 /* PBXContainerItemProxy */;
		};
/* End PBXTargetDependency section */

/* Begin PBXVariantGroup section */
		271595B92146AB1F00BECC9C /* InfoPlist.strings */ = {
			isa = PBXVariantGroup;
			children = (
				271595B82146AB1F00BECC9C /* en */,
				271595BA2146AB2800BECC9C /* ro */,
			);
			name = InfoPlist.strings;
			sourceTree = "<group>";
		};
		27BBB27D21510B9600D72D72 /* LaunchScreen.storyboard */ = {
			isa = PBXVariantGroup;
			children = (
				27BBB27C21510B9600D72D72 /* Base */,
				27BBB28821510C6800D72D72 /* ro */,
			);
			name = LaunchScreen.storyboard;
			path = ..;
			sourceTree = "<group>";
		};
		27EDBD1A214659800060DB8A /* Main.storyboard */ = {
			isa = PBXVariantGroup;
			children = (
				27EDBD19214659800060DB8A /* Base */,
			);
			name = Main.storyboard;
			sourceTree = "<group>";
		};
		27EDBD2421465D190060DB8A /* Localizable.strings */ = {
			isa = PBXVariantGroup;
			children = (
				27EDBD2621465D290060DB8A /* Base */,
				27EDBD2821465D480060DB8A /* ro */,
			);
			name = Localizable.strings;
			sourceTree = "<group>";
		};
/* End PBXVariantGroup section */

/* Begin XCBuildConfiguration section */
		EF4BD3AF1D9D08DE0042BEC7 /* Debug */ = {
			isa = XCBuildConfiguration;
			buildSettings = {
				ALWAYS_SEARCH_USER_PATHS = NO;
				CLANG_ANALYZER_LOCALIZABILITY_NONLOCALIZED = YES;
				CLANG_ANALYZER_NONNULL = YES;
				CLANG_CXX_LANGUAGE_STANDARD = "gnu++0x";
				CLANG_CXX_LIBRARY = "libc++";
				CLANG_ENABLE_MODULES = YES;
				CLANG_ENABLE_OBJC_ARC = YES;
				CLANG_WARN_BLOCK_CAPTURE_AUTORELEASING = YES;
				CLANG_WARN_BOOL_CONVERSION = YES;
				CLANG_WARN_COMMA = YES;
				CLANG_WARN_CONSTANT_CONVERSION = YES;
				CLANG_WARN_DEPRECATED_OBJC_IMPLEMENTATIONS = YES;
				CLANG_WARN_DIRECT_OBJC_ISA_USAGE = YES_ERROR;
				CLANG_WARN_DOCUMENTATION_COMMENTS = YES;
				CLANG_WARN_EMPTY_BODY = YES;
				CLANG_WARN_ENUM_CONVERSION = YES;
				CLANG_WARN_INFINITE_RECURSION = YES;
				CLANG_WARN_INT_CONVERSION = YES;
				CLANG_WARN_NON_LITERAL_NULL_CONVERSION = YES;
				CLANG_WARN_OBJC_IMPLICIT_RETAIN_SELF = YES;
				CLANG_WARN_OBJC_LITERAL_CONVERSION = YES;
				CLANG_WARN_OBJC_ROOT_CLASS = YES_ERROR;
				CLANG_WARN_RANGE_LOOP_ANALYSIS = YES;
				CLANG_WARN_STRICT_PROTOTYPES = YES;
				CLANG_WARN_SUSPICIOUS_MOVE = YES;
				CLANG_WARN_SUSPICIOUS_MOVES = YES;
				CLANG_WARN_UNREACHABLE_CODE = YES;
				CLANG_WARN__DUPLICATE_METHOD_MATCH = YES;
				"CODE_SIGN_IDENTITY[sdk=iphoneos*]" = "iPhone Developer";
				COPY_PHASE_STRIP = NO;
				DEBUG_INFORMATION_FORMAT = dwarf;
				ENABLE_STRICT_OBJC_MSGSEND = YES;
				ENABLE_TESTABILITY = YES;
				GCC_C_LANGUAGE_STANDARD = gnu99;
				GCC_DYNAMIC_NO_PIC = NO;
				GCC_NO_COMMON_BLOCKS = YES;
				GCC_OPTIMIZATION_LEVEL = 0;
				GCC_PREPROCESSOR_DEFINITIONS = (
					"DEBUG=1",
					"$(inherited)",
				);
				GCC_WARN_64_TO_32_BIT_CONVERSION = YES;
				GCC_WARN_ABOUT_RETURN_TYPE = YES_ERROR;
				GCC_WARN_UNDECLARED_SELECTOR = YES;
				GCC_WARN_UNINITIALIZED_AUTOS = YES_AGGRESSIVE;
				GCC_WARN_UNUSED_FUNCTION = YES;
				GCC_WARN_UNUSED_VARIABLE = YES;
				IPHONEOS_DEPLOYMENT_TARGET = 9.3;
				MTL_ENABLE_DEBUG_INFO = YES;
				ONLY_ACTIVE_ARCH = YES;
				SDKROOT = iphoneos;
				TARGETED_DEVICE_FAMILY = "1,2";
			};
			name = Debug;
		};
		EF4BD3B01D9D08DE0042BEC7 /* Release */ = {
			isa = XCBuildConfiguration;
			buildSettings = {
				ALWAYS_SEARCH_USER_PATHS = NO;
				CLANG_ANALYZER_LOCALIZABILITY_NONLOCALIZED = YES;
				CLANG_ANALYZER_NONNULL = YES;
				CLANG_CXX_LANGUAGE_STANDARD = "gnu++0x";
				CLANG_CXX_LIBRARY = "libc++";
				CLANG_ENABLE_MODULES = YES;
				CLANG_ENABLE_OBJC_ARC = YES;
				CLANG_WARN_BLOCK_CAPTURE_AUTORELEASING = YES;
				CLANG_WARN_BOOL_CONVERSION = YES;
				CLANG_WARN_COMMA = YES;
				CLANG_WARN_CONSTANT_CONVERSION = YES;
				CLANG_WARN_DEPRECATED_OBJC_IMPLEMENTATIONS = YES;
				CLANG_WARN_DIRECT_OBJC_ISA_USAGE = YES_ERROR;
				CLANG_WARN_DOCUMENTATION_COMMENTS = YES;
				CLANG_WARN_EMPTY_BODY = YES;
				CLANG_WARN_ENUM_CONVERSION = YES;
				CLANG_WARN_INFINITE_RECURSION = YES;
				CLANG_WARN_INT_CONVERSION = YES;
				CLANG_WARN_NON_LITERAL_NULL_CONVERSION = YES;
				CLANG_WARN_OBJC_IMPLICIT_RETAIN_SELF = YES;
				CLANG_WARN_OBJC_LITERAL_CONVERSION = YES;
				CLANG_WARN_OBJC_ROOT_CLASS = YES_ERROR;
				CLANG_WARN_RANGE_LOOP_ANALYSIS = YES;
				CLANG_WARN_STRICT_PROTOTYPES = YES;
				CLANG_WARN_SUSPICIOUS_MOVE = YES;
				CLANG_WARN_SUSPICIOUS_MOVES = YES;
				CLANG_WARN_UNREACHABLE_CODE = YES;
				CLANG_WARN__DUPLICATE_METHOD_MATCH = YES;
				"CODE_SIGN_IDENTITY[sdk=iphoneos*]" = "iPhone Developer";
				COPY_PHASE_STRIP = NO;
				DEBUG_INFORMATION_FORMAT = "dwarf-with-dsym";
				ENABLE_NS_ASSERTIONS = NO;
				ENABLE_STRICT_OBJC_MSGSEND = YES;
				GCC_C_LANGUAGE_STANDARD = gnu99;
				GCC_NO_COMMON_BLOCKS = YES;
				GCC_WARN_64_TO_32_BIT_CONVERSION = YES;
				GCC_WARN_ABOUT_RETURN_TYPE = YES_ERROR;
				GCC_WARN_UNDECLARED_SELECTOR = YES;
				GCC_WARN_UNINITIALIZED_AUTOS = YES_AGGRESSIVE;
				GCC_WARN_UNUSED_FUNCTION = YES;
				GCC_WARN_UNUSED_VARIABLE = YES;
				IPHONEOS_DEPLOYMENT_TARGET = 9.3;
				MTL_ENABLE_DEBUG_INFO = NO;
				SDKROOT = iphoneos;
				SWIFT_OPTIMIZATION_LEVEL = "-Owholemodule";
				TARGETED_DEVICE_FAMILY = "1,2";
				VALIDATE_PRODUCT = YES;
			};
			name = Release;
		};
		EF4BD3B21D9D08DE0042BEC7 /* Debug */ = {
			isa = XCBuildConfiguration;
			baseConfigurationReference = 90CF95CA02DCD8E741C5686D /* Pods-MonitorizareVot.debug.xcconfig */;
			buildSettings = {
				ALWAYS_EMBED_SWIFT_STANDARD_LIBRARIES = YES;
				ASSETCATALOG_COMPILER_APPICON_NAME = AppIcon;
				CLANG_ENABLE_MODULES = YES;
				"CODE_SIGN_IDENTITY[sdk=iphoneos*]" = "iPhone Developer";
				DEVELOPMENT_TEAM = 2B5T9E8MN4;
				INFOPLIST_FILE = MonitorizareVot/Info.plist;
				IPHONEOS_DEPLOYMENT_TARGET = 9.3;
				LD_RUNPATH_SEARCH_PATHS = "$(inherited) @executable_path/Frameworks";
				PRODUCT_BUNDLE_IDENTIFIER = com.code4ro.MonitorizareVot;
				PRODUCT_NAME = "$(TARGET_NAME)";
				SWIFT_OBJC_BRIDGING_HEADER = "";
				SWIFT_OPTIMIZATION_LEVEL = "-Onone";
				SWIFT_VERSION = 5.0;
			};
			name = Debug;
		};
		EF4BD3B31D9D08DE0042BEC7 /* Release */ = {
			isa = XCBuildConfiguration;
			baseConfigurationReference = 6141F9F392CCD91B6DE2B780 /* Pods-MonitorizareVot.release.xcconfig */;
			buildSettings = {
				ALWAYS_EMBED_SWIFT_STANDARD_LIBRARIES = YES;
				ASSETCATALOG_COMPILER_APPICON_NAME = AppIcon;
				CLANG_ENABLE_MODULES = YES;
				"CODE_SIGN_IDENTITY[sdk=iphoneos*]" = "iPhone Developer";
				DEVELOPMENT_TEAM = 2B5T9E8MN4;
				INFOPLIST_FILE = MonitorizareVot/Info.plist;
				IPHONEOS_DEPLOYMENT_TARGET = 9.3;
				LD_RUNPATH_SEARCH_PATHS = "$(inherited) @executable_path/Frameworks";
				PRODUCT_BUNDLE_IDENTIFIER = com.code4ro.MonitorizareVot;
				PRODUCT_NAME = "$(TARGET_NAME)";
				SWIFT_OBJC_BRIDGING_HEADER = "";
				SWIFT_VERSION = 5.0;
			};
			name = Release;
		};
		EF4BD3B51D9D08DE0042BEC7 /* Debug */ = {
			isa = XCBuildConfiguration;
			baseConfigurationReference = 626B7494E0E905A8AEF30B00 /* Pods-MonitorizareVotTests.debug.xcconfig */;
			buildSettings = {
				ALWAYS_EMBED_SWIFT_STANDARD_LIBRARIES = YES;
				BUNDLE_LOADER = "$(TEST_HOST)";
				INFOPLIST_FILE = MonitorizareVotTests/Info.plist;
				LD_RUNPATH_SEARCH_PATHS = "$(inherited) @executable_path/Frameworks @loader_path/Frameworks";
				PRODUCT_BUNDLE_IDENTIFIER = code4ro.MonitorizareVotTests;
				PRODUCT_NAME = "$(TARGET_NAME)";
				SWIFT_VERSION = 5;
				TEST_HOST = "$(BUILT_PRODUCTS_DIR)/MonitorizareVot.app/MonitorizareVot";
			};
			name = Debug;
		};
		EF4BD3B61D9D08DE0042BEC7 /* Release */ = {
			isa = XCBuildConfiguration;
			baseConfigurationReference = 2C95EF7A92703E67898E5413 /* Pods-MonitorizareVotTests.release.xcconfig */;
			buildSettings = {
				ALWAYS_EMBED_SWIFT_STANDARD_LIBRARIES = YES;
				BUNDLE_LOADER = "$(TEST_HOST)";
				INFOPLIST_FILE = MonitorizareVotTests/Info.plist;
				LD_RUNPATH_SEARCH_PATHS = "$(inherited) @executable_path/Frameworks @loader_path/Frameworks";
				PRODUCT_BUNDLE_IDENTIFIER = code4ro.MonitorizareVotTests;
				PRODUCT_NAME = "$(TARGET_NAME)";
				SWIFT_VERSION = 5;
				TEST_HOST = "$(BUILT_PRODUCTS_DIR)/MonitorizareVot.app/MonitorizareVot";
			};
			name = Release;
		};
		EF4BD3B81D9D08DE0042BEC7 /* Debug */ = {
			isa = XCBuildConfiguration;
			baseConfigurationReference = 7F4B4D98801626552C357D41 /* Pods-MonitorizareVotUITests.debug.xcconfig */;
			buildSettings = {
				ALWAYS_EMBED_SWIFT_STANDARD_LIBRARIES = YES;
				DEVELOPMENT_TEAM = P2EQL76LN6;
				INFOPLIST_FILE = MonitorizareVotUITests/Info.plist;
				LD_RUNPATH_SEARCH_PATHS = "$(inherited) @executable_path/Frameworks @loader_path/Frameworks";
				PRODUCT_BUNDLE_IDENTIFIER = code4ro.MonitorizareVotUITests;
				PRODUCT_NAME = "$(TARGET_NAME)";
				SWIFT_VERSION = 5;
				TEST_TARGET_NAME = MonitorizareVot;
			};
			name = Debug;
		};
		EF4BD3B91D9D08DE0042BEC7 /* Release */ = {
			isa = XCBuildConfiguration;
			baseConfigurationReference = F0644FE9EC6A7ABF8A6EE0DC /* Pods-MonitorizareVotUITests.release.xcconfig */;
			buildSettings = {
				ALWAYS_EMBED_SWIFT_STANDARD_LIBRARIES = YES;
				DEVELOPMENT_TEAM = P2EQL76LN6;
				INFOPLIST_FILE = MonitorizareVotUITests/Info.plist;
				LD_RUNPATH_SEARCH_PATHS = "$(inherited) @executable_path/Frameworks @loader_path/Frameworks";
				PRODUCT_BUNDLE_IDENTIFIER = code4ro.MonitorizareVotUITests;
				PRODUCT_NAME = "$(TARGET_NAME)";
				SWIFT_VERSION = 5;
				TEST_TARGET_NAME = MonitorizareVot;
			};
			name = Release;
		};
/* End XCBuildConfiguration section */

/* Begin XCConfigurationList section */
		EF4BD37C1D9D08DE0042BEC7 /* Build configuration list for PBXProject "MonitorizareVot" */ = {
			isa = XCConfigurationList;
			buildConfigurations = (
				EF4BD3AF1D9D08DE0042BEC7 /* Debug */,
				EF4BD3B01D9D08DE0042BEC7 /* Release */,
			);
			defaultConfigurationIsVisible = 0;
			defaultConfigurationName = Release;
		};
		EF4BD3B11D9D08DE0042BEC7 /* Build configuration list for PBXNativeTarget "MonitorizareVot" */ = {
			isa = XCConfigurationList;
			buildConfigurations = (
				EF4BD3B21D9D08DE0042BEC7 /* Debug */,
				EF4BD3B31D9D08DE0042BEC7 /* Release */,
			);
			defaultConfigurationIsVisible = 0;
			defaultConfigurationName = Release;
		};
		EF4BD3B41D9D08DE0042BEC7 /* Build configuration list for PBXNativeTarget "MonitorizareVotTests" */ = {
			isa = XCConfigurationList;
			buildConfigurations = (
				EF4BD3B51D9D08DE0042BEC7 /* Debug */,
				EF4BD3B61D9D08DE0042BEC7 /* Release */,
			);
			defaultConfigurationIsVisible = 0;
			defaultConfigurationName = Release;
		};
		EF4BD3B71D9D08DE0042BEC7 /* Build configuration list for PBXNativeTarget "MonitorizareVotUITests" */ = {
			isa = XCConfigurationList;
			buildConfigurations = (
				EF4BD3B81D9D08DE0042BEC7 /* Debug */,
				EF4BD3B91D9D08DE0042BEC7 /* Release */,
			);
			defaultConfigurationIsVisible = 0;
			defaultConfigurationName = Release;
		};
/* End XCConfigurationList section */

/* Begin XCVersionGroup section */
		EF4BD3901D9D08DE0042BEC7 /* s.xcdatamodeld */ = {
			isa = XCVersionGroup;
			children = (
				EF4BD3911D9D08DE0042BEC7 /* s.xcdatamodel */,
			);
			currentVersion = EF4BD3911D9D08DE0042BEC7 /* s.xcdatamodel */;
			path = s.xcdatamodeld;
			sourceTree = "<group>";
			versionGroupType = wrapper.xcdatamodel;
		};
/* End XCVersionGroup section */
	};
	rootObject = EF4BD3791D9D08DE0042BEC7 /* Project object */;
}
