// !$*UTF8*$!
{
	archiveVersion = 1;
	classes = {
	};
	objectVersion = 46;
	objects = {

/* Begin PBXBuildFile section */
		27EDBD2221465D190060DB8A /* Localizable.strings in Resources */ = {isa = PBXBuildFile; fileRef = 27EDBD2421465D190060DB8A /* Localizable.strings */; };
		2817EA2D2358FAB60029AD4C /* APITests.swift in Sources */ = {isa = PBXBuildFile; fileRef = 2817EA2C2358FAB60029AD4C /* APITests.swift */; };
		28508623236D9C6000189D94 /* Launch Screen.storyboard in Resources */ = {isa = PBXBuildFile; fileRef = 28508622236D9C6000189D94 /* Launch Screen.storyboard */; };
		28735F83226B19F600B4DB0B /* CustomConfiguration.xcconfig in Resources */ = {isa = PBXBuildFile; fileRef = 28735F82226B19F600B4DB0B /* CustomConfiguration.xcconfig */; };
		28735F84226B19F600B4DB0B /* CustomConfiguration.xcconfig in Resources */ = {isa = PBXBuildFile; fileRef = 28735F82226B19F600B4DB0B /* CustomConfiguration.xcconfig */; };
		28735F85226B19F600B4DB0B /* CustomConfiguration.xcconfig in Resources */ = {isa = PBXBuildFile; fileRef = 28735F82226B19F600B4DB0B /* CustomConfiguration.xcconfig */; };
		28DBDABB23701DBD004EAD83 /* InfoPlist.strings in Resources */ = {isa = PBXBuildFile; fileRef = 28DBDABD23701DBD004EAD83 /* InfoPlist.strings */; };
		55A0F006987479F41A76966C /* Pods_MonitorizareVot.framework in Frameworks */ = {isa = PBXBuildFile; fileRef = 17220BEAAF40F0C9F0CE43ED /* Pods_MonitorizareVot.framework */; };
		64726B5FB8079F4FDA2D91E0 /* Pods_MonitorizareVotUITests.framework in Frameworks */ = {isa = PBXBuildFile; fileRef = DB2E1514E94213D72327CF3C /* Pods_MonitorizareVotUITests.framework */; };
		67EE98CE22A29D87006E4762 /* GoogleService-Info.plist in Resources */ = {isa = PBXBuildFile; fileRef = 67EE98CD22A29D87006E4762 /* GoogleService-Info.plist */; };
		C79A3041BFF1FED83C00E5F3 /* Pods_MonitorizareVotTests.framework in Frameworks */ = {isa = PBXBuildFile; fileRef = 3827A6E40E14823BEBEB13D9 /* Pods_MonitorizareVotTests.framework */; };
		EF4BD3921D9D08DE0042BEC7 /* s.xcdatamodeld in Sources */ = {isa = PBXBuildFile; fileRef = EF4BD3901D9D08DE0042BEC7 /* s.xcdatamodeld */; };
		EF4BD3A21D9D08DE0042BEC7 /* MonitorizareVotTests.m in Sources */ = {isa = PBXBuildFile; fileRef = EF4BD3A11D9D08DE0042BEC7 /* MonitorizareVotTests.m */; };
		EF4BD3AD1D9D08DE0042BEC7 /* MonitorizareVotUITests.m in Sources */ = {isa = PBXBuildFile; fileRef = EF4BD3AC1D9D08DE0042BEC7 /* MonitorizareVotUITests.m */; };
		F9934A972420127D00BC7EAA /* Assets.xcassets in Resources */ = {isa = PBXBuildFile; fileRef = F9934A962420127D00BC7EAA /* Assets.xcassets */; };
		F9934A9C2420131800BC7EAA /* AppDelegate.swift in Sources */ = {isa = PBXBuildFile; fileRef = F9934A9B2420131800BC7EAA /* AppDelegate.swift */; };
		F9934AC6242014F800BC7EAA /* CoreDataInitialiser.swift in Sources */ = {isa = PBXBuildFile; fileRef = F9934A9F242014F800BC7EAA /* CoreDataInitialiser.swift */; };
		F9934AC7242014F800BC7EAA /* DB.swift in Sources */ = {isa = PBXBuildFile; fileRef = F9934AA0242014F800BC7EAA /* DB.swift */; };
		F9934AC8242014F800BC7EAA /* RemoteSyncer.swift in Sources */ = {isa = PBXBuildFile; fileRef = F9934AA1242014F800BC7EAA /* RemoteSyncer.swift */; };
		F9934AC9242014F800BC7EAA /* Question+CoreDataProperties.swift in Sources */ = {isa = PBXBuildFile; fileRef = F9934AA3242014F800BC7EAA /* Question+CoreDataProperties.swift */; };
		F9934ACA242014F800BC7EAA /* SectionInfo+CoreDataClass.swift in Sources */ = {isa = PBXBuildFile; fileRef = F9934AA4242014F800BC7EAA /* SectionInfo+CoreDataClass.swift */; };
		F9934ACB242014F800BC7EAA /* Answer+CoreDataProperties.swift in Sources */ = {isa = PBXBuildFile; fileRef = F9934AA5242014F800BC7EAA /* Answer+CoreDataProperties.swift */; };
		F9934ACC242014F800BC7EAA /* Answer+CoreDataClass.swift in Sources */ = {isa = PBXBuildFile; fileRef = F9934AA6242014F800BC7EAA /* Answer+CoreDataClass.swift */; };
		F9934ACD242014F800BC7EAA /* Question+CoreDataClass.swift in Sources */ = {isa = PBXBuildFile; fileRef = F9934AA7242014F800BC7EAA /* Question+CoreDataClass.swift */; };
		F9934ACE242014F800BC7EAA /* Note+CoreDataProperties.swift in Sources */ = {isa = PBXBuildFile; fileRef = F9934AA8242014F800BC7EAA /* Note+CoreDataProperties.swift */; };
		F9934ACF242014F800BC7EAA /* SectionInfo+CoreDataProperties.swift in Sources */ = {isa = PBXBuildFile; fileRef = F9934AA9242014F800BC7EAA /* SectionInfo+CoreDataProperties.swift */; };
		F9934AD0242014F800BC7EAA /* NoteContainer.swift in Sources */ = {isa = PBXBuildFile; fileRef = F9934AAA242014F800BC7EAA /* NoteContainer.swift */; };
		F9934AD1242014F800BC7EAA /* Note+CoreDataClass.swift in Sources */ = {isa = PBXBuildFile; fileRef = F9934AAB242014F800BC7EAA /* Note+CoreDataClass.swift */; };
		F9934AD2242014F800BC7EAA /* ReachabilityManager.swift in Sources */ = {isa = PBXBuildFile; fileRef = F9934AAC242014F800BC7EAA /* ReachabilityManager.swift */; };
		F9934AD3242014F800BC7EAA /* AppRouter.swift in Sources */ = {isa = PBXBuildFile; fileRef = F9934AAD242014F800BC7EAA /* AppRouter.swift */; };
		F9934AD4242014F800BC7EAA /* MVAnalytics.swift in Sources */ = {isa = PBXBuildFile; fileRef = F9934AAE242014F800BC7EAA /* MVAnalytics.swift */; };
		F9934AD5242014F800BC7EAA /* ApplicationData.swift in Sources */ = {isa = PBXBuildFile; fileRef = F9934AB0242014F800BC7EAA /* ApplicationData.swift */; };
		F9934AD6242014F800BC7EAA /* LocalStorage.swift in Sources */ = {isa = PBXBuildFile; fileRef = F9934AB1242014F800BC7EAA /* LocalStorage.swift */; };
		F9934AD7242014F800BC7EAA /* UIViewController+Helpers.swift in Sources */ = {isa = PBXBuildFile; fileRef = F9934AB3242014F800BC7EAA /* UIViewController+Helpers.swift */; };
		F9934AD8242014F800BC7EAA /* Alerts.swift in Sources */ = {isa = PBXBuildFile; fileRef = F9934AB4242014F800BC7EAA /* Alerts.swift */; };
		F9934AD9242014F800BC7EAA /* Formatters.swift in Sources */ = {isa = PBXBuildFile; fileRef = F9934AB5242014F800BC7EAA /* Formatters.swift */; };
		F9934ADA242014F800BC7EAA /* String+Localization.swift in Sources */ = {isa = PBXBuildFile; fileRef = F9934AB6242014F800BC7EAA /* String+Localization.swift */; };
		F9934ADB242014F800BC7EAA /* UITableView+HeaderAutoLayout.swift in Sources */ = {isa = PBXBuildFile; fileRef = F9934AB7242014F800BC7EAA /* UITableView+HeaderAutoLayout.swift */; };
		F9934ADC242014F800BC7EAA /* NotificationsManager.swift in Sources */ = {isa = PBXBuildFile; fileRef = F9934AB8242014F800BC7EAA /* NotificationsManager.swift */; };
		F9934ADD242014F800BC7EAA /* RemoteConfigManager.swift in Sources */ = {isa = PBXBuildFile; fileRef = F9934AB9242014F800BC7EAA /* RemoteConfigManager.swift */; };
		F9934ADE242014F800BC7EAA /* UIColor+Presets.swift in Sources */ = {isa = PBXBuildFile; fileRef = F9934ABA242014F800BC7EAA /* UIColor+Presets.swift */; };
		F9934ADF242014F800BC7EAA /* UIImage+Utils.swift in Sources */ = {isa = PBXBuildFile; fileRef = F9934ABB242014F800BC7EAA /* UIImage+Utils.swift */; };
		F9934AE0242014F800BC7EAA /* ApiModels.swift in Sources */ = {isa = PBXBuildFile; fileRef = F9934ABD242014F800BC7EAA /* ApiModels.swift */; };
		F9934AE1242014F800BC7EAA /* AccountManager.swift in Sources */ = {isa = PBXBuildFile; fileRef = F9934ABE242014F800BC7EAA /* AccountManager.swift */; };
		F9934AE2242014F800BC7EAA /* APIManager.swift in Sources */ = {isa = PBXBuildFile; fileRef = F9934ABF242014F800BC7EAA /* APIManager.swift */; };
		F9934AE3242014F800BC7EAA /* AppUpdateManager.swift in Sources */ = {isa = PBXBuildFile; fileRef = F9934AC0242014F800BC7EAA /* AppUpdateManager.swift */; };
		F9934AE4242014F800BC7EAA /* ApiURL.swift in Sources */ = {isa = PBXBuildFile; fileRef = F9934AC1242014F800BC7EAA /* ApiURL.swift */; };
		F9934AE5242014F800BC7EAA /* PreferencesManager.swift in Sources */ = {isa = PBXBuildFile; fileRef = F9934AC2242014F800BC7EAA /* PreferencesManager.swift */; };
		F9934AE6242014F800BC7EAA /* Logger.swift in Sources */ = {isa = PBXBuildFile; fileRef = F9934AC4242014F800BC7EAA /* Logger.swift */; };
		F9934AE7242014F800BC7EAA /* Configuration.swift in Sources */ = {isa = PBXBuildFile; fileRef = F9934AC5242014F800BC7EAA /* Configuration.swift */; };
		F9934B1A2420159700BC7EAA /* QuestionListViewController.swift in Sources */ = {isa = PBXBuildFile; fileRef = F9934AEA2420159700BC7EAA /* QuestionListViewController.swift */; };
		F9934B1B2420159700BC7EAA /* QuestionListViewController.xib in Resources */ = {isa = PBXBuildFile; fileRef = F9934AEB2420159700BC7EAA /* QuestionListViewController.xib */; };
		F9934B1C2420159700BC7EAA /* AttachNoteViewModel.swift in Sources */ = {isa = PBXBuildFile; fileRef = F9934AEC2420159700BC7EAA /* AttachNoteViewModel.swift */; };
		F9934B1D2420159700BC7EAA /* QuestionAnswerViewController.swift in Sources */ = {isa = PBXBuildFile; fileRef = F9934AED2420159700BC7EAA /* QuestionAnswerViewController.swift */; };
		F9934B1E2420159700BC7EAA /* AttachNoteViewController.swift in Sources */ = {isa = PBXBuildFile; fileRef = F9934AEE2420159700BC7EAA /* AttachNoteViewController.swift */; };
		F9934B1F2420159700BC7EAA /* QuestionAnswerViewController.xib in Resources */ = {isa = PBXBuildFile; fileRef = F9934AEF2420159700BC7EAA /* QuestionAnswerViewController.xib */; };
		F9934B202420159700BC7EAA /* NoteViewController.swift in Sources */ = {isa = PBXBuildFile; fileRef = F9934AF02420159700BC7EAA /* NoteViewController.swift */; };
		F9934B212420159700BC7EAA /* NoteViewController.xib in Resources */ = {isa = PBXBuildFile; fileRef = F9934AF12420159700BC7EAA /* NoteViewController.xib */; };
		F9934B222420159700BC7EAA /* AttachNoteViewController.xib in Resources */ = {isa = PBXBuildFile; fileRef = F9934AF22420159700BC7EAA /* AttachNoteViewController.xib */; };
		F9934B232420159700BC7EAA /* QuestionListViewModel.swift in Sources */ = {isa = PBXBuildFile; fileRef = F9934AF32420159700BC7EAA /* QuestionListViewModel.swift */; };
		F9934B242420159700BC7EAA /* QuestionAnswerViewModel.swift in Sources */ = {isa = PBXBuildFile; fileRef = F9934AF42420159700BC7EAA /* QuestionAnswerViewModel.swift */; };
		F9934B252420159700BC7EAA /* NoteViewModel.swift in Sources */ = {isa = PBXBuildFile; fileRef = F9934AF52420159700BC7EAA /* NoteViewModel.swift */; };
		F9934B262420159700BC7EAA /* FormListViewController.xib in Resources */ = {isa = PBXBuildFile; fileRef = F9934AF72420159700BC7EAA /* FormListViewController.xib */; };
		F9934B272420159700BC7EAA /* FormListViewController.swift in Sources */ = {isa = PBXBuildFile; fileRef = F9934AF82420159700BC7EAA /* FormListViewController.swift */; };
		F9934B282420159700BC7EAA /* FormListViewModel.swift in Sources */ = {isa = PBXBuildFile; fileRef = F9934AF92420159700BC7EAA /* FormListViewModel.swift */; };
		F9934B292420159700BC7EAA /* SectionPickerViewModel.swift in Sources */ = {isa = PBXBuildFile; fileRef = F9934AFB2420159700BC7EAA /* SectionPickerViewModel.swift */; };
		F9934B2A2420159700BC7EAA /* SectionDetailsViewController.xib in Resources */ = {isa = PBXBuildFile; fileRef = F9934AFC2420159700BC7EAA /* SectionDetailsViewController.xib */; };
		F9934B2B2420159700BC7EAA /* SectionDetailsViewModel.swift in Sources */ = {isa = PBXBuildFile; fileRef = F9934AFD2420159700BC7EAA /* SectionDetailsViewModel.swift */; };
		F9934B2C2420159700BC7EAA /* SectionDetailsViewController.swift in Sources */ = {isa = PBXBuildFile; fileRef = F9934AFE2420159700BC7EAA /* SectionDetailsViewController.swift */; };
		F9934B2D2420159700BC7EAA /* SectionPickerViewController.swift in Sources */ = {isa = PBXBuildFile; fileRef = F9934AFF2420159700BC7EAA /* SectionPickerViewController.swift */; };
		F9934B2E2420159700BC7EAA /* SectionPickerViewController.xib in Resources */ = {isa = PBXBuildFile; fileRef = F9934B002420159700BC7EAA /* SectionPickerViewController.xib */; };
		F9934B2F2420159700BC7EAA /* LoginViewModel.swift in Sources */ = {isa = PBXBuildFile; fileRef = F9934B022420159700BC7EAA /* LoginViewModel.swift */; };
		F9934B302420159700BC7EAA /* LoginViewController.xib in Resources */ = {isa = PBXBuildFile; fileRef = F9934B032420159700BC7EAA /* LoginViewController.xib */; };
		F9934B312420159700BC7EAA /* LoginViewController.swift in Sources */ = {isa = PBXBuildFile; fileRef = F9934B042420159700BC7EAA /* LoginViewController.swift */; };
		F9934B322420159700BC7EAA /* OnboardingLanguageViewController.swift in Sources */ = {isa = PBXBuildFile; fileRef = F9934B062420159700BC7EAA /* OnboardingLanguageViewController.swift */; };
		F9934B332420159700BC7EAA /* OnboardingChildViewController.xib in Resources */ = {isa = PBXBuildFile; fileRef = F9934B072420159700BC7EAA /* OnboardingChildViewController.xib */; };
		F9934B342420159700BC7EAA /* OnboardingLanguageViewModel.swift in Sources */ = {isa = PBXBuildFile; fileRef = F9934B082420159700BC7EAA /* OnboardingLanguageViewModel.swift */; };
		F9934B352420159700BC7EAA /* OnboardingViewController.xib in Resources */ = {isa = PBXBuildFile; fileRef = F9934B092420159700BC7EAA /* OnboardingViewController.xib */; };
		F9934B362420159700BC7EAA /* OnboardingViewController.swift in Sources */ = {isa = PBXBuildFile; fileRef = F9934B0A2420159700BC7EAA /* OnboardingViewController.swift */; };
		F9934B372420159700BC7EAA /* OnboardingChildViewController.swift in Sources */ = {isa = PBXBuildFile; fileRef = F9934B0B2420159700BC7EAA /* OnboardingChildViewController.swift */; };
		F9934B382420159700BC7EAA /* OnboardingLanguageViewController.xib in Resources */ = {isa = PBXBuildFile; fileRef = F9934B0C2420159700BC7EAA /* OnboardingLanguageViewController.xib */; };
		F9934B392420159700BC7EAA /* OnboardingViewModel.swift in Sources */ = {isa = PBXBuildFile; fileRef = F9934B0D2420159700BC7EAA /* OnboardingViewModel.swift */; };
		F9934B3A2420159700BC7EAA /* TextEntryViewController.xib in Resources */ = {isa = PBXBuildFile; fileRef = F9934B0F2420159700BC7EAA /* TextEntryViewController.xib */; };
		F9934B3B2420159700BC7EAA /* MVViewController.swift in Sources */ = {isa = PBXBuildFile; fileRef = F9934B102420159700BC7EAA /* MVViewController.swift */; };
		F9934B3C2420159700BC7EAA /* EmptyDetailsViewController.xib in Resources */ = {isa = PBXBuildFile; fileRef = F9934B112420159700BC7EAA /* EmptyDetailsViewController.xib */; };
		F9934B3D2420159700BC7EAA /* GenericPickerViewController.swift in Sources */ = {isa = PBXBuildFile; fileRef = F9934B122420159700BC7EAA /* GenericPickerViewController.swift */; };
		F9934B3E2420159700BC7EAA /* GenericPickerViewController.xib in Resources */ = {isa = PBXBuildFile; fileRef = F9934B132420159700BC7EAA /* GenericPickerViewController.xib */; };
		F9934B3F2420159700BC7EAA /* TextEntryViewController.swift in Sources */ = {isa = PBXBuildFile; fileRef = F9934B142420159700BC7EAA /* TextEntryViewController.swift */; };
		F9934B402420159700BC7EAA /* TimePickerViewController.swift in Sources */ = {isa = PBXBuildFile; fileRef = F9934B152420159700BC7EAA /* TimePickerViewController.swift */; };
		F9934B412420159700BC7EAA /* EmptyDetailsViewController.swift in Sources */ = {isa = PBXBuildFile; fileRef = F9934B162420159700BC7EAA /* EmptyDetailsViewController.swift */; };
		F9934B422420159700BC7EAA /* TimePickerViewModel.swift in Sources */ = {isa = PBXBuildFile; fileRef = F9934B172420159700BC7EAA /* TimePickerViewModel.swift */; };
		F9934B432420159700BC7EAA /* TimePickerViewController.xib in Resources */ = {isa = PBXBuildFile; fileRef = F9934B182420159700BC7EAA /* TimePickerViewController.xib */; };
		F9934B442420159700BC7EAA /* GenericPickerViewModel.swift in Sources */ = {isa = PBXBuildFile; fileRef = F9934B192420159700BC7EAA /* GenericPickerViewModel.swift */; };
		F9934B5B2420162400BC7EAA /* QuestionCollectionCell.swift in Sources */ = {isa = PBXBuildFile; fileRef = F9934B472420162400BC7EAA /* QuestionCollectionCell.swift */; };
		F9934B5C2420162400BC7EAA /* QuestionCollectionCell.xib in Resources */ = {isa = PBXBuildFile; fileRef = F9934B482420162400BC7EAA /* QuestionCollectionCell.xib */; };
		F9934B5D2420162400BC7EAA /* ChooserButton.swift in Sources */ = {isa = PBXBuildFile; fileRef = F9934B4A2420162400BC7EAA /* ChooserButton.swift */; };
		F9934B5E2420162400BC7EAA /* ActionButton.swift in Sources */ = {isa = PBXBuildFile; fileRef = F9934B4B2420162400BC7EAA /* ActionButton.swift */; };
		F9934B5F2420162400BC7EAA /* AttachButton.swift in Sources */ = {isa = PBXBuildFile; fileRef = F9934B4C2420162400BC7EAA /* AttachButton.swift */; };
		F9934B602420162400BC7EAA /* DropdownButton.swift in Sources */ = {isa = PBXBuildFile; fileRef = F9934B4D2420162400BC7EAA /* DropdownButton.swift */; };
		F9934B612420162400BC7EAA /* SectionHUDViewController.swift in Sources */ = {isa = PBXBuildFile; fileRef = F9934B4F2420162400BC7EAA /* SectionHUDViewController.swift */; };
		F9934B622420162400BC7EAA /* SectionHUDViewController.xib in Resources */ = {isa = PBXBuildFile; fileRef = F9934B502420162400BC7EAA /* SectionHUDViewController.xib */; };
		F9934B632420162400BC7EAA /* SectionHUDViewModel.swift in Sources */ = {isa = PBXBuildFile; fileRef = F9934B512420162400BC7EAA /* SectionHUDViewModel.swift */; };
		F9934B642420162400BC7EAA /* QuestionTableCell.swift in Sources */ = {isa = PBXBuildFile; fileRef = F9934B532420162400BC7EAA /* QuestionTableCell.swift */; };
		F9934B652420162400BC7EAA /* NoteHistoryTableCell.xib in Resources */ = {isa = PBXBuildFile; fileRef = F9934B542420162400BC7EAA /* NoteHistoryTableCell.xib */; };
		F9934B662420162400BC7EAA /* QuestionTableCell.xib in Resources */ = {isa = PBXBuildFile; fileRef = F9934B552420162400BC7EAA /* QuestionTableCell.xib */; };
		F9934B672420162400BC7EAA /* FormSetTableCell.xib in Resources */ = {isa = PBXBuildFile; fileRef = F9934B562420162400BC7EAA /* FormSetTableCell.xib */; };
		F9934B682420162400BC7EAA /* FormSetTableCell.swift in Sources */ = {isa = PBXBuildFile; fileRef = F9934B572420162400BC7EAA /* FormSetTableCell.swift */; };
		F9934B692420162400BC7EAA /* NoteHistoryTableCell.swift in Sources */ = {isa = PBXBuildFile; fileRef = F9934B582420162400BC7EAA /* NoteHistoryTableCell.swift */; };
		F9934B6A2420162400BC7EAA /* DefaultTableHeader.swift in Sources */ = {isa = PBXBuildFile; fileRef = F9934B5A2420162400BC7EAA /* DefaultTableHeader.swift */; };
/* End PBXBuildFile section */

/* Begin PBXContainerItemProxy section */
		EF4BD39E1D9D08DE0042BEC7 /* PBXContainerItemProxy */ = {
			isa = PBXContainerItemProxy;
			containerPortal = EF4BD3791D9D08DE0042BEC7 /* Project object */;
			proxyType = 1;
			remoteGlobalIDString = EF4BD3801D9D08DE0042BEC7;
			remoteInfo = MonitorizareVot;
		};
		EF4BD3A91D9D08DE0042BEC7 /* PBXContainerItemProxy */ = {
			isa = PBXContainerItemProxy;
			containerPortal = EF4BD3791D9D08DE0042BEC7 /* Project object */;
			proxyType = 1;
			remoteGlobalIDString = EF4BD3801D9D08DE0042BEC7;
			remoteInfo = MonitorizareVot;
		};
/* End PBXContainerItemProxy section */

/* Begin PBXFileReference section */
		17220BEAAF40F0C9F0CE43ED /* Pods_MonitorizareVot.framework */ = {isa = PBXFileReference; explicitFileType = wrapper.framework; includeInIndex = 0; path = Pods_MonitorizareVot.framework; sourceTree = BUILT_PRODUCTS_DIR; };
		27EDBD2621465D290060DB8A /* Base */ = {isa = PBXFileReference; lastKnownFileType = text.plist.strings; name = Base; path = Base.lproj/Localizable.strings; sourceTree = "<group>"; };
		27EDBD2821465D480060DB8A /* ro */ = {isa = PBXFileReference; lastKnownFileType = text.plist.strings; name = ro; path = ro.lproj/Localizable.strings; sourceTree = "<group>"; };
		2817EA232358FA8E0029AD4C /* APITests.swift */ = {isa = PBXFileReference; lastKnownFileType = sourcecode.swift; path = APITests.swift; sourceTree = "<group>"; };
		2817EA252358FA8E0029AD4C /* Info.plist */ = {isa = PBXFileReference; lastKnownFileType = text.plist.xml; path = Info.plist; sourceTree = "<group>"; };
		2817EA2B2358FAB60029AD4C /* MonitorizareVotTests-Bridging-Header.h */ = {isa = PBXFileReference; lastKnownFileType = sourcecode.c.h; path = "MonitorizareVotTests-Bridging-Header.h"; sourceTree = "<group>"; };
		2817EA2C2358FAB60029AD4C /* APITests.swift */ = {isa = PBXFileReference; lastKnownFileType = sourcecode.swift; path = APITests.swift; sourceTree = "<group>"; };
		28508622236D9C6000189D94 /* Launch Screen.storyboard */ = {isa = PBXFileReference; lastKnownFileType = file.storyboard; path = "Launch Screen.storyboard"; sourceTree = "<group>"; };
		28735F82226B19F600B4DB0B /* CustomConfiguration.xcconfig */ = {isa = PBXFileReference; lastKnownFileType = text.xcconfig; path = CustomConfiguration.xcconfig; sourceTree = "<group>"; };
		28C363962364AB700084065C /* MonitorizareVot.entitlements */ = {isa = PBXFileReference; lastKnownFileType = text.plist.entitlements; path = MonitorizareVot.entitlements; sourceTree = "<group>"; };
		28DBDABC23701DBD004EAD83 /* en */ = {isa = PBXFileReference; lastKnownFileType = text.plist.strings; name = en; path = en.lproj/InfoPlist.strings; sourceTree = "<group>"; };
		28DBDABE23701DCA004EAD83 /* ro */ = {isa = PBXFileReference; lastKnownFileType = text.plist.strings; name = ro; path = ro.lproj/InfoPlist.strings; sourceTree = "<group>"; };
		28F280E2223A3D8C002B3E9A /* GoogleService-Info.plist */ = {isa = PBXFileReference; fileEncoding = 4; lastKnownFileType = text.plist.xml; path = "GoogleService-Info.plist"; sourceTree = "<group>"; };
		28F280E4223A3FA7002B3E9A /* README.md */ = {isa = PBXFileReference; lastKnownFileType = net.daringfireball.markdown; path = README.md; sourceTree = "<group>"; };
		2C95EF7A92703E67898E5413 /* Pods-MonitorizareVotTests.release.xcconfig */ = {isa = PBXFileReference; includeInIndex = 1; lastKnownFileType = text.xcconfig; name = "Pods-MonitorizareVotTests.release.xcconfig"; path = "Pods/Target Support Files/Pods-MonitorizareVotTests/Pods-MonitorizareVotTests.release.xcconfig"; sourceTree = "<group>"; };
		3827A6E40E14823BEBEB13D9 /* Pods_MonitorizareVotTests.framework */ = {isa = PBXFileReference; explicitFileType = wrapper.framework; includeInIndex = 0; path = Pods_MonitorizareVotTests.framework; sourceTree = BUILT_PRODUCTS_DIR; };
		6141F9F392CCD91B6DE2B780 /* Pods-MonitorizareVot.release.xcconfig */ = {isa = PBXFileReference; includeInIndex = 1; lastKnownFileType = text.xcconfig; name = "Pods-MonitorizareVot.release.xcconfig"; path = "Pods/Target Support Files/Pods-MonitorizareVot/Pods-MonitorizareVot.release.xcconfig"; sourceTree = "<group>"; };
		626B7494E0E905A8AEF30B00 /* Pods-MonitorizareVotTests.debug.xcconfig */ = {isa = PBXFileReference; includeInIndex = 1; lastKnownFileType = text.xcconfig; name = "Pods-MonitorizareVotTests.debug.xcconfig"; path = "Pods/Target Support Files/Pods-MonitorizareVotTests/Pods-MonitorizareVotTests.debug.xcconfig"; sourceTree = "<group>"; };
		67EE98CD22A29D87006E4762 /* GoogleService-Info.plist */ = {isa = PBXFileReference; fileEncoding = 4; lastKnownFileType = text.plist.xml; path = "GoogleService-Info.plist"; sourceTree = "<group>"; };
		7F4B4D98801626552C357D41 /* Pods-MonitorizareVotUITests.debug.xcconfig */ = {isa = PBXFileReference; includeInIndex = 1; lastKnownFileType = text.xcconfig; name = "Pods-MonitorizareVotUITests.debug.xcconfig"; path = "Pods/Target Support Files/Pods-MonitorizareVotUITests/Pods-MonitorizareVotUITests.debug.xcconfig"; sourceTree = "<group>"; };
		90CF95CA02DCD8E741C5686D /* Pods-MonitorizareVot.debug.xcconfig */ = {isa = PBXFileReference; includeInIndex = 1; lastKnownFileType = text.xcconfig; name = "Pods-MonitorizareVot.debug.xcconfig"; path = "Pods/Target Support Files/Pods-MonitorizareVot/Pods-MonitorizareVot.debug.xcconfig"; sourceTree = "<group>"; };
		DB2E1514E94213D72327CF3C /* Pods_MonitorizareVotUITests.framework */ = {isa = PBXFileReference; explicitFileType = wrapper.framework; includeInIndex = 0; path = Pods_MonitorizareVotUITests.framework; sourceTree = BUILT_PRODUCTS_DIR; };
		EF4BD3811D9D08DE0042BEC7 /* MonitorizareVot.app */ = {isa = PBXFileReference; explicitFileType = wrapper.application; includeInIndex = 0; path = MonitorizareVot.app; sourceTree = BUILT_PRODUCTS_DIR; };
		EF4BD3911D9D08DE0042BEC7 /* s.xcdatamodel */ = {isa = PBXFileReference; lastKnownFileType = wrapper.xcdatamodel; path = s.xcdatamodel; sourceTree = "<group>"; };
		EF4BD3981D9D08DE0042BEC7 /* Info.plist */ = {isa = PBXFileReference; lastKnownFileType = text.plist.xml; path = Info.plist; sourceTree = "<group>"; };
		EF4BD39D1D9D08DE0042BEC7 /* MonitorizareVotTests.xctest */ = {isa = PBXFileReference; explicitFileType = wrapper.cfbundle; includeInIndex = 0; path = MonitorizareVotTests.xctest; sourceTree = BUILT_PRODUCTS_DIR; };
		EF4BD3A11D9D08DE0042BEC7 /* MonitorizareVotTests.m */ = {isa = PBXFileReference; lastKnownFileType = sourcecode.c.objc; path = MonitorizareVotTests.m; sourceTree = "<group>"; };
		EF4BD3A31D9D08DE0042BEC7 /* Info.plist */ = {isa = PBXFileReference; lastKnownFileType = text.plist.xml; path = Info.plist; sourceTree = "<group>"; };
		EF4BD3A81D9D08DE0042BEC7 /* MonitorizareVotUITests.xctest */ = {isa = PBXFileReference; explicitFileType = wrapper.cfbundle; includeInIndex = 0; path = MonitorizareVotUITests.xctest; sourceTree = BUILT_PRODUCTS_DIR; };
		EF4BD3AC1D9D08DE0042BEC7 /* MonitorizareVotUITests.m */ = {isa = PBXFileReference; lastKnownFileType = sourcecode.c.objc; path = MonitorizareVotUITests.m; sourceTree = "<group>"; };
		EF4BD3AE1D9D08DE0042BEC7 /* Info.plist */ = {isa = PBXFileReference; lastKnownFileType = text.plist.xml; path = Info.plist; sourceTree = "<group>"; };
		F0644FE9EC6A7ABF8A6EE0DC /* Pods-MonitorizareVotUITests.release.xcconfig */ = {isa = PBXFileReference; includeInIndex = 1; lastKnownFileType = text.xcconfig; name = "Pods-MonitorizareVotUITests.release.xcconfig"; path = "Pods/Target Support Files/Pods-MonitorizareVotUITests/Pods-MonitorizareVotUITests.release.xcconfig"; sourceTree = "<group>"; };
		F9934A962420127D00BC7EAA /* Assets.xcassets */ = {isa = PBXFileReference; lastKnownFileType = folder.assetcatalog; path = Assets.xcassets; sourceTree = "<group>"; };
		F9934A9B2420131800BC7EAA /* AppDelegate.swift */ = {isa = PBXFileReference; fileEncoding = 4; lastKnownFileType = sourcecode.swift; path = AppDelegate.swift; sourceTree = "<group>"; };
		F9934A9F242014F800BC7EAA /* CoreDataInitialiser.swift */ = {isa = PBXFileReference; fileEncoding = 4; lastKnownFileType = sourcecode.swift; path = CoreDataInitialiser.swift; sourceTree = "<group>"; };
		F9934AA0242014F800BC7EAA /* DB.swift */ = {isa = PBXFileReference; fileEncoding = 4; lastKnownFileType = sourcecode.swift; path = DB.swift; sourceTree = "<group>"; };
		F9934AA1242014F800BC7EAA /* RemoteSyncer.swift */ = {isa = PBXFileReference; fileEncoding = 4; lastKnownFileType = sourcecode.swift; path = RemoteSyncer.swift; sourceTree = "<group>"; };
		F9934AA3242014F800BC7EAA /* Question+CoreDataProperties.swift */ = {isa = PBXFileReference; fileEncoding = 4; lastKnownFileType = sourcecode.swift; path = "Question+CoreDataProperties.swift"; sourceTree = "<group>"; };
		F9934AA4242014F800BC7EAA /* SectionInfo+CoreDataClass.swift */ = {isa = PBXFileReference; fileEncoding = 4; lastKnownFileType = sourcecode.swift; path = "SectionInfo+CoreDataClass.swift"; sourceTree = "<group>"; };
		F9934AA5242014F800BC7EAA /* Answer+CoreDataProperties.swift */ = {isa = PBXFileReference; fileEncoding = 4; lastKnownFileType = sourcecode.swift; path = "Answer+CoreDataProperties.swift"; sourceTree = "<group>"; };
		F9934AA6242014F800BC7EAA /* Answer+CoreDataClass.swift */ = {isa = PBXFileReference; fileEncoding = 4; lastKnownFileType = sourcecode.swift; path = "Answer+CoreDataClass.swift"; sourceTree = "<group>"; };
		F9934AA7242014F800BC7EAA /* Question+CoreDataClass.swift */ = {isa = PBXFileReference; fileEncoding = 4; lastKnownFileType = sourcecode.swift; path = "Question+CoreDataClass.swift"; sourceTree = "<group>"; };
		F9934AA8242014F800BC7EAA /* Note+CoreDataProperties.swift */ = {isa = PBXFileReference; fileEncoding = 4; lastKnownFileType = sourcecode.swift; path = "Note+CoreDataProperties.swift"; sourceTree = "<group>"; };
		F9934AA9242014F800BC7EAA /* SectionInfo+CoreDataProperties.swift */ = {isa = PBXFileReference; fileEncoding = 4; lastKnownFileType = sourcecode.swift; path = "SectionInfo+CoreDataProperties.swift"; sourceTree = "<group>"; };
		F9934AAA242014F800BC7EAA /* NoteContainer.swift */ = {isa = PBXFileReference; fileEncoding = 4; lastKnownFileType = sourcecode.swift; path = NoteContainer.swift; sourceTree = "<group>"; };
		F9934AAB242014F800BC7EAA /* Note+CoreDataClass.swift */ = {isa = PBXFileReference; fileEncoding = 4; lastKnownFileType = sourcecode.swift; path = "Note+CoreDataClass.swift"; sourceTree = "<group>"; };
		F9934AAC242014F800BC7EAA /* ReachabilityManager.swift */ = {isa = PBXFileReference; fileEncoding = 4; lastKnownFileType = sourcecode.swift; path = ReachabilityManager.swift; sourceTree = "<group>"; };
		F9934AAD242014F800BC7EAA /* AppRouter.swift */ = {isa = PBXFileReference; fileEncoding = 4; lastKnownFileType = sourcecode.swift; path = AppRouter.swift; sourceTree = "<group>"; };
		F9934AAE242014F800BC7EAA /* MVAnalytics.swift */ = {isa = PBXFileReference; fileEncoding = 4; lastKnownFileType = sourcecode.swift; path = MVAnalytics.swift; sourceTree = "<group>"; };
		F9934AB0242014F800BC7EAA /* ApplicationData.swift */ = {isa = PBXFileReference; fileEncoding = 4; lastKnownFileType = sourcecode.swift; path = ApplicationData.swift; sourceTree = "<group>"; };
		F9934AB1242014F800BC7EAA /* LocalStorage.swift */ = {isa = PBXFileReference; fileEncoding = 4; lastKnownFileType = sourcecode.swift; path = LocalStorage.swift; sourceTree = "<group>"; };
		F9934AB3242014F800BC7EAA /* UIViewController+Helpers.swift */ = {isa = PBXFileReference; fileEncoding = 4; lastKnownFileType = sourcecode.swift; path = "UIViewController+Helpers.swift"; sourceTree = "<group>"; };
		F9934AB4242014F800BC7EAA /* Alerts.swift */ = {isa = PBXFileReference; fileEncoding = 4; lastKnownFileType = sourcecode.swift; path = Alerts.swift; sourceTree = "<group>"; };
		F9934AB5242014F800BC7EAA /* Formatters.swift */ = {isa = PBXFileReference; fileEncoding = 4; lastKnownFileType = sourcecode.swift; path = Formatters.swift; sourceTree = "<group>"; };
		F9934AB6242014F800BC7EAA /* String+Localization.swift */ = {isa = PBXFileReference; fileEncoding = 4; lastKnownFileType = sourcecode.swift; path = "String+Localization.swift"; sourceTree = "<group>"; };
		F9934AB7242014F800BC7EAA /* UITableView+HeaderAutoLayout.swift */ = {isa = PBXFileReference; fileEncoding = 4; lastKnownFileType = sourcecode.swift; path = "UITableView+HeaderAutoLayout.swift"; sourceTree = "<group>"; };
		F9934AB8242014F800BC7EAA /* NotificationsManager.swift */ = {isa = PBXFileReference; fileEncoding = 4; lastKnownFileType = sourcecode.swift; path = NotificationsManager.swift; sourceTree = "<group>"; };
		F9934AB9242014F800BC7EAA /* RemoteConfigManager.swift */ = {isa = PBXFileReference; fileEncoding = 4; lastKnownFileType = sourcecode.swift; path = RemoteConfigManager.swift; sourceTree = "<group>"; };
		F9934ABA242014F800BC7EAA /* UIColor+Presets.swift */ = {isa = PBXFileReference; fileEncoding = 4; lastKnownFileType = sourcecode.swift; path = "UIColor+Presets.swift"; sourceTree = "<group>"; };
		F9934ABB242014F800BC7EAA /* UIImage+Utils.swift */ = {isa = PBXFileReference; fileEncoding = 4; lastKnownFileType = sourcecode.swift; path = "UIImage+Utils.swift"; sourceTree = "<group>"; };
		F9934ABD242014F800BC7EAA /* ApiModels.swift */ = {isa = PBXFileReference; fileEncoding = 4; lastKnownFileType = sourcecode.swift; path = ApiModels.swift; sourceTree = "<group>"; };
		F9934ABE242014F800BC7EAA /* AccountManager.swift */ = {isa = PBXFileReference; fileEncoding = 4; lastKnownFileType = sourcecode.swift; path = AccountManager.swift; sourceTree = "<group>"; };
		F9934ABF242014F800BC7EAA /* APIManager.swift */ = {isa = PBXFileReference; fileEncoding = 4; lastKnownFileType = sourcecode.swift; path = APIManager.swift; sourceTree = "<group>"; };
		F9934AC0242014F800BC7EAA /* AppUpdateManager.swift */ = {isa = PBXFileReference; fileEncoding = 4; lastKnownFileType = sourcecode.swift; path = AppUpdateManager.swift; sourceTree = "<group>"; };
		F9934AC1242014F800BC7EAA /* ApiURL.swift */ = {isa = PBXFileReference; fileEncoding = 4; lastKnownFileType = sourcecode.swift; path = ApiURL.swift; sourceTree = "<group>"; };
		F9934AC2242014F800BC7EAA /* PreferencesManager.swift */ = {isa = PBXFileReference; fileEncoding = 4; lastKnownFileType = sourcecode.swift; path = PreferencesManager.swift; sourceTree = "<group>"; };
		F9934AC4242014F800BC7EAA /* Logger.swift */ = {isa = PBXFileReference; fileEncoding = 4; lastKnownFileType = sourcecode.swift; path = Logger.swift; sourceTree = "<group>"; };
		F9934AC5242014F800BC7EAA /* Configuration.swift */ = {isa = PBXFileReference; fileEncoding = 4; lastKnownFileType = sourcecode.swift; path = Configuration.swift; sourceTree = "<group>"; };
		F9934AEA2420159700BC7EAA /* QuestionListViewController.swift */ = {isa = PBXFileReference; fileEncoding = 4; lastKnownFileType = sourcecode.swift; path = QuestionListViewController.swift; sourceTree = "<group>"; };
		F9934AEB2420159700BC7EAA /* QuestionListViewController.xib */ = {isa = PBXFileReference; fileEncoding = 4; lastKnownFileType = file.xib; path = QuestionListViewController.xib; sourceTree = "<group>"; };
		F9934AEC2420159700BC7EAA /* AttachNoteViewModel.swift */ = {isa = PBXFileReference; fileEncoding = 4; lastKnownFileType = sourcecode.swift; path = AttachNoteViewModel.swift; sourceTree = "<group>"; };
		F9934AED2420159700BC7EAA /* QuestionAnswerViewController.swift */ = {isa = PBXFileReference; fileEncoding = 4; lastKnownFileType = sourcecode.swift; path = QuestionAnswerViewController.swift; sourceTree = "<group>"; };
		F9934AEE2420159700BC7EAA /* AttachNoteViewController.swift */ = {isa = PBXFileReference; fileEncoding = 4; lastKnownFileType = sourcecode.swift; path = AttachNoteViewController.swift; sourceTree = "<group>"; };
		F9934AEF2420159700BC7EAA /* QuestionAnswerViewController.xib */ = {isa = PBXFileReference; fileEncoding = 4; lastKnownFileType = file.xib; path = QuestionAnswerViewController.xib; sourceTree = "<group>"; };
		F9934AF02420159700BC7EAA /* NoteViewController.swift */ = {isa = PBXFileReference; fileEncoding = 4; lastKnownFileType = sourcecode.swift; path = NoteViewController.swift; sourceTree = "<group>"; };
		F9934AF12420159700BC7EAA /* NoteViewController.xib */ = {isa = PBXFileReference; fileEncoding = 4; lastKnownFileType = file.xib; path = NoteViewController.xib; sourceTree = "<group>"; };
		F9934AF22420159700BC7EAA /* AttachNoteViewController.xib */ = {isa = PBXFileReference; fileEncoding = 4; lastKnownFileType = file.xib; path = AttachNoteViewController.xib; sourceTree = "<group>"; };
		F9934AF32420159700BC7EAA /* QuestionListViewModel.swift */ = {isa = PBXFileReference; fileEncoding = 4; lastKnownFileType = sourcecode.swift; path = QuestionListViewModel.swift; sourceTree = "<group>"; };
		F9934AF42420159700BC7EAA /* QuestionAnswerViewModel.swift */ = {isa = PBXFileReference; fileEncoding = 4; lastKnownFileType = sourcecode.swift; path = QuestionAnswerViewModel.swift; sourceTree = "<group>"; };
		F9934AF52420159700BC7EAA /* NoteViewModel.swift */ = {isa = PBXFileReference; fileEncoding = 4; lastKnownFileType = sourcecode.swift; path = NoteViewModel.swift; sourceTree = "<group>"; };
		F9934AF72420159700BC7EAA /* FormListViewController.xib */ = {isa = PBXFileReference; fileEncoding = 4; lastKnownFileType = file.xib; path = FormListViewController.xib; sourceTree = "<group>"; };
		F9934AF82420159700BC7EAA /* FormListViewController.swift */ = {isa = PBXFileReference; fileEncoding = 4; lastKnownFileType = sourcecode.swift; path = FormListViewController.swift; sourceTree = "<group>"; };
		F9934AF92420159700BC7EAA /* FormListViewModel.swift */ = {isa = PBXFileReference; fileEncoding = 4; lastKnownFileType = sourcecode.swift; path = FormListViewModel.swift; sourceTree = "<group>"; };
		F9934AFB2420159700BC7EAA /* SectionPickerViewModel.swift */ = {isa = PBXFileReference; fileEncoding = 4; lastKnownFileType = sourcecode.swift; path = SectionPickerViewModel.swift; sourceTree = "<group>"; };
		F9934AFC2420159700BC7EAA /* SectionDetailsViewController.xib */ = {isa = PBXFileReference; fileEncoding = 4; lastKnownFileType = file.xib; path = SectionDetailsViewController.xib; sourceTree = "<group>"; };
		F9934AFD2420159700BC7EAA /* SectionDetailsViewModel.swift */ = {isa = PBXFileReference; fileEncoding = 4; lastKnownFileType = sourcecode.swift; path = SectionDetailsViewModel.swift; sourceTree = "<group>"; };
		F9934AFE2420159700BC7EAA /* SectionDetailsViewController.swift */ = {isa = PBXFileReference; fileEncoding = 4; lastKnownFileType = sourcecode.swift; path = SectionDetailsViewController.swift; sourceTree = "<group>"; };
		F9934AFF2420159700BC7EAA /* SectionPickerViewController.swift */ = {isa = PBXFileReference; fileEncoding = 4; lastKnownFileType = sourcecode.swift; path = SectionPickerViewController.swift; sourceTree = "<group>"; };
		F9934B002420159700BC7EAA /* SectionPickerViewController.xib */ = {isa = PBXFileReference; fileEncoding = 4; lastKnownFileType = file.xib; path = SectionPickerViewController.xib; sourceTree = "<group>"; };
		F9934B022420159700BC7EAA /* LoginViewModel.swift */ = {isa = PBXFileReference; fileEncoding = 4; lastKnownFileType = sourcecode.swift; path = LoginViewModel.swift; sourceTree = "<group>"; };
		F9934B032420159700BC7EAA /* LoginViewController.xib */ = {isa = PBXFileReference; fileEncoding = 4; lastKnownFileType = file.xib; path = LoginViewController.xib; sourceTree = "<group>"; };
		F9934B042420159700BC7EAA /* LoginViewController.swift */ = {isa = PBXFileReference; fileEncoding = 4; lastKnownFileType = sourcecode.swift; path = LoginViewController.swift; sourceTree = "<group>"; };
		F9934B062420159700BC7EAA /* OnboardingLanguageViewController.swift */ = {isa = PBXFileReference; fileEncoding = 4; lastKnownFileType = sourcecode.swift; path = OnboardingLanguageViewController.swift; sourceTree = "<group>"; };
		F9934B072420159700BC7EAA /* OnboardingChildViewController.xib */ = {isa = PBXFileReference; fileEncoding = 4; lastKnownFileType = file.xib; path = OnboardingChildViewController.xib; sourceTree = "<group>"; };
		F9934B082420159700BC7EAA /* OnboardingLanguageViewModel.swift */ = {isa = PBXFileReference; fileEncoding = 4; lastKnownFileType = sourcecode.swift; path = OnboardingLanguageViewModel.swift; sourceTree = "<group>"; };
		F9934B092420159700BC7EAA /* OnboardingViewController.xib */ = {isa = PBXFileReference; fileEncoding = 4; lastKnownFileType = file.xib; path = OnboardingViewController.xib; sourceTree = "<group>"; };
		F9934B0A2420159700BC7EAA /* OnboardingViewController.swift */ = {isa = PBXFileReference; fileEncoding = 4; lastKnownFileType = sourcecode.swift; path = OnboardingViewController.swift; sourceTree = "<group>"; };
		F9934B0B2420159700BC7EAA /* OnboardingChildViewController.swift */ = {isa = PBXFileReference; fileEncoding = 4; lastKnownFileType = sourcecode.swift; path = OnboardingChildViewController.swift; sourceTree = "<group>"; };
		F9934B0C2420159700BC7EAA /* OnboardingLanguageViewController.xib */ = {isa = PBXFileReference; fileEncoding = 4; lastKnownFileType = file.xib; path = OnboardingLanguageViewController.xib; sourceTree = "<group>"; };
		F9934B0D2420159700BC7EAA /* OnboardingViewModel.swift */ = {isa = PBXFileReference; fileEncoding = 4; lastKnownFileType = sourcecode.swift; path = OnboardingViewModel.swift; sourceTree = "<group>"; };
		F9934B0F2420159700BC7EAA /* TextEntryViewController.xib */ = {isa = PBXFileReference; fileEncoding = 4; lastKnownFileType = file.xib; path = TextEntryViewController.xib; sourceTree = "<group>"; };
		F9934B102420159700BC7EAA /* MVViewController.swift */ = {isa = PBXFileReference; fileEncoding = 4; lastKnownFileType = sourcecode.swift; path = MVViewController.swift; sourceTree = "<group>"; };
		F9934B112420159700BC7EAA /* EmptyDetailsViewController.xib */ = {isa = PBXFileReference; fileEncoding = 4; lastKnownFileType = file.xib; path = EmptyDetailsViewController.xib; sourceTree = "<group>"; };
		F9934B122420159700BC7EAA /* GenericPickerViewController.swift */ = {isa = PBXFileReference; fileEncoding = 4; lastKnownFileType = sourcecode.swift; path = GenericPickerViewController.swift; sourceTree = "<group>"; };
		F9934B132420159700BC7EAA /* GenericPickerViewController.xib */ = {isa = PBXFileReference; fileEncoding = 4; lastKnownFileType = file.xib; path = GenericPickerViewController.xib; sourceTree = "<group>"; };
		F9934B142420159700BC7EAA /* TextEntryViewController.swift */ = {isa = PBXFileReference; fileEncoding = 4; lastKnownFileType = sourcecode.swift; path = TextEntryViewController.swift; sourceTree = "<group>"; };
		F9934B152420159700BC7EAA /* TimePickerViewController.swift */ = {isa = PBXFileReference; fileEncoding = 4; lastKnownFileType = sourcecode.swift; path = TimePickerViewController.swift; sourceTree = "<group>"; };
		F9934B162420159700BC7EAA /* EmptyDetailsViewController.swift */ = {isa = PBXFileReference; fileEncoding = 4; lastKnownFileType = sourcecode.swift; path = EmptyDetailsViewController.swift; sourceTree = "<group>"; };
		F9934B172420159700BC7EAA /* TimePickerViewModel.swift */ = {isa = PBXFileReference; fileEncoding = 4; lastKnownFileType = sourcecode.swift; path = TimePickerViewModel.swift; sourceTree = "<group>"; };
		F9934B182420159700BC7EAA /* TimePickerViewController.xib */ = {isa = PBXFileReference; fileEncoding = 4; lastKnownFileType = file.xib; path = TimePickerViewController.xib; sourceTree = "<group>"; };
		F9934B192420159700BC7EAA /* GenericPickerViewModel.swift */ = {isa = PBXFileReference; fileEncoding = 4; lastKnownFileType = sourcecode.swift; path = GenericPickerViewModel.swift; sourceTree = "<group>"; };
		F9934B472420162400BC7EAA /* QuestionCollectionCell.swift */ = {isa = PBXFileReference; fileEncoding = 4; lastKnownFileType = sourcecode.swift; path = QuestionCollectionCell.swift; sourceTree = "<group>"; };
		F9934B482420162400BC7EAA /* QuestionCollectionCell.xib */ = {isa = PBXFileReference; fileEncoding = 4; lastKnownFileType = file.xib; path = QuestionCollectionCell.xib; sourceTree = "<group>"; };
		F9934B4A2420162400BC7EAA /* ChooserButton.swift */ = {isa = PBXFileReference; fileEncoding = 4; lastKnownFileType = sourcecode.swift; path = ChooserButton.swift; sourceTree = "<group>"; };
		F9934B4B2420162400BC7EAA /* ActionButton.swift */ = {isa = PBXFileReference; fileEncoding = 4; lastKnownFileType = sourcecode.swift; path = ActionButton.swift; sourceTree = "<group>"; };
		F9934B4C2420162400BC7EAA /* AttachButton.swift */ = {isa = PBXFileReference; fileEncoding = 4; lastKnownFileType = sourcecode.swift; path = AttachButton.swift; sourceTree = "<group>"; };
		F9934B4D2420162400BC7EAA /* DropdownButton.swift */ = {isa = PBXFileReference; fileEncoding = 4; lastKnownFileType = sourcecode.swift; path = DropdownButton.swift; sourceTree = "<group>"; };
		F9934B4F2420162400BC7EAA /* SectionHUDViewController.swift */ = {isa = PBXFileReference; fileEncoding = 4; lastKnownFileType = sourcecode.swift; path = SectionHUDViewController.swift; sourceTree = "<group>"; };
		F9934B502420162400BC7EAA /* SectionHUDViewController.xib */ = {isa = PBXFileReference; fileEncoding = 4; lastKnownFileType = file.xib; path = SectionHUDViewController.xib; sourceTree = "<group>"; };
		F9934B512420162400BC7EAA /* SectionHUDViewModel.swift */ = {isa = PBXFileReference; fileEncoding = 4; lastKnownFileType = sourcecode.swift; path = SectionHUDViewModel.swift; sourceTree = "<group>"; };
		F9934B532420162400BC7EAA /* QuestionTableCell.swift */ = {isa = PBXFileReference; fileEncoding = 4; lastKnownFileType = sourcecode.swift; path = QuestionTableCell.swift; sourceTree = "<group>"; };
		F9934B542420162400BC7EAA /* NoteHistoryTableCell.xib */ = {isa = PBXFileReference; fileEncoding = 4; lastKnownFileType = file.xib; path = NoteHistoryTableCell.xib; sourceTree = "<group>"; };
		F9934B552420162400BC7EAA /* QuestionTableCell.xib */ = {isa = PBXFileReference; fileEncoding = 4; lastKnownFileType = file.xib; path = QuestionTableCell.xib; sourceTree = "<group>"; };
		F9934B562420162400BC7EAA /* FormSetTableCell.xib */ = {isa = PBXFileReference; fileEncoding = 4; lastKnownFileType = file.xib; path = FormSetTableCell.xib; sourceTree = "<group>"; };
		F9934B572420162400BC7EAA /* FormSetTableCell.swift */ = {isa = PBXFileReference; fileEncoding = 4; lastKnownFileType = sourcecode.swift; path = FormSetTableCell.swift; sourceTree = "<group>"; };
		F9934B582420162400BC7EAA /* NoteHistoryTableCell.swift */ = {isa = PBXFileReference; fileEncoding = 4; lastKnownFileType = sourcecode.swift; path = NoteHistoryTableCell.swift; sourceTree = "<group>"; };
		F9934B5A2420162400BC7EAA /* DefaultTableHeader.swift */ = {isa = PBXFileReference; fileEncoding = 4; lastKnownFileType = sourcecode.swift; path = DefaultTableHeader.swift; sourceTree = "<group>"; };
/* End PBXFileReference section */

/* Begin PBXFrameworksBuildPhase section */
		EF4BD37E1D9D08DE0042BEC7 /* Frameworks */ = {
			isa = PBXFrameworksBuildPhase;
			buildActionMask = 2147483647;
			files = (
				55A0F006987479F41A76966C /* Pods_MonitorizareVot.framework in Frameworks */,
			);
			runOnlyForDeploymentPostprocessing = 0;
		};
		EF4BD39A1D9D08DE0042BEC7 /* Frameworks */ = {
			isa = PBXFrameworksBuildPhase;
			buildActionMask = 2147483647;
			files = (
				C79A3041BFF1FED83C00E5F3 /* Pods_MonitorizareVotTests.framework in Frameworks */,
			);
			runOnlyForDeploymentPostprocessing = 0;
		};
		EF4BD3A51D9D08DE0042BEC7 /* Frameworks */ = {
			isa = PBXFrameworksBuildPhase;
			buildActionMask = 2147483647;
			files = (
				64726B5FB8079F4FDA2D91E0 /* Pods_MonitorizareVotUITests.framework in Frameworks */,
			);
			runOnlyForDeploymentPostprocessing = 0;
		};
/* End PBXFrameworksBuildPhase section */

/* Begin PBXGroup section */
		0EFC16FC3E4279B722E76656 /* Pods */ = {
			isa = PBXGroup;
			children = (
				90CF95CA02DCD8E741C5686D /* Pods-MonitorizareVot.debug.xcconfig */,
				6141F9F392CCD91B6DE2B780 /* Pods-MonitorizareVot.release.xcconfig */,
				626B7494E0E905A8AEF30B00 /* Pods-MonitorizareVotTests.debug.xcconfig */,
				2C95EF7A92703E67898E5413 /* Pods-MonitorizareVotTests.release.xcconfig */,
				7F4B4D98801626552C357D41 /* Pods-MonitorizareVotUITests.debug.xcconfig */,
				F0644FE9EC6A7ABF8A6EE0DC /* Pods-MonitorizareVotUITests.release.xcconfig */,
			);
			name = Pods;
			sourceTree = "<group>";
		};
		2817EA222358FA8E0029AD4C /* APITests */ = {
			isa = PBXGroup;
			children = (
				2817EA232358FA8E0029AD4C /* APITests.swift */,
				2817EA252358FA8E0029AD4C /* Info.plist */,
			);
			path = APITests;
			sourceTree = "<group>";
		};
		289E1E77235EF607000C92A0 /* Recovered References */ = {
			isa = PBXGroup;
			children = (
				28F280E2223A3D8C002B3E9A /* GoogleService-Info.plist */,
			);
			name = "Recovered References";
			sourceTree = "<group>";
		};
		28B3DA7E23A4E3E400BEF6C0 /* Localizations */ = {
			isa = PBXGroup;
			children = (
				27EDBD2421465D190060DB8A /* Localizable.strings */,
				28DBDABD23701DBD004EAD83 /* InfoPlist.strings */,
			);
			path = Localizations;
			sourceTree = "<group>";
		};
		28F280E1223A3D8C002B3E9A /* Config */ = {
			isa = PBXGroup;
			children = (
				67EE98CD22A29D87006E4762 /* GoogleService-Info.plist */,
				28735F82226B19F600B4DB0B /* CustomConfiguration.xcconfig */,
				28F280E4223A3FA7002B3E9A /* README.md */,
			);
			path = Config;
			sourceTree = SOURCE_ROOT;
		};
		73D320017882699B296EB213 /* Frameworks */ = {
			isa = PBXGroup;
			children = (
				17220BEAAF40F0C9F0CE43ED /* Pods_MonitorizareVot.framework */,
				3827A6E40E14823BEBEB13D9 /* Pods_MonitorizareVotTests.framework */,
				DB2E1514E94213D72327CF3C /* Pods_MonitorizareVotUITests.framework */,
			);
			name = Frameworks;
			sourceTree = "<group>";
		};
		EF4BD3781D9D08DE0042BEC7 = {
			isa = PBXGroup;
			children = (
				EF4BD3831D9D08DE0042BEC7 /* MonitorizareVot */,
				EF4BD3A01D9D08DE0042BEC7 /* MonitorizareVotTests */,
				EF4BD3AB1D9D08DE0042BEC7 /* MonitorizareVotUITests */,
				2817EA222358FA8E0029AD4C /* APITests */,
				EF4BD3821D9D08DE0042BEC7 /* Products */,
				0EFC16FC3E4279B722E76656 /* Pods */,
				73D320017882699B296EB213 /* Frameworks */,
				289E1E77235EF607000C92A0 /* Recovered References */,
			);
			sourceTree = "<group>";
		};
		EF4BD3821D9D08DE0042BEC7 /* Products */ = {
			isa = PBXGroup;
			children = (
				EF4BD3811D9D08DE0042BEC7 /* MonitorizareVot.app */,
				EF4BD39D1D9D08DE0042BEC7 /* MonitorizareVotTests.xctest */,
				EF4BD3A81D9D08DE0042BEC7 /* MonitorizareVotUITests.xctest */,
			);
			name = Products;
			sourceTree = "<group>";
		};
		EF4BD3831D9D08DE0042BEC7 /* MonitorizareVot */ = {
			isa = PBXGroup;
			children = (
				28C363962364AB700084065C /* MonitorizareVot.entitlements */,
				F9934A9A2420131800BC7EAA /* AppDelegate */,
				F9934B452420162400BC7EAA /* Custom Views */,
				F9934AE82420159700BC7EAA /* View Controllers */,
				F9934A9D242014F800BC7EAA /* Utils */,
				28F280E1223A3D8C002B3E9A /* Config */,
				F9934A952420127D00BC7EAA /* Resources */,
				F9934A99242012DC00BC7EAA /* Supporting Files */,
				28B3DA7E23A4E3E400BEF6C0 /* Localizations */,
				28508622236D9C6000189D94 /* Launch Screen.storyboard */,
				EF4BD3901D9D08DE0042BEC7 /* s.xcdatamodeld */,
			);
			path = MonitorizareVot;
			sourceTree = "<group>";
		};
		EF4BD3A01D9D08DE0042BEC7 /* MonitorizareVotTests */ = {
			isa = PBXGroup;
			children = (
				2817EA2C2358FAB60029AD4C /* APITests.swift */,
				EF4BD3A11D9D08DE0042BEC7 /* MonitorizareVotTests.m */,
				EF4BD3A31D9D08DE0042BEC7 /* Info.plist */,
				2817EA2B2358FAB60029AD4C /* MonitorizareVotTests-Bridging-Header.h */,
			);
			path = MonitorizareVotTests;
			sourceTree = "<group>";
		};
		EF4BD3AB1D9D08DE0042BEC7 /* MonitorizareVotUITests */ = {
			isa = PBXGroup;
			children = (
				EF4BD3AC1D9D08DE0042BEC7 /* MonitorizareVotUITests.m */,
				EF4BD3AE1D9D08DE0042BEC7 /* Info.plist */,
			);
			path = MonitorizareVotUITests;
			sourceTree = "<group>";
		};
		F9934A952420127D00BC7EAA /* Resources */ = {
			isa = PBXGroup;
			children = (
				F9934A962420127D00BC7EAA /* Assets.xcassets */,
			);
			path = Resources;
			sourceTree = "<group>";
		};
		F9934A99242012DC00BC7EAA /* Supporting Files */ = {
			isa = PBXGroup;
			children = (
				EF4BD3981D9D08DE0042BEC7 /* Info.plist */,
			);
			path = "Supporting Files";
			sourceTree = "<group>";
		};
		F9934A9A2420131800BC7EAA /* AppDelegate */ = {
			isa = PBXGroup;
			children = (
				F9934A9B2420131800BC7EAA /* AppDelegate.swift */,
			);
			path = AppDelegate;
			sourceTree = "<group>";
		};
		F9934A9D242014F800BC7EAA /* Utils */ = {
			isa = PBXGroup;
			children = (
				F9934A9E242014F800BC7EAA /* DBHandlers */,
				F9934AAC242014F800BC7EAA /* ReachabilityManager.swift */,
				F9934AAD242014F800BC7EAA /* AppRouter.swift */,
				F9934AAE242014F800BC7EAA /* MVAnalytics.swift */,
				F9934AAF242014F800BC7EAA /* Storage */,
				F9934AB2242014F800BC7EAA /* Extensions */,
				F9934AB7242014F800BC7EAA /* UITableView+HeaderAutoLayout.swift */,
				F9934AB8242014F800BC7EAA /* NotificationsManager.swift */,
				F9934AB9242014F800BC7EAA /* RemoteConfigManager.swift */,
				F9934ABA242014F800BC7EAA /* UIColor+Presets.swift */,
				F9934ABB242014F800BC7EAA /* UIImage+Utils.swift */,
				F9934ABC242014F800BC7EAA /* API */,
				F9934AC3242014F800BC7EAA /* Logging */,
				F9934AC5242014F800BC7EAA /* Configuration.swift */,
			);
			path = Utils;
			sourceTree = "<group>";
		};
		F9934A9E242014F800BC7EAA /* DBHandlers */ = {
			isa = PBXGroup;
			children = (
				F9934A9F242014F800BC7EAA /* CoreDataInitialiser.swift */,
				F9934AA0242014F800BC7EAA /* DB.swift */,
				F9934AA1242014F800BC7EAA /* RemoteSyncer.swift */,
				F9934AA2242014F800BC7EAA /* Entities */,
			);
			path = DBHandlers;
			sourceTree = "<group>";
		};
		F9934AA2242014F800BC7EAA /* Entities */ = {
			isa = PBXGroup;
			children = (
				F9934AA3242014F800BC7EAA /* Question+CoreDataProperties.swift */,
				F9934AA4242014F800BC7EAA /* SectionInfo+CoreDataClass.swift */,
				F9934AA5242014F800BC7EAA /* Answer+CoreDataProperties.swift */,
				F9934AA6242014F800BC7EAA /* Answer+CoreDataClass.swift */,
				F9934AA7242014F800BC7EAA /* Question+CoreDataClass.swift */,
				F9934AA8242014F800BC7EAA /* Note+CoreDataProperties.swift */,
				F9934AA9242014F800BC7EAA /* SectionInfo+CoreDataProperties.swift */,
				F9934AAA242014F800BC7EAA /* NoteContainer.swift */,
				F9934AAB242014F800BC7EAA /* Note+CoreDataClass.swift */,
			);
			path = Entities;
			sourceTree = "<group>";
		};
		F9934AAF242014F800BC7EAA /* Storage */ = {
			isa = PBXGroup;
			children = (
				F9934AB0242014F800BC7EAA /* ApplicationData.swift */,
				F9934AB1242014F800BC7EAA /* LocalStorage.swift */,
			);
			path = Storage;
			sourceTree = "<group>";
		};
		F9934AB2242014F800BC7EAA /* Extensions */ = {
			isa = PBXGroup;
			children = (
				F9934AB3242014F800BC7EAA /* UIViewController+Helpers.swift */,
				F9934AB4242014F800BC7EAA /* Alerts.swift */,
				F9934AB5242014F800BC7EAA /* Formatters.swift */,
				F9934AB6242014F800BC7EAA /* String+Localization.swift */,
			);
			path = Extensions;
			sourceTree = "<group>";
		};
		F9934ABC242014F800BC7EAA /* API */ = {
			isa = PBXGroup;
			children = (
				F9934ABD242014F800BC7EAA /* ApiModels.swift */,
				F9934ABE242014F800BC7EAA /* AccountManager.swift */,
				F9934ABF242014F800BC7EAA /* APIManager.swift */,
				F9934AC0242014F800BC7EAA /* AppUpdateManager.swift */,
				F9934AC1242014F800BC7EAA /* ApiURL.swift */,
				F9934AC2242014F800BC7EAA /* PreferencesManager.swift */,
			);
			path = API;
			sourceTree = "<group>";
		};
		F9934AC3242014F800BC7EAA /* Logging */ = {
			isa = PBXGroup;
			children = (
				F9934AC4242014F800BC7EAA /* Logger.swift */,
			);
			path = Logging;
			sourceTree = "<group>";
		};
		F9934AE82420159700BC7EAA /* View Controllers */ = {
			isa = PBXGroup;
			children = (
				F9934AE92420159700BC7EAA /* Form */,
				F9934AF62420159700BC7EAA /* FormList */,
				F9934AFA2420159700BC7EAA /* PollingStation */,
				F9934B012420159700BC7EAA /* Login */,
				F9934B052420159700BC7EAA /* Onboarding */,
				F9934B0E2420159700BC7EAA /* Utility */,
			);
			path = "View Controllers";
			sourceTree = "<group>";
		};
		F9934AE92420159700BC7EAA /* Form */ = {
			isa = PBXGroup;
			children = (
				F9934AEA2420159700BC7EAA /* QuestionListViewController.swift */,
				F9934AEB2420159700BC7EAA /* QuestionListViewController.xib */,
				F9934AEC2420159700BC7EAA /* AttachNoteViewModel.swift */,
				F9934AED2420159700BC7EAA /* QuestionAnswerViewController.swift */,
				F9934AEE2420159700BC7EAA /* AttachNoteViewController.swift */,
				F9934AEF2420159700BC7EAA /* QuestionAnswerViewController.xib */,
				F9934AF02420159700BC7EAA /* NoteViewController.swift */,
				F9934AF12420159700BC7EAA /* NoteViewController.xib */,
				F9934AF22420159700BC7EAA /* AttachNoteViewController.xib */,
				F9934AF32420159700BC7EAA /* QuestionListViewModel.swift */,
				F9934AF42420159700BC7EAA /* QuestionAnswerViewModel.swift */,
				F9934AF52420159700BC7EAA /* NoteViewModel.swift */,
			);
			path = Form;
			sourceTree = "<group>";
		};
		F9934AF62420159700BC7EAA /* FormList */ = {
			isa = PBXGroup;
			children = (
				F9934AF72420159700BC7EAA /* FormListViewController.xib */,
				F9934AF82420159700BC7EAA /* FormListViewController.swift */,
				F9934AF92420159700BC7EAA /* FormListViewModel.swift */,
			);
			path = FormList;
			sourceTree = "<group>";
		};
		F9934AFA2420159700BC7EAA /* PollingStation */ = {
			isa = PBXGroup;
			children = (
				F9934AFB2420159700BC7EAA /* SectionPickerViewModel.swift */,
				F9934AFC2420159700BC7EAA /* SectionDetailsViewController.xib */,
				F9934AFD2420159700BC7EAA /* SectionDetailsViewModel.swift */,
				F9934AFE2420159700BC7EAA /* SectionDetailsViewController.swift */,
				F9934AFF2420159700BC7EAA /* SectionPickerViewController.swift */,
				F9934B002420159700BC7EAA /* SectionPickerViewController.xib */,
			);
			path = PollingStation;
			sourceTree = "<group>";
		};
		F9934B012420159700BC7EAA /* Login */ = {
			isa = PBXGroup;
			children = (
				F9934B022420159700BC7EAA /* LoginViewModel.swift */,
				F9934B032420159700BC7EAA /* LoginViewController.xib */,
				F9934B042420159700BC7EAA /* LoginViewController.swift */,
			);
			path = Login;
			sourceTree = "<group>";
		};
		F9934B052420159700BC7EAA /* Onboarding */ = {
			isa = PBXGroup;
			children = (
				F9934B062420159700BC7EAA /* OnboardingLanguageViewController.swift */,
				F9934B072420159700BC7EAA /* OnboardingChildViewController.xib */,
				F9934B082420159700BC7EAA /* OnboardingLanguageViewModel.swift */,
				F9934B092420159700BC7EAA /* OnboardingViewController.xib */,
				F9934B0A2420159700BC7EAA /* OnboardingViewController.swift */,
				F9934B0B2420159700BC7EAA /* OnboardingChildViewController.swift */,
				F9934B0C2420159700BC7EAA /* OnboardingLanguageViewController.xib */,
				F9934B0D2420159700BC7EAA /* OnboardingViewModel.swift */,
			);
			path = Onboarding;
			sourceTree = "<group>";
		};
		F9934B0E2420159700BC7EAA /* Utility */ = {
			isa = PBXGroup;
			children = (
				F9934B0F2420159700BC7EAA /* TextEntryViewController.xib */,
				F9934B102420159700BC7EAA /* MVViewController.swift */,
				F9934B112420159700BC7EAA /* EmptyDetailsViewController.xib */,
				F9934B122420159700BC7EAA /* GenericPickerViewController.swift */,
				F9934B132420159700BC7EAA /* GenericPickerViewController.xib */,
				F9934B142420159700BC7EAA /* TextEntryViewController.swift */,
				F9934B152420159700BC7EAA /* TimePickerViewController.swift */,
				F9934B162420159700BC7EAA /* EmptyDetailsViewController.swift */,
				F9934B172420159700BC7EAA /* TimePickerViewModel.swift */,
				F9934B182420159700BC7EAA /* TimePickerViewController.xib */,
				F9934B192420159700BC7EAA /* GenericPickerViewModel.swift */,
			);
			path = Utility;
			sourceTree = "<group>";
		};
		F9934B452420162400BC7EAA /* Custom Views */ = {
			isa = PBXGroup;
			children = (
				F9934B462420162400BC7EAA /* CollectionCells */,
				F9934B492420162400BC7EAA /* Buttons */,
				F9934B4E2420162400BC7EAA /* General */,
				F9934B522420162400BC7EAA /* TableCells */,
				F9934B592420162400BC7EAA /* TableHeaders */,
			);
			path = "Custom Views";
			sourceTree = "<group>";
		};
		F9934B462420162400BC7EAA /* CollectionCells */ = {
			isa = PBXGroup;
			children = (
				F9934B472420162400BC7EAA /* QuestionCollectionCell.swift */,
				F9934B482420162400BC7EAA /* QuestionCollectionCell.xib */,
			);
			path = CollectionCells;
			sourceTree = "<group>";
		};
		F9934B492420162400BC7EAA /* Buttons */ = {
			isa = PBXGroup;
			children = (
				F9934B4A2420162400BC7EAA /* ChooserButton.swift */,
				F9934B4B2420162400BC7EAA /* ActionButton.swift */,
				F9934B4C2420162400BC7EAA /* AttachButton.swift */,
				F9934B4D2420162400BC7EAA /* DropdownButton.swift */,
			);
			path = Buttons;
			sourceTree = "<group>";
		};
		F9934B4E2420162400BC7EAA /* General */ = {
			isa = PBXGroup;
			children = (
				F9934B4F2420162400BC7EAA /* SectionHUDViewController.swift */,
				F9934B502420162400BC7EAA /* SectionHUDViewController.xib */,
				F9934B512420162400BC7EAA /* SectionHUDViewModel.swift */,
			);
			path = General;
			sourceTree = "<group>";
		};
		F9934B522420162400BC7EAA /* TableCells */ = {
			isa = PBXGroup;
			children = (
				F9934B532420162400BC7EAA /* QuestionTableCell.swift */,
				F9934B542420162400BC7EAA /* NoteHistoryTableCell.xib */,
				F9934B552420162400BC7EAA /* QuestionTableCell.xib */,
				F9934B562420162400BC7EAA /* FormSetTableCell.xib */,
				F9934B572420162400BC7EAA /* FormSetTableCell.swift */,
				F9934B582420162400BC7EAA /* NoteHistoryTableCell.swift */,
			);
			path = TableCells;
			sourceTree = "<group>";
		};
		F9934B592420162400BC7EAA /* TableHeaders */ = {
			isa = PBXGroup;
			children = (
				F9934B5A2420162400BC7EAA /* DefaultTableHeader.swift */,
			);
			path = TableHeaders;
			sourceTree = "<group>";
		};
/* End PBXGroup section */

/* Begin PBXNativeTarget section */
		EF4BD3801D9D08DE0042BEC7 /* MonitorizareVot */ = {
			isa = PBXNativeTarget;
			buildConfigurationList = EF4BD3B11D9D08DE0042BEC7 /* Build configuration list for PBXNativeTarget "MonitorizareVot" */;
			buildPhases = (
				EDB2BAFC529132A9DFC6BA45 /* [CP] Check Pods Manifest.lock */,
				EF4BD37D1D9D08DE0042BEC7 /* Sources */,
				EF4BD37E1D9D08DE0042BEC7 /* Frameworks */,
				EF4BD37F1D9D08DE0042BEC7 /* Resources */,
				4A1AB3AFB208747115F13B4C /* [CP] Embed Pods Frameworks */,
				28C4343A23703CEB001E6268 /* Fabric Script */,
			);
			buildRules = (
			);
			dependencies = (
			);
			name = MonitorizareVot;
			productName = MonitorizareVot;
			productReference = EF4BD3811D9D08DE0042BEC7 /* MonitorizareVot.app */;
			productType = "com.apple.product-type.application";
		};
		EF4BD39C1D9D08DE0042BEC7 /* MonitorizareVotTests */ = {
			isa = PBXNativeTarget;
			buildConfigurationList = EF4BD3B41D9D08DE0042BEC7 /* Build configuration list for PBXNativeTarget "MonitorizareVotTests" */;
			buildPhases = (
				F4AFE020C500785E48EB747C /* [CP] Check Pods Manifest.lock */,
				EF4BD3991D9D08DE0042BEC7 /* Sources */,
				EF4BD39A1D9D08DE0042BEC7 /* Frameworks */,
				EF4BD39B1D9D08DE0042BEC7 /* Resources */,
				DB3ECF7275E17AEDF1D2EFE7 /* [CP] Embed Pods Frameworks */,
			);
			buildRules = (
			);
			dependencies = (
				EF4BD39F1D9D08DE0042BEC7 /* PBXTargetDependency */,
			);
			name = MonitorizareVotTests;
			productName = MonitorizareVotTests;
			productReference = EF4BD39D1D9D08DE0042BEC7 /* MonitorizareVotTests.xctest */;
			productType = "com.apple.product-type.bundle.unit-test";
		};
		EF4BD3A71D9D08DE0042BEC7 /* MonitorizareVotUITests */ = {
			isa = PBXNativeTarget;
			buildConfigurationList = EF4BD3B71D9D08DE0042BEC7 /* Build configuration list for PBXNativeTarget "MonitorizareVotUITests" */;
			buildPhases = (
				E0BFE4299848365AAD3B668F /* [CP] Check Pods Manifest.lock */,
				EF4BD3A41D9D08DE0042BEC7 /* Sources */,
				EF4BD3A51D9D08DE0042BEC7 /* Frameworks */,
				EF4BD3A61D9D08DE0042BEC7 /* Resources */,
			);
			buildRules = (
			);
			dependencies = (
				EF4BD3AA1D9D08DE0042BEC7 /* PBXTargetDependency */,
			);
			name = MonitorizareVotUITests;
			productName = MonitorizareVotUITests;
			productReference = EF4BD3A81D9D08DE0042BEC7 /* MonitorizareVotUITests.xctest */;
			productType = "com.apple.product-type.bundle.ui-testing";
		};
/* End PBXNativeTarget section */

/* Begin PBXProject section */
		EF4BD3791D9D08DE0042BEC7 /* Project object */ = {
			isa = PBXProject;
			attributes = {
				LastSwiftUpdateCheck = 1100;
				LastUpgradeCheck = 0810;
				ORGANIZATIONNAME = Code4Ro;
				TargetAttributes = {
					EF4BD3801D9D08DE0042BEC7 = {
						CreatedOnToolsVersion = 8.0;
						DevelopmentTeam = "\"\"";
						LastSwiftMigration = 0810;
						ProvisioningStyle = Manual;
					};
					EF4BD39C1D9D08DE0042BEC7 = {
						CreatedOnToolsVersion = 8.0;
						DevelopmentTeam = "\"\"";
						LastSwiftMigration = 1100;
						ProvisioningStyle = Manual;
						TestTargetID = EF4BD3801D9D08DE0042BEC7;
					};
					EF4BD3A71D9D08DE0042BEC7 = {
						CreatedOnToolsVersion = 8.0;
						DevelopmentTeam = P2EQL76LN6;
						LastSwiftMigration = 0810;
						ProvisioningStyle = Manual;
						TestTargetID = EF4BD3801D9D08DE0042BEC7;
					};
				};
			};
			buildConfigurationList = EF4BD37C1D9D08DE0042BEC7 /* Build configuration list for PBXProject "MonitorizareVot" */;
			compatibilityVersion = "Xcode 3.2";
			developmentRegion = English;
			hasScannedForEncodings = 0;
			knownRegions = (
				English,
				Base,
				pl,
				ro,
				en,
			);
			mainGroup = EF4BD3781D9D08DE0042BEC7;
			productRefGroup = EF4BD3821D9D08DE0042BEC7 /* Products */;
			projectDirPath = "";
			projectRoot = "";
			targets = (
				EF4BD3801D9D08DE0042BEC7 /* MonitorizareVot */,
				EF4BD39C1D9D08DE0042BEC7 /* MonitorizareVotTests */,
				EF4BD3A71D9D08DE0042BEC7 /* MonitorizareVotUITests */,
			);
		};
/* End PBXProject section */

/* Begin PBXResourcesBuildPhase section */
		EF4BD37F1D9D08DE0042BEC7 /* Resources */ = {
			isa = PBXResourcesBuildPhase;
			buildActionMask = 2147483647;
			files = (
				67EE98CE22A29D87006E4762 /* GoogleService-Info.plist in Resources */,
				F9934B5C2420162400BC7EAA /* QuestionCollectionCell.xib in Resources */,
				F9934B212420159700BC7EAA /* NoteViewController.xib in Resources */,
				F9934B622420162400BC7EAA /* SectionHUDViewController.xib in Resources */,
				F9934B302420159700BC7EAA /* LoginViewController.xib in Resources */,
				F9934B3A2420159700BC7EAA /* TextEntryViewController.xib in Resources */,
				F9934B332420159700BC7EAA /* OnboardingChildViewController.xib in Resources */,
				F9934A972420127D00BC7EAA /* Assets.xcassets in Resources */,
				F9934B432420159700BC7EAA /* TimePickerViewController.xib in Resources */,
				F9934B672420162400BC7EAA /* FormSetTableCell.xib in Resources */,
				F9934B2E2420159700BC7EAA /* SectionPickerViewController.xib in Resources */,
				F9934B222420159700BC7EAA /* AttachNoteViewController.xib in Resources */,
				F9934B1B2420159700BC7EAA /* QuestionListViewController.xib in Resources */,
				27EDBD2221465D190060DB8A /* Localizable.strings in Resources */,
				F9934B2A2420159700BC7EAA /* SectionDetailsViewController.xib in Resources */,
				F9934B262420159700BC7EAA /* FormListViewController.xib in Resources */,
				28DBDABB23701DBD004EAD83 /* InfoPlist.strings in Resources */,
				F9934B382420159700BC7EAA /* OnboardingLanguageViewController.xib in Resources */,
				F9934B662420162400BC7EAA /* QuestionTableCell.xib in Resources */,
				F9934B652420162400BC7EAA /* NoteHistoryTableCell.xib in Resources */,
				F9934B3C2420159700BC7EAA /* EmptyDetailsViewController.xib in Resources */,
				F9934B352420159700BC7EAA /* OnboardingViewController.xib in Resources */,
				F9934B1F2420159700BC7EAA /* QuestionAnswerViewController.xib in Resources */,
				F9934B3E2420159700BC7EAA /* GenericPickerViewController.xib in Resources */,
				28508623236D9C6000189D94 /* Launch Screen.storyboard in Resources */,
				28735F83226B19F600B4DB0B /* CustomConfiguration.xcconfig in Resources */,
			);
			runOnlyForDeploymentPostprocessing = 0;
		};
		EF4BD39B1D9D08DE0042BEC7 /* Resources */ = {
			isa = PBXResourcesBuildPhase;
			buildActionMask = 2147483647;
			files = (
				28735F84226B19F600B4DB0B /* CustomConfiguration.xcconfig in Resources */,
			);
			runOnlyForDeploymentPostprocessing = 0;
		};
		EF4BD3A61D9D08DE0042BEC7 /* Resources */ = {
			isa = PBXResourcesBuildPhase;
			buildActionMask = 2147483647;
			files = (
				28735F85226B19F600B4DB0B /* CustomConfiguration.xcconfig in Resources */,
			);
			runOnlyForDeploymentPostprocessing = 0;
		};
/* End PBXResourcesBuildPhase section */

/* Begin PBXShellScriptBuildPhase section */
		28C4343A23703CEB001E6268 /* Fabric Script */ = {
			isa = PBXShellScriptBuildPhase;
			buildActionMask = 2147483647;
			files = (
			);
			inputFileListPaths = (
			);
			inputPaths = (
				"$(SRCROOT)/$(BUILT_PRODUCTS_DIR)/$(INFOPLIST_PATH)",
			);
			name = "Fabric Script";
			outputFileListPaths = (
			);
			outputPaths = (
			);
			runOnlyForDeploymentPostprocessing = 0;
			shellPath = /bin/sh;
			shellScript = "\"${PODS_ROOT}/Fabric/run\"\n";
		};
		4A1AB3AFB208747115F13B4C /* [CP] Embed Pods Frameworks */ = {
			isa = PBXShellScriptBuildPhase;
			buildActionMask = 2147483647;
			files = (
			);
			inputPaths = (
				"${PODS_ROOT}/Target Support Files/Pods-MonitorizareVot/Pods-MonitorizareVot-frameworks.sh",
				"${BUILT_PRODUCTS_DIR}/Alamofire/Alamofire.framework",
				"${BUILT_PRODUCTS_DIR}/GoogleUtilities/GoogleUtilities.framework",
				"${BUILT_PRODUCTS_DIR}/Keyboard+LayoutGuide/KeyboardLayoutGuide.framework",
				"${BUILT_PRODUCTS_DIR}/Protobuf/protobuf.framework",
				"${BUILT_PRODUCTS_DIR}/ReachabilitySwift/Reachability.framework",
				"${BUILT_PRODUCTS_DIR}/SwiftKeychainWrapper/SwiftKeychainWrapper.framework",
				"${BUILT_PRODUCTS_DIR}/nanopb/nanopb.framework",
			);
			name = "[CP] Embed Pods Frameworks";
			outputPaths = (
				"${TARGET_BUILD_DIR}/${FRAMEWORKS_FOLDER_PATH}/Alamofire.framework",
				"${TARGET_BUILD_DIR}/${FRAMEWORKS_FOLDER_PATH}/GoogleUtilities.framework",
				"${TARGET_BUILD_DIR}/${FRAMEWORKS_FOLDER_PATH}/KeyboardLayoutGuide.framework",
				"${TARGET_BUILD_DIR}/${FRAMEWORKS_FOLDER_PATH}/protobuf.framework",
				"${TARGET_BUILD_DIR}/${FRAMEWORKS_FOLDER_PATH}/Reachability.framework",
				"${TARGET_BUILD_DIR}/${FRAMEWORKS_FOLDER_PATH}/SwiftKeychainWrapper.framework",
				"${TARGET_BUILD_DIR}/${FRAMEWORKS_FOLDER_PATH}/nanopb.framework",
			);
			runOnlyForDeploymentPostprocessing = 0;
			shellPath = /bin/sh;
			shellScript = "\"${PODS_ROOT}/Target Support Files/Pods-MonitorizareVot/Pods-MonitorizareVot-frameworks.sh\"\n";
			showEnvVarsInLog = 0;
		};
		DB3ECF7275E17AEDF1D2EFE7 /* [CP] Embed Pods Frameworks */ = {
			isa = PBXShellScriptBuildPhase;
			buildActionMask = 2147483647;
			files = (
			);
			inputPaths = (
				"${PODS_ROOT}/Target Support Files/Pods-MonitorizareVotTests/Pods-MonitorizareVotTests-frameworks.sh",
				"${BUILT_PRODUCTS_DIR}/Alamofire/Alamofire.framework",
				"${BUILT_PRODUCTS_DIR}/SwiftKeychainWrapper/SwiftKeychainWrapper.framework",
			);
			name = "[CP] Embed Pods Frameworks";
			outputPaths = (
				"${TARGET_BUILD_DIR}/${FRAMEWORKS_FOLDER_PATH}/Alamofire.framework",
				"${TARGET_BUILD_DIR}/${FRAMEWORKS_FOLDER_PATH}/SwiftKeychainWrapper.framework",
			);
			runOnlyForDeploymentPostprocessing = 0;
			shellPath = /bin/sh;
			shellScript = "\"${PODS_ROOT}/Target Support Files/Pods-MonitorizareVotTests/Pods-MonitorizareVotTests-frameworks.sh\"\n";
			showEnvVarsInLog = 0;
		};
		E0BFE4299848365AAD3B668F /* [CP] Check Pods Manifest.lock */ = {
			isa = PBXShellScriptBuildPhase;
			buildActionMask = 2147483647;
			files = (
			);
			inputPaths = (
				"${PODS_PODFILE_DIR_PATH}/Podfile.lock",
				"${PODS_ROOT}/Manifest.lock",
			);
			name = "[CP] Check Pods Manifest.lock";
			outputPaths = (
				"$(DERIVED_FILE_DIR)/Pods-MonitorizareVotUITests-checkManifestLockResult.txt",
			);
			runOnlyForDeploymentPostprocessing = 0;
			shellPath = /bin/sh;
			shellScript = "diff \"${PODS_PODFILE_DIR_PATH}/Podfile.lock\" \"${PODS_ROOT}/Manifest.lock\" > /dev/null\nif [ $? != 0 ] ; then\n    # print error to STDERR\n    echo \"error: The sandbox is not in sync with the Podfile.lock. Run 'pod install' or update your CocoaPods installation.\" >&2\n    exit 1\nfi\n# This output is used by Xcode 'outputs' to avoid re-running this script phase.\necho \"SUCCESS\" > \"${SCRIPT_OUTPUT_FILE_0}\"\n";
			showEnvVarsInLog = 0;
		};
		EDB2BAFC529132A9DFC6BA45 /* [CP] Check Pods Manifest.lock */ = {
			isa = PBXShellScriptBuildPhase;
			buildActionMask = 2147483647;
			files = (
			);
			inputPaths = (
				"${PODS_PODFILE_DIR_PATH}/Podfile.lock",
				"${PODS_ROOT}/Manifest.lock",
			);
			name = "[CP] Check Pods Manifest.lock";
			outputPaths = (
				"$(DERIVED_FILE_DIR)/Pods-MonitorizareVot-checkManifestLockResult.txt",
			);
			runOnlyForDeploymentPostprocessing = 0;
			shellPath = /bin/sh;
			shellScript = "diff \"${PODS_PODFILE_DIR_PATH}/Podfile.lock\" \"${PODS_ROOT}/Manifest.lock\" > /dev/null\nif [ $? != 0 ] ; then\n    # print error to STDERR\n    echo \"error: The sandbox is not in sync with the Podfile.lock. Run 'pod install' or update your CocoaPods installation.\" >&2\n    exit 1\nfi\n# This output is used by Xcode 'outputs' to avoid re-running this script phase.\necho \"SUCCESS\" > \"${SCRIPT_OUTPUT_FILE_0}\"\n";
			showEnvVarsInLog = 0;
		};
		F4AFE020C500785E48EB747C /* [CP] Check Pods Manifest.lock */ = {
			isa = PBXShellScriptBuildPhase;
			buildActionMask = 2147483647;
			files = (
			);
			inputPaths = (
				"${PODS_PODFILE_DIR_PATH}/Podfile.lock",
				"${PODS_ROOT}/Manifest.lock",
			);
			name = "[CP] Check Pods Manifest.lock";
			outputPaths = (
				"$(DERIVED_FILE_DIR)/Pods-MonitorizareVotTests-checkManifestLockResult.txt",
			);
			runOnlyForDeploymentPostprocessing = 0;
			shellPath = /bin/sh;
			shellScript = "diff \"${PODS_PODFILE_DIR_PATH}/Podfile.lock\" \"${PODS_ROOT}/Manifest.lock\" > /dev/null\nif [ $? != 0 ] ; then\n    # print error to STDERR\n    echo \"error: The sandbox is not in sync with the Podfile.lock. Run 'pod install' or update your CocoaPods installation.\" >&2\n    exit 1\nfi\n# This output is used by Xcode 'outputs' to avoid re-running this script phase.\necho \"SUCCESS\" > \"${SCRIPT_OUTPUT_FILE_0}\"\n";
			showEnvVarsInLog = 0;
		};
/* End PBXShellScriptBuildPhase section */

/* Begin PBXSourcesBuildPhase section */
		EF4BD37D1D9D08DE0042BEC7 /* Sources */ = {
			isa = PBXSourcesBuildPhase;
			buildActionMask = 2147483647;
			files = (
				F9934B312420159700BC7EAA /* LoginViewController.swift in Sources */,
				F9934B3F2420159700BC7EAA /* TextEntryViewController.swift in Sources */,
				EF4BD3921D9D08DE0042BEC7 /* s.xcdatamodeld in Sources */,
				F9934B292420159700BC7EAA /* SectionPickerViewModel.swift in Sources */,
				F9934AD1242014F800BC7EAA /* Note+CoreDataClass.swift in Sources */,
				F9934AD2242014F800BC7EAA /* ReachabilityManager.swift in Sources */,
				F9934AD9242014F800BC7EAA /* Formatters.swift in Sources */,
				F9934B2B2420159700BC7EAA /* SectionDetailsViewModel.swift in Sources */,
				F9934AC6242014F800BC7EAA /* CoreDataInitialiser.swift in Sources */,
				F9934B1D2420159700BC7EAA /* QuestionAnswerViewController.swift in Sources */,
				F9934ADC242014F800BC7EAA /* NotificationsManager.swift in Sources */,
				F9934B402420159700BC7EAA /* TimePickerViewController.swift in Sources */,
				F9934B372420159700BC7EAA /* OnboardingChildViewController.swift in Sources */,
				F9934B5D2420162400BC7EAA /* ChooserButton.swift in Sources */,
				F9934B422420159700BC7EAA /* TimePickerViewModel.swift in Sources */,
				F9934AD5242014F800BC7EAA /* ApplicationData.swift in Sources */,
				F9934B242420159700BC7EAA /* QuestionAnswerViewModel.swift in Sources */,
				F9934B282420159700BC7EAA /* FormListViewModel.swift in Sources */,
				F9934B642420162400BC7EAA /* QuestionTableCell.swift in Sources */,
				F9934B2D2420159700BC7EAA /* SectionPickerViewController.swift in Sources */,
				F9934AE0242014F800BC7EAA /* ApiModels.swift in Sources */,
				F9934B1C2420159700BC7EAA /* AttachNoteViewModel.swift in Sources */,
				F9934ADA242014F800BC7EAA /* String+Localization.swift in Sources */,
				F9934ACA242014F800BC7EAA /* SectionInfo+CoreDataClass.swift in Sources */,
				F9934ACC242014F800BC7EAA /* Answer+CoreDataClass.swift in Sources */,
				F9934B202420159700BC7EAA /* NoteViewController.swift in Sources */,
				F9934B412420159700BC7EAA /* EmptyDetailsViewController.swift in Sources */,
				F9934AD7242014F800BC7EAA /* UIViewController+Helpers.swift in Sources */,
				F9934ADF242014F800BC7EAA /* UIImage+Utils.swift in Sources */,
				F9934AD6242014F800BC7EAA /* LocalStorage.swift in Sources */,
				F9934B602420162400BC7EAA /* DropdownButton.swift in Sources */,
				F9934AC9242014F800BC7EAA /* Question+CoreDataProperties.swift in Sources */,
				F9934AE1242014F800BC7EAA /* AccountManager.swift in Sources */,
				F9934AD3242014F800BC7EAA /* AppRouter.swift in Sources */,
				F9934ACF242014F800BC7EAA /* SectionInfo+CoreDataProperties.swift in Sources */,
				F9934B3D2420159700BC7EAA /* GenericPickerViewController.swift in Sources */,
				F9934B362420159700BC7EAA /* OnboardingViewController.swift in Sources */,
				F9934ADE242014F800BC7EAA /* UIColor+Presets.swift in Sources */,
				F9934AE7242014F800BC7EAA /* Configuration.swift in Sources */,
				F9934ACD242014F800BC7EAA /* Question+CoreDataClass.swift in Sources */,
				F9934B232420159700BC7EAA /* QuestionListViewModel.swift in Sources */,
				F9934B322420159700BC7EAA /* OnboardingLanguageViewController.swift in Sources */,
				F9934B342420159700BC7EAA /* OnboardingLanguageViewModel.swift in Sources */,
				F9934B632420162400BC7EAA /* SectionHUDViewModel.swift in Sources */,
				F9934B392420159700BC7EAA /* OnboardingViewModel.swift in Sources */,
				F9934AC7242014F800BC7EAA /* DB.swift in Sources */,
				F9934B6A2420162400BC7EAA /* DefaultTableHeader.swift in Sources */,
				F9934B5B2420162400BC7EAA /* QuestionCollectionCell.swift in Sources */,
				F9934B252420159700BC7EAA /* NoteViewModel.swift in Sources */,
				F9934ACE242014F800BC7EAA /* Note+CoreDataProperties.swift in Sources */,
				F9934B5F2420162400BC7EAA /* AttachButton.swift in Sources */,
				F9934AE5242014F800BC7EAA /* PreferencesManager.swift in Sources */,
				F9934B5E2420162400BC7EAA /* ActionButton.swift in Sources */,
				F9934AE4242014F800BC7EAA /* ApiURL.swift in Sources */,
				F9934ADB242014F800BC7EAA /* UITableView+HeaderAutoLayout.swift in Sources */,
				F9934B2C2420159700BC7EAA /* SectionDetailsViewController.swift in Sources */,
				F9934B442420159700BC7EAA /* GenericPickerViewModel.swift in Sources */,
				F9934AD0242014F800BC7EAA /* NoteContainer.swift in Sources */,
				F9934B1E2420159700BC7EAA /* AttachNoteViewController.swift in Sources */,
				F9934B2F2420159700BC7EAA /* LoginViewModel.swift in Sources */,
				F9934B692420162400BC7EAA /* NoteHistoryTableCell.swift in Sources */,
				F9934AD4242014F800BC7EAA /* MVAnalytics.swift in Sources */,
				F9934ACB242014F800BC7EAA /* Answer+CoreDataProperties.swift in Sources */,
				F9934B272420159700BC7EAA /* FormListViewController.swift in Sources */,
				F9934AD8242014F800BC7EAA /* Alerts.swift in Sources */,
				F9934B682420162400BC7EAA /* FormSetTableCell.swift in Sources */,
				F9934AE6242014F800BC7EAA /* Logger.swift in Sources */,
				F9934ADD242014F800BC7EAA /* RemoteConfigManager.swift in Sources */,
				F9934AE2242014F800BC7EAA /* APIManager.swift in Sources */,
				F9934B612420162400BC7EAA /* SectionHUDViewController.swift in Sources */,
				F9934AC8242014F800BC7EAA /* RemoteSyncer.swift in Sources */,
				F9934B1A2420159700BC7EAA /* QuestionListViewController.swift in Sources */,
				F9934A9C2420131800BC7EAA /* AppDelegate.swift in Sources */,
				F9934B3B2420159700BC7EAA /* MVViewController.swift in Sources */,
				F9934AE3242014F800BC7EAA /* AppUpdateManager.swift in Sources */,
			);
			runOnlyForDeploymentPostprocessing = 0;
		};
		EF4BD3991D9D08DE0042BEC7 /* Sources */ = {
			isa = PBXSourcesBuildPhase;
			buildActionMask = 2147483647;
			files = (
				2817EA2D2358FAB60029AD4C /* APITests.swift in Sources */,
				EF4BD3A21D9D08DE0042BEC7 /* MonitorizareVotTests.m in Sources */,
			);
			runOnlyForDeploymentPostprocessing = 0;
		};
		EF4BD3A41D9D08DE0042BEC7 /* Sources */ = {
			isa = PBXSourcesBuildPhase;
			buildActionMask = 2147483647;
			files = (
				EF4BD3AD1D9D08DE0042BEC7 /* MonitorizareVotUITests.m in Sources */,
			);
			runOnlyForDeploymentPostprocessing = 0;
		};
/* End PBXSourcesBuildPhase section */

/* Begin PBXTargetDependency section */
		EF4BD39F1D9D08DE0042BEC7 /* PBXTargetDependency */ = {
			isa = PBXTargetDependency;
			target = EF4BD3801D9D08DE0042BEC7 /* MonitorizareVot */;
			targetProxy = EF4BD39E1D9D08DE0042BEC7 /* PBXContainerItemProxy */;
		};
		EF4BD3AA1D9D08DE0042BEC7 /* PBXTargetDependency */ = {
			isa = PBXTargetDependency;
			target = EF4BD3801D9D08DE0042BEC7 /* MonitorizareVot */;
			targetProxy = EF4BD3A91D9D08DE0042BEC7 /* PBXContainerItemProxy */;
		};
/* End PBXTargetDependency section */

/* Begin PBXVariantGroup section */
		27EDBD2421465D190060DB8A /* Localizable.strings */ = {
			isa = PBXVariantGroup;
			children = (
				27EDBD2621465D290060DB8A /* Base */,
				27EDBD2821465D480060DB8A /* ro */,
			);
			name = Localizable.strings;
			sourceTree = "<group>";
		};
		28DBDABD23701DBD004EAD83 /* InfoPlist.strings */ = {
			isa = PBXVariantGroup;
			children = (
				28DBDABC23701DBD004EAD83 /* en */,
				28DBDABE23701DCA004EAD83 /* ro */,
			);
			name = InfoPlist.strings;
			sourceTree = "<group>";
		};
/* End PBXVariantGroup section */

/* Begin XCBuildConfiguration section */
		EF4BD3AF1D9D08DE0042BEC7 /* Debug */ = {
			isa = XCBuildConfiguration;
			baseConfigurationReference = 28735F82226B19F600B4DB0B /* CustomConfiguration.xcconfig */;
			buildSettings = {
				ALWAYS_SEARCH_USER_PATHS = NO;
				CLANG_ANALYZER_LOCALIZABILITY_NONLOCALIZED = YES;
				CLANG_ANALYZER_NONNULL = YES;
				CLANG_CXX_LANGUAGE_STANDARD = "gnu++0x";
				CLANG_CXX_LIBRARY = "libc++";
				CLANG_ENABLE_MODULES = YES;
				CLANG_ENABLE_OBJC_ARC = YES;
				CLANG_WARN_BLOCK_CAPTURE_AUTORELEASING = YES;
				CLANG_WARN_BOOL_CONVERSION = YES;
				CLANG_WARN_COMMA = YES;
				CLANG_WARN_CONSTANT_CONVERSION = YES;
				CLANG_WARN_DEPRECATED_OBJC_IMPLEMENTATIONS = YES;
				CLANG_WARN_DIRECT_OBJC_ISA_USAGE = YES_ERROR;
				CLANG_WARN_DOCUMENTATION_COMMENTS = YES;
				CLANG_WARN_EMPTY_BODY = YES;
				CLANG_WARN_ENUM_CONVERSION = YES;
				CLANG_WARN_INFINITE_RECURSION = YES;
				CLANG_WARN_INT_CONVERSION = YES;
				CLANG_WARN_NON_LITERAL_NULL_CONVERSION = YES;
				CLANG_WARN_OBJC_IMPLICIT_RETAIN_SELF = YES;
				CLANG_WARN_OBJC_LITERAL_CONVERSION = YES;
				CLANG_WARN_OBJC_ROOT_CLASS = YES_ERROR;
				CLANG_WARN_RANGE_LOOP_ANALYSIS = YES;
				CLANG_WARN_STRICT_PROTOTYPES = YES;
				CLANG_WARN_SUSPICIOUS_MOVE = YES;
				CLANG_WARN_SUSPICIOUS_MOVES = YES;
				CLANG_WARN_UNREACHABLE_CODE = YES;
				CLANG_WARN__DUPLICATE_METHOD_MATCH = YES;
				"CODE_SIGN_IDENTITY[sdk=iphoneos*]" = "iPhone Developer";
				COPY_PHASE_STRIP = NO;
				DEBUG_INFORMATION_FORMAT = dwarf;
				ENABLE_STRICT_OBJC_MSGSEND = YES;
				ENABLE_TESTABILITY = YES;
				GCC_C_LANGUAGE_STANDARD = gnu99;
				GCC_DYNAMIC_NO_PIC = NO;
				GCC_NO_COMMON_BLOCKS = YES;
				GCC_OPTIMIZATION_LEVEL = 0;
				GCC_PREPROCESSOR_DEFINITIONS = (
					"DEBUG=1",
					"$(inherited)",
				);
				GCC_WARN_64_TO_32_BIT_CONVERSION = YES;
				GCC_WARN_ABOUT_RETURN_TYPE = YES_ERROR;
				GCC_WARN_UNDECLARED_SELECTOR = YES;
				GCC_WARN_UNINITIALIZED_AUTOS = YES_AGGRESSIVE;
				GCC_WARN_UNUSED_FUNCTION = YES;
				GCC_WARN_UNUSED_VARIABLE = YES;
				IPHONEOS_DEPLOYMENT_TARGET = 9.3;
				MTL_ENABLE_DEBUG_INFO = YES;
				ONLY_ACTIVE_ARCH = YES;
				SDKROOT = iphoneos;
				SWIFT_ACTIVE_COMPILATION_CONDITIONS = DEBUG;
				TARGETED_DEVICE_FAMILY = "1,2";
			};
			name = Debug;
		};
		EF4BD3B01D9D08DE0042BEC7 /* Release */ = {
			isa = XCBuildConfiguration;
			baseConfigurationReference = 28735F82226B19F600B4DB0B /* CustomConfiguration.xcconfig */;
			buildSettings = {
				ALWAYS_SEARCH_USER_PATHS = NO;
				CLANG_ANALYZER_LOCALIZABILITY_NONLOCALIZED = YES;
				CLANG_ANALYZER_NONNULL = YES;
				CLANG_CXX_LANGUAGE_STANDARD = "gnu++0x";
				CLANG_CXX_LIBRARY = "libc++";
				CLANG_ENABLE_MODULES = YES;
				CLANG_ENABLE_OBJC_ARC = YES;
				CLANG_WARN_BLOCK_CAPTURE_AUTORELEASING = YES;
				CLANG_WARN_BOOL_CONVERSION = YES;
				CLANG_WARN_COMMA = YES;
				CLANG_WARN_CONSTANT_CONVERSION = YES;
				CLANG_WARN_DEPRECATED_OBJC_IMPLEMENTATIONS = YES;
				CLANG_WARN_DIRECT_OBJC_ISA_USAGE = YES_ERROR;
				CLANG_WARN_DOCUMENTATION_COMMENTS = YES;
				CLANG_WARN_EMPTY_BODY = YES;
				CLANG_WARN_ENUM_CONVERSION = YES;
				CLANG_WARN_INFINITE_RECURSION = YES;
				CLANG_WARN_INT_CONVERSION = YES;
				CLANG_WARN_NON_LITERAL_NULL_CONVERSION = YES;
				CLANG_WARN_OBJC_IMPLICIT_RETAIN_SELF = YES;
				CLANG_WARN_OBJC_LITERAL_CONVERSION = YES;
				CLANG_WARN_OBJC_ROOT_CLASS = YES_ERROR;
				CLANG_WARN_RANGE_LOOP_ANALYSIS = YES;
				CLANG_WARN_STRICT_PROTOTYPES = YES;
				CLANG_WARN_SUSPICIOUS_MOVE = YES;
				CLANG_WARN_SUSPICIOUS_MOVES = YES;
				CLANG_WARN_UNREACHABLE_CODE = YES;
				CLANG_WARN__DUPLICATE_METHOD_MATCH = YES;
				"CODE_SIGN_IDENTITY[sdk=iphoneos*]" = "iPhone Developer";
				COPY_PHASE_STRIP = NO;
				DEBUG_INFORMATION_FORMAT = "dwarf-with-dsym";
				ENABLE_NS_ASSERTIONS = NO;
				ENABLE_STRICT_OBJC_MSGSEND = YES;
				GCC_C_LANGUAGE_STANDARD = gnu99;
				GCC_NO_COMMON_BLOCKS = YES;
				GCC_WARN_64_TO_32_BIT_CONVERSION = YES;
				GCC_WARN_ABOUT_RETURN_TYPE = YES_ERROR;
				GCC_WARN_UNDECLARED_SELECTOR = YES;
				GCC_WARN_UNINITIALIZED_AUTOS = YES_AGGRESSIVE;
				GCC_WARN_UNUSED_FUNCTION = YES;
				GCC_WARN_UNUSED_VARIABLE = YES;
				IPHONEOS_DEPLOYMENT_TARGET = 9.3;
				MTL_ENABLE_DEBUG_INFO = NO;
				SDKROOT = iphoneos;
				SWIFT_OPTIMIZATION_LEVEL = "-Owholemodule";
				TARGETED_DEVICE_FAMILY = "1,2";
				VALIDATE_PRODUCT = YES;
			};
			name = Release;
		};
		EF4BD3B21D9D08DE0042BEC7 /* Debug */ = {
			isa = XCBuildConfiguration;
			baseConfigurationReference = 90CF95CA02DCD8E741C5686D /* Pods-MonitorizareVot.debug.xcconfig */;
			buildSettings = {
				ASSETCATALOG_COMPILER_APPICON_NAME = AppIcon;
				CLANG_ENABLE_MODULES = YES;
				CODE_SIGN_ENTITLEMENTS = MonitorizareVot/MonitorizareVot.entitlements;
				"CODE_SIGN_IDENTITY[sdk=iphoneos*]" = "iPhone Developer";
				CURRENT_PROJECT_VERSION = 11;
				INFOPLIST_FILE = "MonitorizareVot/Supporting FIles/Info.plist";
				IPHONEOS_DEPLOYMENT_TARGET = 9.3;
				LD_RUNPATH_SEARCH_PATHS = "$(inherited) @executable_path/Frameworks";
				MARKETING_VERSION = 2.2;
				PRODUCT_NAME = "$(TARGET_NAME)";
				SWIFT_OBJC_BRIDGING_HEADER = "";
				SWIFT_OPTIMIZATION_LEVEL = "-Onone";
				SWIFT_VERSION = 5.0;
			};
			name = Debug;
		};
		EF4BD3B31D9D08DE0042BEC7 /* Release */ = {
			isa = XCBuildConfiguration;
			baseConfigurationReference = 6141F9F392CCD91B6DE2B780 /* Pods-MonitorizareVot.release.xcconfig */;
			buildSettings = {
				ASSETCATALOG_COMPILER_APPICON_NAME = AppIcon;
				CLANG_ENABLE_MODULES = YES;
				CODE_SIGN_ENTITLEMENTS = MonitorizareVot/MonitorizareVot.entitlements;
				"CODE_SIGN_IDENTITY[sdk=iphoneos*]" = "iPhone Developer";
				CURRENT_PROJECT_VERSION = 11;
				INFOPLIST_FILE = "MonitorizareVot/Supporting FIles/Info.plist";
				IPHONEOS_DEPLOYMENT_TARGET = 9.3;
				LD_RUNPATH_SEARCH_PATHS = "$(inherited) @executable_path/Frameworks";
				MARKETING_VERSION = 2.2;
				PRODUCT_NAME = "$(TARGET_NAME)";
				SWIFT_OBJC_BRIDGING_HEADER = "";
				SWIFT_VERSION = 5.0;
			};
			name = Release;
		};
		EF4BD3B51D9D08DE0042BEC7 /* Debug */ = {
			isa = XCBuildConfiguration;
			baseConfigurationReference = 626B7494E0E905A8AEF30B00 /* Pods-MonitorizareVotTests.debug.xcconfig */;
			buildSettings = {
				BUNDLE_LOADER = "$(TEST_HOST)";
				CLANG_ENABLE_MODULES = YES;
				INFOPLIST_FILE = MonitorizareVotTests/Info.plist;
				LD_RUNPATH_SEARCH_PATHS = "$(inherited) @executable_path/Frameworks @loader_path/Frameworks";
				PRODUCT_BUNDLE_IDENTIFIER = code4ro.MonitorizareVotTests;
				PRODUCT_NAME = "$(TARGET_NAME)";
				SWIFT_OBJC_BRIDGING_HEADER = "MonitorizareVotTests/MonitorizareVotTests-Bridging-Header.h";
				SWIFT_OPTIMIZATION_LEVEL = "-Onone";
				SWIFT_VERSION = 5.0;
				TEST_HOST = "$(BUILT_PRODUCTS_DIR)/MonitorizareVot.app/MonitorizareVot";
			};
			name = Debug;
		};
		EF4BD3B61D9D08DE0042BEC7 /* Release */ = {
			isa = XCBuildConfiguration;
			baseConfigurationReference = 2C95EF7A92703E67898E5413 /* Pods-MonitorizareVotTests.release.xcconfig */;
			buildSettings = {
				BUNDLE_LOADER = "$(TEST_HOST)";
				CLANG_ENABLE_MODULES = YES;
				INFOPLIST_FILE = MonitorizareVotTests/Info.plist;
				LD_RUNPATH_SEARCH_PATHS = "$(inherited) @executable_path/Frameworks @loader_path/Frameworks";
				PRODUCT_BUNDLE_IDENTIFIER = code4ro.MonitorizareVotTests;
				PRODUCT_NAME = "$(TARGET_NAME)";
				SWIFT_OBJC_BRIDGING_HEADER = "MonitorizareVotTests/MonitorizareVotTests-Bridging-Header.h";
				SWIFT_VERSION = 5.0;
				TEST_HOST = "$(BUILT_PRODUCTS_DIR)/MonitorizareVot.app/MonitorizareVot";
			};
			name = Release;
		};
		EF4BD3B81D9D08DE0042BEC7 /* Debug */ = {
			isa = XCBuildConfiguration;
			baseConfigurationReference = 7F4B4D98801626552C357D41 /* Pods-MonitorizareVotUITests.debug.xcconfig */;
			buildSettings = {
				DEVELOPMENT_TEAM = P2EQL76LN6;
				INFOPLIST_FILE = MonitorizareVotUITests/Info.plist;
				LD_RUNPATH_SEARCH_PATHS = "$(inherited) @executable_path/Frameworks @loader_path/Frameworks";
				PRODUCT_BUNDLE_IDENTIFIER = code4ro.MonitorizareVotUITests;
				PRODUCT_NAME = "$(TARGET_NAME)";
				SWIFT_VERSION = 5.0;
				TEST_TARGET_NAME = MonitorizareVot;
			};
			name = Debug;
		};
		EF4BD3B91D9D08DE0042BEC7 /* Release */ = {
			isa = XCBuildConfiguration;
			baseConfigurationReference = F0644FE9EC6A7ABF8A6EE0DC /* Pods-MonitorizareVotUITests.release.xcconfig */;
			buildSettings = {
				DEVELOPMENT_TEAM = P2EQL76LN6;
				INFOPLIST_FILE = MonitorizareVotUITests/Info.plist;
				LD_RUNPATH_SEARCH_PATHS = "$(inherited) @executable_path/Frameworks @loader_path/Frameworks";
				PRODUCT_BUNDLE_IDENTIFIER = code4ro.MonitorizareVotUITests;
				PRODUCT_NAME = "$(TARGET_NAME)";
				SWIFT_VERSION = 5.0;
				TEST_TARGET_NAME = MonitorizareVot;
			};
			name = Release;
		};
/* End XCBuildConfiguration section */

/* Begin XCConfigurationList section */
		EF4BD37C1D9D08DE0042BEC7 /* Build configuration list for PBXProject "MonitorizareVot" */ = {
			isa = XCConfigurationList;
			buildConfigurations = (
				EF4BD3AF1D9D08DE0042BEC7 /* Debug */,
				EF4BD3B01D9D08DE0042BEC7 /* Release */,
			);
			defaultConfigurationIsVisible = 0;
			defaultConfigurationName = Release;
		};
		EF4BD3B11D9D08DE0042BEC7 /* Build configuration list for PBXNativeTarget "MonitorizareVot" */ = {
			isa = XCConfigurationList;
			buildConfigurations = (
				EF4BD3B21D9D08DE0042BEC7 /* Debug */,
				EF4BD3B31D9D08DE0042BEC7 /* Release */,
			);
			defaultConfigurationIsVisible = 0;
			defaultConfigurationName = Release;
		};
		EF4BD3B41D9D08DE0042BEC7 /* Build configuration list for PBXNativeTarget "MonitorizareVotTests" */ = {
			isa = XCConfigurationList;
			buildConfigurations = (
				EF4BD3B51D9D08DE0042BEC7 /* Debug */,
				EF4BD3B61D9D08DE0042BEC7 /* Release */,
			);
			defaultConfigurationIsVisible = 0;
			defaultConfigurationName = Release;
		};
		EF4BD3B71D9D08DE0042BEC7 /* Build configuration list for PBXNativeTarget "MonitorizareVotUITests" */ = {
			isa = XCConfigurationList;
			buildConfigurations = (
				EF4BD3B81D9D08DE0042BEC7 /* Debug */,
				EF4BD3B91D9D08DE0042BEC7 /* Release */,
			);
			defaultConfigurationIsVisible = 0;
			defaultConfigurationName = Release;
		};
/* End XCConfigurationList section */

/* Begin XCVersionGroup section */
		EF4BD3901D9D08DE0042BEC7 /* s.xcdatamodeld */ = {
			isa = XCVersionGroup;
			children = (
				EF4BD3911D9D08DE0042BEC7 /* s.xcdatamodel */,
			);
			currentVersion = EF4BD3911D9D08DE0042BEC7 /* s.xcdatamodel */;
			path = s.xcdatamodeld;
			sourceTree = "<group>";
			versionGroupType = wrapper.xcdatamodel;
		};
/* End XCVersionGroup section */
	};
	rootObject = EF4BD3791D9D08DE0042BEC7 /* Project object */;
}
